{
  "version": 4,
  "terraform_version": "1.1.7",
  "serial": 177,
  "lineage": "bf1529af-b788-d020-f5f0-2a62fd6a5039",
  "outputs": {
    "aws-ec2-instance_server": {
      "value": [
        "AWS-GitLab-1    ansible_ssh_host=54.210.177.151  server_host_name=gitlab1.dev.sgss.nrl.network",
        "AWS-GitLab-2    ansible_ssh_host=54.242.70.236  server_host_name=gitlab2.dev.sgss.nrl.network"
      ],
      "type": [
        "tuple",
        [
          "string",
          "string"
        ]
      ]
    },
    "aws-gitlab-private-ip": {
      "value": [
        "172.31.5.93",
        "172.31.26.255"
      ],
      "type": [
        "tuple",
        [
          "string",
          "string"
        ]
      ]
    },
    "aws-gitlab-public-ip": {
      "value": [
        "54.210.177.151",
        "54.242.70.236"
      ],
      "type": [
        "tuple",
        [
          "string",
          "string"
        ]
      ]
    },
    "aws-private-key-file": {
      "value": "~/.ssh/sgss_alx_key_pair_default.pem",
      "type": "string"
    }
  },
  "resources": [
    {
      "mode": "data",
      "type": "aws_ami",
      "name": "Amazon_Linux2",
      "provider": "provider[\"registry.terraform.io/hashicorp/aws\"]",
      "instances": [
        {
          "schema_version": 0,
          "attributes": {
            "architecture": "x86_64",
            "arn": "arn:aws:ec2:us-east-1::image/ami-07959acd277df99e7",
            "block_device_mappings": [
              {
                "device_name": "/dev/xvda",
                "ebs": {
                  "delete_on_termination": "true",
                  "encrypted": "false",
                  "iops": "0",
                  "snapshot_id": "snap-05f6d2a16262e4254",
                  "throughput": "0",
                  "volume_size": "8",
                  "volume_type": "gp2"
                },
                "no_device": "",
                "virtual_name": ""
              }
            ],
            "creation_date": "2022-03-16T01:22:52.000Z",
            "description": "Amazon Linux AMI 2018.03.0.20220315.0 x86_64 HVM gp2",
            "ena_support": true,
            "executable_users": null,
            "filter": [
              {
                "name": "architecture",
                "values": [
                  "x86_64"
                ]
              },
              {
                "name": "owner-alias",
                "values": [
                  "amazon"
                ]
              }
            ],
            "hypervisor": "xen",
            "id": "ami-07959acd277df99e7",
            "image_id": "ami-07959acd277df99e7",
            "image_location": "amazon/amzn-ami-hvm-2018.03.0.20220315.0-x86_64-gp2",
            "image_owner_alias": "amazon",
            "image_type": "machine",
            "kernel_id": null,
            "most_recent": true,
            "name": "amzn-ami-hvm-2018.03.0.20220315.0-x86_64-gp2",
            "name_regex": "^amzn-ami-hvm*",
            "owner_id": "137112412989",
            "owners": [
              "137112412989"
            ],
            "platform": null,
            "platform_details": "Linux/UNIX",
            "product_codes": [],
            "public": true,
            "ramdisk_id": null,
            "root_device_name": "/dev/xvda",
            "root_device_type": "ebs",
            "root_snapshot_id": "snap-05f6d2a16262e4254",
            "sriov_net_support": "simple",
            "state": "available",
            "state_reason": {
              "code": "UNSET",
              "message": "UNSET"
            },
            "tags": {},
            "usage_operation": "RunInstances",
            "virtualization_type": "hvm"
          },
          "sensitive_attributes": []
        }
      ]
    },
    {
      "mode": "data",
      "type": "aws_availability_zones",
      "name": "available",
      "provider": "provider[\"registry.terraform.io/hashicorp/aws\"]",
      "instances": [
        {
          "schema_version": 0,
          "attributes": {
            "all_availability_zones": null,
            "exclude_names": null,
            "exclude_zone_ids": null,
            "filter": null,
            "group_names": [
              "us-east-1"
            ],
            "id": "us-east-1",
            "names": [
              "us-east-1a",
              "us-east-1b",
              "us-east-1c",
              "us-east-1d",
              "us-east-1e",
              "us-east-1f"
            ],
            "state": "available",
            "zone_ids": [
              "use1-az4",
              "use1-az6",
              "use1-az1",
              "use1-az2",
              "use1-az3",
              "use1-az5"
            ]
          },
          "sensitive_attributes": []
        }
      ]
    },
    {
      "mode": "data",
      "type": "template_file",
      "name": "aws_ec2_hostname",
      "provider": "provider[\"registry.terraform.io/hashicorp/template\"]",
      "instances": [
        {
          "index_key": 0,
          "schema_version": 0,
          "attributes": {
            "filename": null,
            "id": "7af12d227261bb34d93c87deb93894cc38e1fc3ec962116a19fa89957d7883bd",
            "rendered": "gitlab1.dev.sgss.nrl.network",
            "template": "gitlab1.dev.sgss.nrl.network",
            "vars": null
          },
          "sensitive_attributes": []
        },
        {
          "index_key": 1,
          "schema_version": 0,
          "attributes": {
            "filename": null,
            "id": "7c4f803dfd0366c607c4660a9c777ab56deea9fd4ab420e5d2ecfa86124bfbf0",
            "rendered": "gitlab2.dev.sgss.nrl.network",
            "template": "gitlab2.dev.sgss.nrl.network",
            "vars": null
          },
          "sensitive_attributes": []
        }
      ]
    },
    {
      "mode": "data",
      "type": "template_file",
      "name": "aws_ec2_names",
      "provider": "provider[\"registry.terraform.io/hashicorp/template\"]",
      "instances": [
        {
          "index_key": 0,
          "schema_version": 0,
          "attributes": {
            "filename": null,
            "id": "39987bd790462bc5846b5c5a31fff755f1665880b725fb8827a2edf272c4158b",
            "rendered": "AWS-GitLab-1",
            "template": "AWS-GitLab-1",
            "vars": null
          },
          "sensitive_attributes": []
        },
        {
          "index_key": 1,
          "schema_version": 0,
          "attributes": {
            "filename": null,
            "id": "8e77da548172658b3e9833cdd5fa769b3dcdaf09b0db34ad558fa8ce30a6c0d5",
            "rendered": "AWS-GitLab-2",
            "template": "AWS-GitLab-2",
            "vars": null
          },
          "sensitive_attributes": []
        }
      ]
    },
    {
      "mode": "data",
      "type": "template_file",
      "name": "aws_ec2_servers",
      "provider": "provider[\"registry.terraform.io/hashicorp/template\"]",
      "instances": [
        {
          "index_key": 0,
          "schema_version": 0,
          "attributes": {
            "filename": null,
            "id": "ca36f45481f6a58caa5893ccc01d3dc878f9b61d8238f02ac7705caa37a221de",
            "rendered": "AWS-GitLab-1    ansible_ssh_host=54.210.177.151  server_host_name=gitlab1.dev.sgss.nrl.network",
            "template": "AWS-GitLab-1    ansible_ssh_host=54.210.177.151  server_host_name=gitlab1.dev.sgss.nrl.network",
            "vars": null
          },
          "sensitive_attributes": []
        },
        {
          "index_key": 1,
          "schema_version": 0,
          "attributes": {
            "filename": null,
            "id": "9c418b071247c5caf4f398b85ea4b6b74a962fbde898287b6757d104bd5ad7b9",
            "rendered": "AWS-GitLab-2    ansible_ssh_host=54.242.70.236  server_host_name=gitlab2.dev.sgss.nrl.network",
            "template": "AWS-GitLab-2    ansible_ssh_host=54.242.70.236  server_host_name=gitlab2.dev.sgss.nrl.network",
            "vars": null
          },
          "sensitive_attributes": []
        }
      ]
    },
    {
      "mode": "managed",
      "type": "aws_instance",
      "name": "privatehost",
      "provider": "provider[\"registry.terraform.io/hashicorp/aws\"]",
      "instances": [
        {
          "index_key": 0,
          "schema_version": 1,
          "attributes": {
            "ami": "ami-07959acd277df99e7",
            "arn": "arn:aws:ec2:us-east-1:690049365056:instance/i-0cfe09078594e5fb4",
            "associate_public_ip_address": false,
            "availability_zone": "us-east-1a",
            "capacity_reservation_specification": [
              {
                "capacity_reservation_preference": "open",
                "capacity_reservation_target": []
              }
            ],
            "cpu_core_count": 1,
            "cpu_threads_per_core": 2,
            "credit_specification": [
              {
                "cpu_credits": "unlimited"
              }
            ],
            "disable_api_termination": false,
            "ebs_block_device": [],
            "ebs_optimized": false,
            "enclave_options": [
              {
                "enabled": false
              }
            ],
            "ephemeral_block_device": [],
            "get_password_data": false,
            "hibernation": false,
            "host_id": null,
            "iam_instance_profile": "",
            "id": "i-0cfe09078594e5fb4",
            "instance_initiated_shutdown_behavior": "stop",
            "instance_state": "running",
            "instance_type": "t3.medium",
            "ipv6_address_count": 0,
            "ipv6_addresses": [],
            "key_name": "sgss_alx_key_pair_default",
            "launch_template": [],
            "metadata_options": [
              {
                "http_endpoint": "enabled",
                "http_put_response_hop_limit": 1,
                "http_tokens": "optional",
                "instance_metadata_tags": "disabled"
              }
            ],
            "monitoring": false,
            "network_interface": [
              {
                "delete_on_termination": false,
                "device_index": 0,
                "network_interface_id": "eni-0631ecd95040a8fbd"
              }
            ],
            "outpost_arn": "",
            "password_data": "",
            "placement_group": "",
            "placement_partition_number": null,
            "primary_network_interface_id": "eni-0631ecd95040a8fbd",
            "private_dns": "ip-172-31-36-75.ec2.internal",
            "private_ip": "172.31.36.75",
            "public_dns": "",
            "public_ip": "",
            "root_block_device": [
              {
                "delete_on_termination": true,
                "device_name": "/dev/xvda",
                "encrypted": false,
                "iops": 100,
                "kms_key_id": "",
                "tags": {},
                "throughput": 0,
                "volume_id": "vol-0668ca943ac302bfe",
                "volume_size": 8,
                "volume_type": "gp2"
              }
            ],
            "secondary_private_ips": [],
            "security_groups": [],
            "source_dest_check": true,
            "subnet_id": "subnet-0551ee4a4c27e3385",
            "tags": {
              "HostName": "privatehost1.dev.sgss.nrl.network",
              "Name": "PrivateHost-1",
              "Project": "RDT_CDO_AWS_Gitlab"
            },
            "tags_all": {
              "HostName": "privatehost1.dev.sgss.nrl.network",
              "Name": "PrivateHost-1",
              "Project": "RDT_CDO_AWS_Gitlab"
            },
            "tenancy": "default",
            "timeouts": null,
            "user_data": null,
            "user_data_base64": null,
            "volume_tags": null,
            "vpc_security_group_ids": [
              "sg-038858551af96949f"
            ]
          },
          "sensitive_attributes": [],
          "private": "eyJlMmJmYjczMC1lY2FhLTExZTYtOGY4OC0zNDM2M2JjN2M0YzAiOnsiY3JlYXRlIjo2MDAwMDAwMDAwMDAsImRlbGV0ZSI6MTIwMDAwMDAwMDAwMCwidXBkYXRlIjo2MDAwMDAwMDAwMDB9LCJzY2hlbWFfdmVyc2lvbiI6IjEifQ==",
          "dependencies": [
            "aws_key_pair.generated_key",
            "aws_network_interface.private",
            "aws_security_group.open_ssh",
            "data.aws_ami.Amazon_Linux2",
            "data.aws_availability_zones.available",
            "module.networking.aws_subnet.private_subnet",
            "module.networking.aws_vpc.vpc",
            "tls_private_key.ssh"
          ]
        },
        {
          "index_key": 1,
          "schema_version": 1,
          "attributes": {
            "ami": "ami-07959acd277df99e7",
            "arn": "arn:aws:ec2:us-east-1:690049365056:instance/i-02d68969f384f834a",
            "associate_public_ip_address": false,
            "availability_zone": "us-east-1b",
            "capacity_reservation_specification": [
              {
                "capacity_reservation_preference": "open",
                "capacity_reservation_target": []
              }
            ],
            "cpu_core_count": 1,
            "cpu_threads_per_core": 2,
            "credit_specification": [
              {
                "cpu_credits": "unlimited"
              }
            ],
            "disable_api_termination": false,
            "ebs_block_device": [],
            "ebs_optimized": false,
            "enclave_options": [
              {
                "enabled": false
              }
            ],
            "ephemeral_block_device": [],
            "get_password_data": false,
            "hibernation": false,
            "host_id": null,
            "iam_instance_profile": "",
            "id": "i-02d68969f384f834a",
            "instance_initiated_shutdown_behavior": "stop",
            "instance_state": "running",
            "instance_type": "t3.medium",
            "ipv6_address_count": 0,
            "ipv6_addresses": [],
            "key_name": "sgss_alx_key_pair_default",
            "launch_template": [],
            "metadata_options": [
              {
                "http_endpoint": "enabled",
                "http_put_response_hop_limit": 1,
                "http_tokens": "optional",
                "instance_metadata_tags": "disabled"
              }
            ],
            "monitoring": false,
            "network_interface": [
              {
                "delete_on_termination": false,
                "device_index": 0,
                "network_interface_id": "eni-059a815b91f1b56c7"
              }
            ],
            "outpost_arn": "",
            "password_data": "",
            "placement_group": "",
            "placement_partition_number": null,
            "primary_network_interface_id": "eni-059a815b91f1b56c7",
            "private_dns": "ip-172-31-48-165.ec2.internal",
            "private_ip": "172.31.48.165",
            "public_dns": "",
            "public_ip": "",
            "root_block_device": [
              {
                "delete_on_termination": true,
                "device_name": "/dev/xvda",
                "encrypted": false,
                "iops": 100,
                "kms_key_id": "",
                "tags": {},
                "throughput": 0,
                "volume_id": "vol-0cb47972833d2ca1d",
                "volume_size": 8,
                "volume_type": "gp2"
              }
            ],
            "secondary_private_ips": [],
            "security_groups": [],
            "source_dest_check": true,
            "subnet_id": "subnet-093e4cdf9ac99ee3a",
            "tags": {
              "HostName": "privatehost1.dev.sgss.nrl.network",
              "Name": "PrivateHost-2",
              "Project": "RDT_CDO_AWS_Gitlab"
            },
            "tags_all": {
              "HostName": "privatehost1.dev.sgss.nrl.network",
              "Name": "PrivateHost-2",
              "Project": "RDT_CDO_AWS_Gitlab"
            },
            "tenancy": "default",
            "timeouts": null,
            "user_data": null,
            "user_data_base64": null,
            "volume_tags": null,
            "vpc_security_group_ids": [
              "sg-038858551af96949f"
            ]
          },
          "sensitive_attributes": [],
          "private": "eyJlMmJmYjczMC1lY2FhLTExZTYtOGY4OC0zNDM2M2JjN2M0YzAiOnsiY3JlYXRlIjo2MDAwMDAwMDAwMDAsImRlbGV0ZSI6MTIwMDAwMDAwMDAwMCwidXBkYXRlIjo2MDAwMDAwMDAwMDB9LCJzY2hlbWFfdmVyc2lvbiI6IjEifQ==",
          "dependencies": [
            "aws_key_pair.generated_key",
            "aws_network_interface.private",
            "aws_security_group.open_ssh",
            "data.aws_ami.Amazon_Linux2",
            "data.aws_availability_zones.available",
            "module.networking.aws_subnet.private_subnet",
            "module.networking.aws_vpc.vpc",
            "tls_private_key.ssh"
          ]
        }
      ]
    },
    {
      "mode": "managed",
      "type": "aws_instance",
      "name": "publichost",
      "provider": "provider[\"registry.terraform.io/hashicorp/aws\"]",
      "instances": [
        {
          "index_key": 0,
          "schema_version": 1,
          "attributes": {
            "ami": "ami-07959acd277df99e7",
            "arn": "arn:aws:ec2:us-east-1:690049365056:instance/i-0548a6eb7b89c8524",
            "associate_public_ip_address": true,
            "availability_zone": "us-east-1a",
            "capacity_reservation_specification": [
              {
                "capacity_reservation_preference": "open",
                "capacity_reservation_target": []
              }
            ],
            "cpu_core_count": 1,
            "cpu_threads_per_core": 2,
            "credit_specification": [
              {
                "cpu_credits": "unlimited"
              }
            ],
            "disable_api_termination": false,
            "ebs_block_device": [],
            "ebs_optimized": false,
            "enclave_options": [
              {
                "enabled": false
              }
            ],
            "ephemeral_block_device": [],
            "get_password_data": false,
            "hibernation": false,
            "host_id": null,
            "iam_instance_profile": "",
            "id": "i-0548a6eb7b89c8524",
            "instance_initiated_shutdown_behavior": "stop",
            "instance_state": "running",
            "instance_type": "t3.medium",
            "ipv6_address_count": 0,
            "ipv6_addresses": [],
            "key_name": "sgss_alx_key_pair_default",
            "launch_template": [],
            "metadata_options": [
              {
                "http_endpoint": "enabled",
                "http_put_response_hop_limit": 1,
                "http_tokens": "optional",
                "instance_metadata_tags": "disabled"
              }
            ],
            "monitoring": false,
            "network_interface": [
              {
                "delete_on_termination": false,
                "device_index": 0,
                "network_interface_id": "eni-0c85b5e585309ea01"
              }
            ],
            "outpost_arn": "",
            "password_data": "",
            "placement_group": "",
            "placement_partition_number": null,
            "primary_network_interface_id": "eni-0c85b5e585309ea01",
            "private_dns": "ip-172-31-5-93.ec2.internal",
            "private_ip": "172.31.5.93",
            "public_dns": "",
            "public_ip": "54.210.177.151",
            "root_block_device": [
              {
                "delete_on_termination": true,
                "device_name": "/dev/xvda",
                "encrypted": false,
                "iops": 100,
                "kms_key_id": "",
                "tags": {},
                "throughput": 0,
                "volume_id": "vol-09dc21348d9c91a9b",
                "volume_size": 8,
                "volume_type": "gp2"
              }
            ],
            "secondary_private_ips": [],
            "security_groups": [],
            "source_dest_check": true,
            "subnet_id": "subnet-06cf45baa50f8f1d7",
            "tags": {
              "HostName": "gitlab1.dev.sgss.nrl.network",
              "Name": "AWS-GitLab-1",
              "Project": "RDT_CDO_AWS_Gitlab"
            },
            "tags_all": {
              "HostName": "gitlab1.dev.sgss.nrl.network",
              "Name": "AWS-GitLab-1",
              "Project": "RDT_CDO_AWS_Gitlab"
            },
            "tenancy": "default",
            "timeouts": null,
            "user_data": null,
            "user_data_base64": null,
            "volume_tags": null,
            "vpc_security_group_ids": [
              "sg-00cc9da4bd1fd590e",
              "sg-0e4c3e3b81e473eb9"
            ]
          },
          "sensitive_attributes": [],
          "private": "eyJlMmJmYjczMC1lY2FhLTExZTYtOGY4OC0zNDM2M2JjN2M0YzAiOnsiY3JlYXRlIjo2MDAwMDAwMDAwMDAsImRlbGV0ZSI6MTIwMDAwMDAwMDAwMCwidXBkYXRlIjo2MDAwMDAwMDAwMDB9LCJzY2hlbWFfdmVyc2lvbiI6IjEifQ==",
          "dependencies": [
            "aws_key_pair.generated_key",
            "aws_network_interface.public",
            "aws_security_group.RemoteAccess",
            "aws_security_group.remote_ssh",
            "data.aws_ami.Amazon_Linux2",
            "data.aws_availability_zones.available",
            "module.networking.aws_subnet.public_subnet",
            "module.networking.aws_vpc.vpc",
            "tls_private_key.ssh"
          ]
        },
        {
          "index_key": 1,
          "schema_version": 1,
          "attributes": {
            "ami": "ami-07959acd277df99e7",
            "arn": "arn:aws:ec2:us-east-1:690049365056:instance/i-08846031fd13d87ca",
            "associate_public_ip_address": true,
            "availability_zone": "us-east-1b",
            "capacity_reservation_specification": [
              {
                "capacity_reservation_preference": "open",
                "capacity_reservation_target": []
              }
            ],
            "cpu_core_count": 1,
            "cpu_threads_per_core": 2,
            "credit_specification": [
              {
                "cpu_credits": "unlimited"
              }
            ],
            "disable_api_termination": false,
            "ebs_block_device": [],
            "ebs_optimized": false,
            "enclave_options": [
              {
                "enabled": false
              }
            ],
            "ephemeral_block_device": [],
            "get_password_data": false,
            "hibernation": false,
            "host_id": null,
            "iam_instance_profile": "",
            "id": "i-08846031fd13d87ca",
            "instance_initiated_shutdown_behavior": "stop",
            "instance_state": "running",
            "instance_type": "t3.medium",
            "ipv6_address_count": 0,
            "ipv6_addresses": [],
            "key_name": "sgss_alx_key_pair_default",
            "launch_template": [],
            "metadata_options": [
              {
                "http_endpoint": "enabled",
                "http_put_response_hop_limit": 1,
                "http_tokens": "optional",
                "instance_metadata_tags": "disabled"
              }
            ],
            "monitoring": false,
            "network_interface": [
              {
                "delete_on_termination": false,
                "device_index": 0,
                "network_interface_id": "eni-0833f963673357c18"
              }
            ],
            "outpost_arn": "",
            "password_data": "",
            "placement_group": "",
            "placement_partition_number": null,
            "primary_network_interface_id": "eni-0833f963673357c18",
            "private_dns": "ip-172-31-26-255.ec2.internal",
            "private_ip": "172.31.26.255",
            "public_dns": "",
            "public_ip": "54.242.70.236",
            "root_block_device": [
              {
                "delete_on_termination": true,
                "device_name": "/dev/xvda",
                "encrypted": false,
                "iops": 100,
                "kms_key_id": "",
                "tags": {},
                "throughput": 0,
                "volume_id": "vol-03df450c38fbbf2a4",
                "volume_size": 8,
                "volume_type": "gp2"
              }
            ],
            "secondary_private_ips": [],
            "security_groups": [],
            "source_dest_check": true,
            "subnet_id": "subnet-0c8c8f334975c1243",
            "tags": {
              "HostName": "gitlab2.dev.sgss.nrl.network",
              "Name": "AWS-GitLab-2",
              "Project": "RDT_CDO_AWS_Gitlab"
            },
            "tags_all": {
              "HostName": "gitlab2.dev.sgss.nrl.network",
              "Name": "AWS-GitLab-2",
              "Project": "RDT_CDO_AWS_Gitlab"
            },
            "tenancy": "default",
            "timeouts": null,
            "user_data": null,
            "user_data_base64": null,
            "volume_tags": null,
            "vpc_security_group_ids": [
              "sg-00cc9da4bd1fd590e",
              "sg-0e4c3e3b81e473eb9"
            ]
          },
          "sensitive_attributes": [],
          "private": "eyJlMmJmYjczMC1lY2FhLTExZTYtOGY4OC0zNDM2M2JjN2M0YzAiOnsiY3JlYXRlIjo2MDAwMDAwMDAwMDAsImRlbGV0ZSI6MTIwMDAwMDAwMDAwMCwidXBkYXRlIjo2MDAwMDAwMDAwMDB9LCJzY2hlbWFfdmVyc2lvbiI6IjEifQ==",
          "dependencies": [
            "aws_key_pair.generated_key",
            "aws_network_interface.public",
            "aws_security_group.RemoteAccess",
            "aws_security_group.remote_ssh",
            "data.aws_ami.Amazon_Linux2",
            "data.aws_availability_zones.available",
            "module.networking.aws_subnet.public_subnet",
            "module.networking.aws_vpc.vpc",
            "tls_private_key.ssh"
          ]
        }
      ]
    },
    {
      "mode": "managed",
      "type": "aws_key_pair",
      "name": "generated_key",
      "provider": "provider[\"registry.terraform.io/hashicorp/aws\"]",
      "instances": [
        {
          "schema_version": 1,
          "attributes": {
            "arn": "arn:aws:ec2:us-east-1:690049365056:key-pair/sgss_alx_key_pair_default",
            "fingerprint": "e0:71:31:e7:c0:4b:38:ab:ad:a4:30:ef:9f:ac:0e:07",
            "id": "sgss_alx_key_pair_default",
            "key_name": "sgss_alx_key_pair_default",
            "key_name_prefix": "",
            "key_pair_id": "key-09f47703c645f1e91",
            "public_key": "ssh-rsa AAAAB3NzaC1yc2EAAAADAQABAAABAQDWVhr6gAesbv9oYdTIWTnU/1Md42agMSN9CnrtVMCNnJi/9D/yh2/Pr0UZxksAZUWz25tr58UQD2welhPOYAveQGclGsmNhgzQpsWSADlZ/B+BGVZ4aSCTd/KR7wT+bWzu5U1RwMpQIFGPPgQZPeqhPRyKI9tSoI9F3uCKWkC3GSVEWeZz/ilaWRt/YYOicbXpo2++KOO0XhXwwxbEXlesCNQuFqYLj+G4ZEj7gr5xMgWcB/GDdnOKdpmoiqC1GKF6vW3avq4pk0ivix6Pu2MxbU6FSFYPLaOqg1dgRdt1AjYhAdJNcaWmtHe+bQ6HDLTDCZurR2t2dFIiJaDWleMP",
            "tags": {},
            "tags_all": {}
          },
          "sensitive_attributes": [],
          "private": "eyJzY2hlbWFfdmVyc2lvbiI6IjEifQ==",
          "dependencies": [
            "tls_private_key.ssh"
          ]
        }
      ]
    },
    {
      "mode": "managed",
      "type": "aws_network_interface",
      "name": "private",
      "provider": "provider[\"registry.terraform.io/hashicorp/aws\"]",
      "instances": [
        {
          "index_key": 0,
          "schema_version": 0,
          "attributes": {
            "arn": "arn:aws:ec2:us-east-1:690049365056:network-interface/eni-0631ecd95040a8fbd",
            "attachment": [
              {
                "attachment_id": "eni-attach-00cabe539d8b02fac",
                "device_index": 0,
                "instance": "i-0cfe09078594e5fb4"
              }
            ],
            "description": "",
            "id": "eni-0631ecd95040a8fbd",
            "interface_type": "interface",
            "ipv4_prefix_count": 0,
            "ipv4_prefixes": [],
            "ipv6_address_count": 0,
            "ipv6_address_list": [],
            "ipv6_address_list_enabled": false,
            "ipv6_addresses": [],
            "ipv6_prefix_count": 0,
            "ipv6_prefixes": [],
            "mac_address": "0a:37:50:09:f2:af",
            "outpost_arn": "",
            "owner_id": "690049365056",
            "private_dns_name": "",
            "private_ip": "172.31.36.75",
            "private_ip_list": [
              "172.31.36.75"
            ],
            "private_ip_list_enabled": false,
            "private_ips": [
              "172.31.36.75"
            ],
            "private_ips_count": 0,
            "security_groups": [
              "sg-038858551af96949f"
            ],
            "source_dest_check": true,
            "subnet_id": "subnet-0551ee4a4c27e3385",
            "tags": {
              "Name": "Private NetWork Interface 1",
              "Project": "RDT_CDO_AWS_Gitlab",
              "Terraform": "true"
            },
            "tags_all": {
              "Name": "Private NetWork Interface 1",
              "Project": "RDT_CDO_AWS_Gitlab",
              "Terraform": "true"
            }
          },
          "sensitive_attributes": [],
          "private": "bnVsbA==",
          "dependencies": [
            "aws_security_group.open_ssh",
            "data.aws_availability_zones.available",
            "module.networking.aws_subnet.private_subnet",
            "module.networking.aws_vpc.vpc"
          ]
        },
        {
          "index_key": 1,
          "schema_version": 0,
          "attributes": {
            "arn": "arn:aws:ec2:us-east-1:690049365056:network-interface/eni-059a815b91f1b56c7",
            "attachment": [
              {
                "attachment_id": "eni-attach-053c78a16883d0409",
                "device_index": 0,
                "instance": "i-02d68969f384f834a"
              }
            ],
            "description": "",
            "id": "eni-059a815b91f1b56c7",
            "interface_type": "interface",
            "ipv4_prefix_count": 0,
            "ipv4_prefixes": [],
            "ipv6_address_count": 0,
            "ipv6_address_list": [],
            "ipv6_address_list_enabled": false,
            "ipv6_addresses": [],
            "ipv6_prefix_count": 0,
            "ipv6_prefixes": [],
            "mac_address": "0e:d2:13:8f:d6:49",
            "outpost_arn": "",
            "owner_id": "690049365056",
            "private_dns_name": "",
            "private_ip": "172.31.48.165",
            "private_ip_list": [
              "172.31.48.165"
            ],
            "private_ip_list_enabled": false,
            "private_ips": [
              "172.31.48.165"
            ],
            "private_ips_count": 0,
            "security_groups": [
              "sg-038858551af96949f"
            ],
            "source_dest_check": true,
            "subnet_id": "subnet-093e4cdf9ac99ee3a",
            "tags": {
              "Name": "Private NetWork Interface 2",
              "Project": "RDT_CDO_AWS_Gitlab",
              "Terraform": "true"
            },
            "tags_all": {
              "Name": "Private NetWork Interface 2",
              "Project": "RDT_CDO_AWS_Gitlab",
              "Terraform": "true"
            }
          },
          "sensitive_attributes": [],
          "private": "bnVsbA==",
          "dependencies": [
            "aws_security_group.open_ssh",
            "data.aws_availability_zones.available",
            "module.networking.aws_subnet.private_subnet",
            "module.networking.aws_vpc.vpc"
          ]
        }
      ]
    },
    {
      "mode": "managed",
      "type": "aws_network_interface",
      "name": "public",
      "provider": "provider[\"registry.terraform.io/hashicorp/aws\"]",
      "instances": [
        {
          "index_key": 0,
          "schema_version": 0,
          "attributes": {
            "arn": "arn:aws:ec2:us-east-1:690049365056:network-interface/eni-0c85b5e585309ea01",
            "attachment": [
              {
                "attachment_id": "eni-attach-0ee2e7dc60500e949",
                "device_index": 0,
                "instance": "i-0548a6eb7b89c8524"
              }
            ],
            "description": "",
            "id": "eni-0c85b5e585309ea01",
            "interface_type": "interface",
            "ipv4_prefix_count": 0,
            "ipv4_prefixes": [],
            "ipv6_address_count": 0,
            "ipv6_address_list": [],
            "ipv6_address_list_enabled": false,
            "ipv6_addresses": [],
            "ipv6_prefix_count": 0,
            "ipv6_prefixes": [],
            "mac_address": "0a:57:7d:4d:81:ad",
            "outpost_arn": "",
            "owner_id": "690049365056",
            "private_dns_name": "",
            "private_ip": "172.31.5.93",
            "private_ip_list": [
              "172.31.5.93"
            ],
            "private_ip_list_enabled": false,
            "private_ips": [
              "172.31.5.93"
            ],
            "private_ips_count": 0,
            "security_groups": [
              "sg-00cc9da4bd1fd590e",
              "sg-0e4c3e3b81e473eb9"
            ],
            "source_dest_check": true,
            "subnet_id": "subnet-06cf45baa50f8f1d7",
            "tags": {
              "Name": "Public NetWork Interface 1",
              "Project": "RDT_CDO_AWS_Gitlab",
              "Terraform": "true"
            },
            "tags_all": {
              "Name": "Public NetWork Interface 1",
              "Project": "RDT_CDO_AWS_Gitlab",
              "Terraform": "true"
            }
          },
          "sensitive_attributes": [],
          "private": "bnVsbA==",
          "dependencies": [
            "aws_security_group.RemoteAccess",
            "aws_security_group.remote_ssh",
            "data.aws_availability_zones.available",
            "module.networking.aws_subnet.public_subnet",
            "module.networking.aws_vpc.vpc"
          ]
        },
        {
          "index_key": 1,
          "schema_version": 0,
          "attributes": {
            "arn": "arn:aws:ec2:us-east-1:690049365056:network-interface/eni-0833f963673357c18",
            "attachment": [
              {
                "attachment_id": "eni-attach-02a76ba513b83c00d",
                "device_index": 0,
                "instance": "i-08846031fd13d87ca"
              }
            ],
            "description": "",
            "id": "eni-0833f963673357c18",
            "interface_type": "interface",
            "ipv4_prefix_count": 0,
            "ipv4_prefixes": [],
            "ipv6_address_count": 0,
            "ipv6_address_list": [],
            "ipv6_address_list_enabled": false,
            "ipv6_addresses": [],
            "ipv6_prefix_count": 0,
            "ipv6_prefixes": [],
            "mac_address": "0e:79:f2:64:45:9d",
            "outpost_arn": "",
            "owner_id": "690049365056",
            "private_dns_name": "",
            "private_ip": "172.31.26.255",
            "private_ip_list": [
              "172.31.26.255"
            ],
            "private_ip_list_enabled": false,
            "private_ips": [
              "172.31.26.255"
            ],
            "private_ips_count": 0,
            "security_groups": [
              "sg-00cc9da4bd1fd590e",
              "sg-0e4c3e3b81e473eb9"
            ],
            "source_dest_check": true,
            "subnet_id": "subnet-0c8c8f334975c1243",
            "tags": {
              "Name": "Public NetWork Interface 2",
              "Project": "RDT_CDO_AWS_Gitlab",
              "Terraform": "true"
            },
            "tags_all": {
              "Name": "Public NetWork Interface 2",
              "Project": "RDT_CDO_AWS_Gitlab",
              "Terraform": "true"
            }
          },
          "sensitive_attributes": [],
          "private": "bnVsbA==",
          "dependencies": [
            "aws_security_group.RemoteAccess",
            "aws_security_group.remote_ssh",
            "data.aws_availability_zones.available",
            "module.networking.aws_subnet.public_subnet",
            "module.networking.aws_vpc.vpc"
          ]
        }
      ]
    },
    {
      "mode": "managed",
      "type": "aws_security_group",
      "name": "RemoteAccess",
      "provider": "provider[\"registry.terraform.io/hashicorp/aws\"]",
      "instances": [
        {
          "schema_version": 1,
          "attributes": {
            "arn": "arn:aws:ec2:us-east-1:690049365056:security-group/sg-0e4c3e3b81e473eb9",
            "description": "Allow http web sites",
            "egress": [
              {
                "cidr_blocks": [
                  "0.0.0.0/0"
                ],
                "description": "",
                "from_port": 0,
                "ipv6_cidr_blocks": [
                  "::/0"
                ],
                "prefix_list_ids": [],
                "protocol": "-1",
                "security_groups": [],
                "self": false,
                "to_port": 0
              }
            ],
            "id": "sg-0e4c3e3b81e473eb9",
            "ingress": [
              {
                "cidr_blocks": [
                  "0.0.0.0/0"
                ],
                "description": "allow http",
                "from_port": 80,
                "ipv6_cidr_blocks": [],
                "prefix_list_ids": [],
                "protocol": "tcp",
                "security_groups": [],
                "self": false,
                "to_port": 80
              },
              {
                "cidr_blocks": [
                  "0.0.0.0/0"
                ],
                "description": "allow https",
                "from_port": 443,
                "ipv6_cidr_blocks": [],
                "prefix_list_ids": [],
                "protocol": "tcp",
                "security_groups": [],
                "self": false,
                "to_port": 443
              }
            ],
            "name": "RemoteAccess",
            "name_prefix": "",
            "owner_id": "690049365056",
            "revoke_rules_on_delete": false,
            "tags": {
              "Name": "RemoteAccess",
              "Project": "RDT_CDO_AWS_Gitlab",
              "Terraform": "true"
            },
            "tags_all": {
              "Name": "RemoteAccess",
              "Project": "RDT_CDO_AWS_Gitlab",
              "Terraform": "true"
            },
            "timeouts": null,
            "vpc_id": "vpc-0b825c8b6dec4c6df"
          },
          "sensitive_attributes": [],
          "private": "eyJlMmJmYjczMC1lY2FhLTExZTYtOGY4OC0zNDM2M2JjN2M0YzAiOnsiY3JlYXRlIjo2MDAwMDAwMDAwMDAsImRlbGV0ZSI6OTAwMDAwMDAwMDAwfSwic2NoZW1hX3ZlcnNpb24iOiIxIn0=",
          "dependencies": [
            "module.networking.aws_vpc.vpc"
          ]
        }
      ]
    },
    {
      "mode": "managed",
      "type": "aws_security_group",
      "name": "open_ssh",
      "provider": "provider[\"registry.terraform.io/hashicorp/aws\"]",
      "instances": [
        {
          "schema_version": 1,
          "attributes": {
            "arn": "arn:aws:ec2:us-east-1:690049365056:security-group/sg-038858551af96949f",
            "description": "Allow ssh from/to anywhere",
            "egress": [
              {
                "cidr_blocks": [
                  "0.0.0.0/0"
                ],
                "description": "",
                "from_port": 0,
                "ipv6_cidr_blocks": [
                  "::/0"
                ],
                "prefix_list_ids": [],
                "protocol": "-1",
                "security_groups": [],
                "self": false,
                "to_port": 0
              }
            ],
            "id": "sg-038858551af96949f",
            "ingress": [
              {
                "cidr_blocks": [
                  "0.0.0.0/0"
                ],
                "description": "allow http",
                "from_port": 22,
                "ipv6_cidr_blocks": [],
                "prefix_list_ids": [],
                "protocol": "tcp",
                "security_groups": [],
                "self": false,
                "to_port": 22
              }
            ],
            "name": "all_ssh",
            "name_prefix": "",
            "owner_id": "690049365056",
            "revoke_rules_on_delete": false,
            "tags": {
              "Name": "sg-all_ssh",
              "Project": "RDT_CDO_AWS_Gitlab",
              "Terraform": "true"
            },
            "tags_all": {
              "Name": "sg-all_ssh",
              "Project": "RDT_CDO_AWS_Gitlab",
              "Terraform": "true"
            },
            "timeouts": null,
            "vpc_id": "vpc-0b825c8b6dec4c6df"
          },
          "sensitive_attributes": [],
          "private": "eyJlMmJmYjczMC1lY2FhLTExZTYtOGY4OC0zNDM2M2JjN2M0YzAiOnsiY3JlYXRlIjo2MDAwMDAwMDAwMDAsImRlbGV0ZSI6OTAwMDAwMDAwMDAwfSwic2NoZW1hX3ZlcnNpb24iOiIxIn0=",
          "dependencies": [
            "module.networking.aws_vpc.vpc"
          ]
        }
      ]
    },
    {
      "mode": "managed",
      "type": "aws_security_group",
      "name": "remote_ssh",
      "provider": "provider[\"registry.terraform.io/hashicorp/aws\"]",
      "instances": [
        {
          "schema_version": 1,
          "attributes": {
            "arn": "arn:aws:ec2:us-east-1:690049365056:security-group/sg-00cc9da4bd1fd590e",
            "description": "Allow http web sites",
            "egress": [
              {
                "cidr_blocks": [
                  "0.0.0.0/0"
                ],
                "description": "all traffic",
                "from_port": 0,
                "ipv6_cidr_blocks": [
                  "::/0"
                ],
                "prefix_list_ids": [],
                "protocol": "-1",
                "security_groups": [],
                "self": false,
                "to_port": 0
              }
            ],
            "id": "sg-00cc9da4bd1fd590e",
            "ingress": [
              {
                "cidr_blocks": [
                  "96.255.55.4/32",
                  "70.168.178.194/32",
                  "172.58.228.37/32"
                ],
                "description": "Allow remote SSH access",
                "from_port": 22,
                "ipv6_cidr_blocks": [],
                "prefix_list_ids": [],
                "protocol": "tcp",
                "security_groups": [],
                "self": false,
                "to_port": 22
              }
            ],
            "name": "RemoteSSH",
            "name_prefix": "",
            "owner_id": "690049365056",
            "revoke_rules_on_delete": false,
            "tags": {
              "Name": "RemoteSSH",
              "Project": "RDT_CDO_AWS_Gitlab",
              "Terraform": "true"
            },
            "tags_all": {
              "Name": "RemoteSSH",
              "Project": "RDT_CDO_AWS_Gitlab",
              "Terraform": "true"
            },
            "timeouts": null,
            "vpc_id": "vpc-0b825c8b6dec4c6df"
          },
          "sensitive_attributes": [],
          "private": "eyJlMmJmYjczMC1lY2FhLTExZTYtOGY4OC0zNDM2M2JjN2M0YzAiOnsiY3JlYXRlIjo2MDAwMDAwMDAwMDAsImRlbGV0ZSI6OTAwMDAwMDAwMDAwfSwic2NoZW1hX3ZlcnNpb24iOiIxIn0=",
          "dependencies": [
            "module.networking.aws_vpc.vpc"
          ]
        }
      ]
    },
    {
      "mode": "managed",
      "type": "aws_security_group_rule",
      "name": "AllowAllTraffic",
      "provider": "provider[\"registry.terraform.io/hashicorp/aws\"]",
      "instances": [
        {
          "schema_version": 2,
          "attributes": {
            "cidr_blocks": [
              "0.0.0.0/0"
            ],
            "description": "all traffic",
            "from_port": 0,
            "id": "sgrule-1723352656",
            "ipv6_cidr_blocks": [
              "::/0"
            ],
            "prefix_list_ids": [],
            "protocol": "-1",
            "security_group_id": "sg-00cc9da4bd1fd590e",
            "self": false,
            "source_security_group_id": null,
            "to_port": 0,
            "type": "egress"
          },
          "sensitive_attributes": [],
          "private": "eyJzY2hlbWFfdmVyc2lvbiI6IjIifQ==",
          "dependencies": [
            "aws_security_group.remote_ssh",
            "module.networking.aws_vpc.vpc"
          ]
        }
      ]
    },
    {
      "mode": "managed",
      "type": "aws_security_group_rule",
      "name": "sgr_remote_ssh",
      "provider": "provider[\"registry.terraform.io/hashicorp/aws\"]",
      "instances": [
        {
          "schema_version": 2,
          "attributes": {
            "cidr_blocks": [
              "96.255.55.4/32",
              "70.168.178.194/32",
              "172.58.228.37/32"
            ],
            "description": "Allow remote SSH access",
            "from_port": 22,
            "id": "sgrule-2664191052",
            "ipv6_cidr_blocks": [],
            "prefix_list_ids": [],
            "protocol": "tcp",
            "security_group_id": "sg-00cc9da4bd1fd590e",
            "self": false,
            "source_security_group_id": null,
            "to_port": 22,
            "type": "ingress"
          },
          "sensitive_attributes": [],
          "private": "eyJzY2hlbWFfdmVyc2lvbiI6IjIifQ==",
          "dependencies": [
            "aws_security_group.remote_ssh",
            "module.networking.aws_vpc.vpc"
          ]
        }
      ]
    },
    {
      "mode": "managed",
      "type": "local_file",
      "name": "inventory",
      "provider": "provider[\"registry.terraform.io/hashicorp/local\"]",
      "instances": [
        {
          "schema_version": 0,
          "attributes": {
            "content": "[aws]\n\n    AWS-GitLab-1    ansible_ssh_host=54.210.177.151  server_host_name=gitlab1.dev.sgss.nrl.network\n    AWS-GitLab-2    ansible_ssh_host=54.242.70.236  server_host_name=gitlab2.dev.sgss.nrl.network\n\n[aws:vars]\nansible_user = ec2-user\n; ansible_python_interpreter = /usr/bin/python3\nansible_python_interpreter = /usr/bin/python2.7\nhost_key_checking = false\nansible_become = true\nansible_ssh_private_key_file=~/.ssh/sgss_alx_key_pair_default.pem\n",
            "content_base64": null,
            "directory_permission": "0777",
            "file_permission": "0600",
            "filename": "C:/Users/Admin/Nextcloud/Develop/gitlabAWS/tf/inventory.ini",
            "id": "6d921f5db5e7d2c0950c81cc5af82eb7987e7997",
            "sensitive_content": null,
            "source": null
          },
          "sensitive_attributes": [],
          "private": "bnVsbA==",
          "dependencies": [
            "aws_instance.publichost",
            "aws_key_pair.generated_key",
            "aws_network_interface.public",
            "aws_security_group.RemoteAccess",
            "aws_security_group.remote_ssh",
            "data.aws_ami.Amazon_Linux2",
            "data.aws_availability_zones.available",
            "data.template_file.aws_ec2_servers",
            "module.networking.aws_subnet.public_subnet",
            "module.networking.aws_vpc.vpc",
            "tls_private_key.ssh"
          ]
        }
      ]
    },
    {
      "mode": "managed",
      "type": "local_file",
      "name": "ssh_key_file",
      "provider": "provider[\"registry.terraform.io/hashicorp/local\"]",
      "instances": [
        {
          "schema_version": 0,
          "attributes": {
            "content": "-----BEGIN RSA PRIVATE KEY-----\nMIIEpQIBAAKCAQEA1lYa+oAHrG7/aGHUyFk51P9THeNmoDEjfQp67VTAjZyYv/Q/\n8odvz69FGcZLAGVFs9uba+fFEA9sHpYTzmAL3kBnJRrJjYYM0KbFkgA5WfwfgRlW\neGkgk3fyke8E/m1s7uVNUcDKUCBRjz4EGT3qoT0ciiPbUqCPRd7gilpAtxklRFnm\nc/4pWlkbf2GDonG16aNvvijjtF4V8MMWxF5XrAjULhamC4/huGRI+4K+cTIFnAfx\ng3ZzinaZqIqgtRiher1t2r6uKZNIr4sej7tjMW1OhUhWDy2jqoNXYEXbdQI2IQHS\nTXGlprR3vm0Ohwy0wwmbq0drdnRSIiWg1pXjDwIDAQABAoIBACufFpqI2Ab2CDEc\nSAwGbMi2thnNICPWHFzkdyQ6LX4kssnOUf1wJwdjqnKWcsk/0zHJrhYF84tTODP5\nY0qLLZ8sCFH6465T6+PDLU6LkSCJOXgyyfBzpNeef9XHiYKmjpcIP/Y1gHdSPIck\nnfztJwVtxJMwvQBSARa9R4Gg4K7ipd8JjOVatk/sGPTMte/frg4q1QfeqelDuVRj\nzDUK+ZzHHnUbDppZqTQchDnFL6NLFVzilchpyTHM+2NrqGCO/+8AWQoXauiYTAFD\n8XozJl9TLUSX8MpjB4usvRyi0yZDZZ3Yf0w69Bst+sIMhclgshAdhHy4mAbKdIuC\nJgiEImECgYEA7w/OCKZc7qeu9Rd4N3gKpOEc8SW84pG4XgIX6lIeSOrmwReHNvnA\nhzmnqghL/E9D/IQwJSv5x4MMwbyYb7hD/So+kYevhFVP6MUqTE/X4KVexrKNhy3F\n/eK3ymEsVIlyMNfZ6tSSWkOYoBW/Q5PGXmJ/poMefax8fQ5NHuCbSGkCgYEA5YXS\nYkIGf9u6/CAFCXBGBF5hC2wXXcN0pig6E0l2BD3CnzHcydOoNTAMuikes4lUUrgb\nnUyOG2V1B4058JIgwMJElsxGdZDLe17OP0PA83ikTbXW/uVS4boMGhRAflbN3RwM\nqonpOuqwPv63i85qFgaRn5axQ3rEcgp3UllIILcCgYEAkCa5mCGo3AekyglS5i+u\nS2mqqAaXdQ9lWtpsTVEjDdkHN9vWHuJOo7uyTCcgmo25cyTKWz+/J/zvzkrIqGU2\nKgw1Gk/1GBjRTIzHSqjChaVyFuJH0QFa6BKzvIcH0hnnD2i48I8piOBFwhIa+Ma8\n0OEYE/HwittdXZMoEbxiJjECgYEAzDLMw8I+Cg6xQpIyKP2MLWLSL9lQyIiWBSWQ\n1YvrxUY1GnDAH4eBBSDkkdL3j39EV/uYBdAQNeuDvN42iANZxGSRpR/EJ+BUSERG\ndh6PUY0pkEGRL2FS5aQiFCmkX0JXELpdwnPD3jjh6ImxPl68HzBk6nik6IYWs+b/\n1XG9K+0CgYEA0CnfXbSZomJfUdEWZS+0f3UMa8315gzem4ljeZZ7PKpqiuaJM9fv\ng7ZGIf2ol6FAqb/Bg1KV6vijTzpwNYAYdAyfZJeDZlPSNeRG/p1jCa6wb8vGkdTC\nt5pD/8vfFw7MYFndBLlFEB4cP4JzL9o29chg8LOs2ocB5JzpnoCMS0A=\n-----END RSA PRIVATE KEY-----\n",
            "content_base64": null,
            "directory_permission": "700",
            "file_permission": "600",
            "filename": "C:\\Users\\Admin\\.ssh\\sgss_alx_key_pair_default.pem",
            "id": "99ada8ac3966950c2d940f250615eb34316b9189",
            "sensitive_content": null,
            "source": null
          },
          "sensitive_attributes": [
            [
              {
                "type": "get_attr",
                "value": "content"
              }
            ]
          ],
          "private": "bnVsbA==",
          "dependencies": [
            "tls_private_key.ssh"
          ]
        }
      ]
    },
    {
      "mode": "managed",
      "type": "tls_private_key",
      "name": "ssh",
      "provider": "provider[\"registry.terraform.io/hashicorp/tls\"]",
      "instances": [
        {
          "schema_version": 0,
          "attributes": {
            "algorithm": "RSA",
            "ecdsa_curve": "P224",
            "id": "7e37346eb045beab5ffac3d087b74667a22df3ae",
            "private_key_pem": "-----BEGIN RSA PRIVATE KEY-----\nMIIEpQIBAAKCAQEA1lYa+oAHrG7/aGHUyFk51P9THeNmoDEjfQp67VTAjZyYv/Q/\n8odvz69FGcZLAGVFs9uba+fFEA9sHpYTzmAL3kBnJRrJjYYM0KbFkgA5WfwfgRlW\neGkgk3fyke8E/m1s7uVNUcDKUCBRjz4EGT3qoT0ciiPbUqCPRd7gilpAtxklRFnm\nc/4pWlkbf2GDonG16aNvvijjtF4V8MMWxF5XrAjULhamC4/huGRI+4K+cTIFnAfx\ng3ZzinaZqIqgtRiher1t2r6uKZNIr4sej7tjMW1OhUhWDy2jqoNXYEXbdQI2IQHS\nTXGlprR3vm0Ohwy0wwmbq0drdnRSIiWg1pXjDwIDAQABAoIBACufFpqI2Ab2CDEc\nSAwGbMi2thnNICPWHFzkdyQ6LX4kssnOUf1wJwdjqnKWcsk/0zHJrhYF84tTODP5\nY0qLLZ8sCFH6465T6+PDLU6LkSCJOXgyyfBzpNeef9XHiYKmjpcIP/Y1gHdSPIck\nnfztJwVtxJMwvQBSARa9R4Gg4K7ipd8JjOVatk/sGPTMte/frg4q1QfeqelDuVRj\nzDUK+ZzHHnUbDppZqTQchDnFL6NLFVzilchpyTHM+2NrqGCO/+8AWQoXauiYTAFD\n8XozJl9TLUSX8MpjB4usvRyi0yZDZZ3Yf0w69Bst+sIMhclgshAdhHy4mAbKdIuC\nJgiEImECgYEA7w/OCKZc7qeu9Rd4N3gKpOEc8SW84pG4XgIX6lIeSOrmwReHNvnA\nhzmnqghL/E9D/IQwJSv5x4MMwbyYb7hD/So+kYevhFVP6MUqTE/X4KVexrKNhy3F\n/eK3ymEsVIlyMNfZ6tSSWkOYoBW/Q5PGXmJ/poMefax8fQ5NHuCbSGkCgYEA5YXS\nYkIGf9u6/CAFCXBGBF5hC2wXXcN0pig6E0l2BD3CnzHcydOoNTAMuikes4lUUrgb\nnUyOG2V1B4058JIgwMJElsxGdZDLe17OP0PA83ikTbXW/uVS4boMGhRAflbN3RwM\nqonpOuqwPv63i85qFgaRn5axQ3rEcgp3UllIILcCgYEAkCa5mCGo3AekyglS5i+u\nS2mqqAaXdQ9lWtpsTVEjDdkHN9vWHuJOo7uyTCcgmo25cyTKWz+/J/zvzkrIqGU2\nKgw1Gk/1GBjRTIzHSqjChaVyFuJH0QFa6BKzvIcH0hnnD2i48I8piOBFwhIa+Ma8\n0OEYE/HwittdXZMoEbxiJjECgYEAzDLMw8I+Cg6xQpIyKP2MLWLSL9lQyIiWBSWQ\n1YvrxUY1GnDAH4eBBSDkkdL3j39EV/uYBdAQNeuDvN42iANZxGSRpR/EJ+BUSERG\ndh6PUY0pkEGRL2FS5aQiFCmkX0JXELpdwnPD3jjh6ImxPl68HzBk6nik6IYWs+b/\n1XG9K+0CgYEA0CnfXbSZomJfUdEWZS+0f3UMa8315gzem4ljeZZ7PKpqiuaJM9fv\ng7ZGIf2ol6FAqb/Bg1KV6vijTzpwNYAYdAyfZJeDZlPSNeRG/p1jCa6wb8vGkdTC\nt5pD/8vfFw7MYFndBLlFEB4cP4JzL9o29chg8LOs2ocB5JzpnoCMS0A=\n-----END RSA PRIVATE KEY-----\n",
            "public_key_fingerprint_md5": "ff:65:e2:20:e2:dc:fa:e4:fa:43:8e:f8:6f:40:28:1a",
            "public_key_openssh": "ssh-rsa AAAAB3NzaC1yc2EAAAADAQABAAABAQDWVhr6gAesbv9oYdTIWTnU/1Md42agMSN9CnrtVMCNnJi/9D/yh2/Pr0UZxksAZUWz25tr58UQD2welhPOYAveQGclGsmNhgzQpsWSADlZ/B+BGVZ4aSCTd/KR7wT+bWzu5U1RwMpQIFGPPgQZPeqhPRyKI9tSoI9F3uCKWkC3GSVEWeZz/ilaWRt/YYOicbXpo2++KOO0XhXwwxbEXlesCNQuFqYLj+G4ZEj7gr5xMgWcB/GDdnOKdpmoiqC1GKF6vW3avq4pk0ivix6Pu2MxbU6FSFYPLaOqg1dgRdt1AjYhAdJNcaWmtHe+bQ6HDLTDCZurR2t2dFIiJaDWleMP\n",
            "public_key_pem": "-----BEGIN PUBLIC KEY-----\nMIIBIjANBgkqhkiG9w0BAQEFAAOCAQ8AMIIBCgKCAQEA1lYa+oAHrG7/aGHUyFk5\n1P9THeNmoDEjfQp67VTAjZyYv/Q/8odvz69FGcZLAGVFs9uba+fFEA9sHpYTzmAL\n3kBnJRrJjYYM0KbFkgA5WfwfgRlWeGkgk3fyke8E/m1s7uVNUcDKUCBRjz4EGT3q\noT0ciiPbUqCPRd7gilpAtxklRFnmc/4pWlkbf2GDonG16aNvvijjtF4V8MMWxF5X\nrAjULhamC4/huGRI+4K+cTIFnAfxg3ZzinaZqIqgtRiher1t2r6uKZNIr4sej7tj\nMW1OhUhWDy2jqoNXYEXbdQI2IQHSTXGlprR3vm0Ohwy0wwmbq0drdnRSIiWg1pXj\nDwIDAQAB\n-----END PUBLIC KEY-----\n",
            "rsa_bits": 2048
          },
          "sensitive_attributes": [],
          "private": "bnVsbA=="
        }
      ]
    },
    {
      "module": "module.alb",
      "mode": "managed",
      "type": "aws_autoscaling_group",
      "name": "asg-1",
      "provider": "provider[\"registry.terraform.io/hashicorp/aws\"]",
      "instances": [
        {
          "schema_version": 0,
          "attributes": {
            "arn": "arn:aws:autoscaling:us-east-1:690049365056:autoScalingGroup:8a08c4e3-e5a3-44e8-8e51-85b60057b588:autoScalingGroupName/terraform-20220316130308861500000004",
            "availability_zones": [
              "us-east-1a"
            ],
            "capacity_rebalance": false,
            "default_cooldown": 300,
            "desired_capacity": 2,
            "enabled_metrics": [],
            "force_delete": false,
            "force_delete_warm_pool": false,
            "health_check_grace_period": 300,
            "health_check_type": "EC2",
            "id": "terraform-20220316130308861500000004",
            "initial_lifecycle_hook": [],
            "instance_refresh": [],
            "launch_configuration": "terraform-20220316130302290100000002",
            "launch_template": [],
            "load_balancers": [],
            "max_instance_lifetime": 0,
            "max_size": 2,
            "metrics_granularity": "1Minute",
            "min_elb_capacity": null,
            "min_size": 2,
            "mixed_instances_policy": [],
            "name": "terraform-20220316130308861500000004",
            "name_prefix": "terraform-",
            "placement_group": "",
            "protect_from_scale_in": false,
            "service_linked_role_arn": "arn:aws:iam::690049365056:role/aws-service-role/autoscaling.amazonaws.com/AWSServiceRoleForAutoScaling",
            "suspended_processes": [],
            "tag": [
              {
                "key": "Name",
                "propagate_at_launch": true,
                "value": "Asg-1"
              }
            ],
            "tags": null,
            "target_group_arns": [
              "arn:aws:elasticloadbalancing:us-east-1:690049365056:targetgroup/lb-tg-1/a78a63e4026c276a"
            ],
            "termination_policies": [],
            "timeouts": null,
            "vpc_zone_identifier": [
              "subnet-06cf45baa50f8f1d7"
            ],
            "wait_for_capacity_timeout": "10m",
            "wait_for_elb_capacity": null,
            "warm_pool": []
          },
          "sensitive_attributes": [],
          "private": "eyJlMmJmYjczMC1lY2FhLTExZTYtOGY4OC0zNDM2M2JjN2M0YzAiOnsiZGVsZXRlIjo2MDAwMDAwMDAwMDB9fQ==",
          "dependencies": [
            "module.alb.aws_launch_configuration.lc-1",
            "module.alb.aws_lb_target_group.tg_1",
            "module.networking.aws_subnet.public_subnet",
            "module.networking.aws_vpc.vpc"
          ],
          "create_before_destroy": true
        }
      ]
    },
    {
      "module": "module.alb",
      "mode": "managed",
      "type": "aws_autoscaling_group",
      "name": "asg-2",
      "provider": "provider[\"registry.terraform.io/hashicorp/aws\"]",
      "instances": [
        {
          "schema_version": 0,
          "attributes": {
            "arn": "arn:aws:autoscaling:us-east-1:690049365056:autoScalingGroup:2c1e1016-0cbc-4b92-ac73-09ff4edfe0ed:autoScalingGroupName/terraform-20220316130308852100000003",
            "availability_zones": [
              "us-east-1a"
            ],
            "capacity_rebalance": false,
            "default_cooldown": 300,
            "desired_capacity": 2,
            "enabled_metrics": [],
            "force_delete": false,
            "force_delete_warm_pool": false,
            "health_check_grace_period": 300,
            "health_check_type": "EC2",
            "id": "terraform-20220316130308852100000003",
            "initial_lifecycle_hook": [],
            "instance_refresh": [],
            "launch_configuration": "terraform-20220316130302288900000001",
            "launch_template": [],
            "load_balancers": [],
            "max_instance_lifetime": 0,
            "max_size": 2,
            "metrics_granularity": "1Minute",
            "min_elb_capacity": null,
            "min_size": 2,
            "mixed_instances_policy": [],
            "name": "terraform-20220316130308852100000003",
            "name_prefix": "terraform-",
            "placement_group": "",
            "protect_from_scale_in": false,
            "service_linked_role_arn": "arn:aws:iam::690049365056:role/aws-service-role/autoscaling.amazonaws.com/AWSServiceRoleForAutoScaling",
            "suspended_processes": [],
            "tag": [
              {
                "key": "Name",
                "propagate_at_launch": true,
                "value": "Asg-2"
              }
            ],
            "tags": null,
            "target_group_arns": [
              "arn:aws:elasticloadbalancing:us-east-1:690049365056:targetgroup/lb-tg-2/7d06dbd88d4b2629"
            ],
            "termination_policies": [],
            "timeouts": null,
            "vpc_zone_identifier": [
              "subnet-06cf45baa50f8f1d7"
            ],
            "wait_for_capacity_timeout": "10m",
            "wait_for_elb_capacity": null,
            "warm_pool": []
          },
          "sensitive_attributes": [],
          "private": "eyJlMmJmYjczMC1lY2FhLTExZTYtOGY4OC0zNDM2M2JjN2M0YzAiOnsiZGVsZXRlIjo2MDAwMDAwMDAwMDB9fQ==",
          "dependencies": [
            "module.alb.aws_launch_configuration.lc-2",
            "module.alb.aws_lb_target_group.tg_2",
            "module.networking.aws_subnet.public_subnet",
            "module.networking.aws_vpc.vpc"
          ],
          "create_before_destroy": true
        }
      ]
    },
    {
      "module": "module.alb",
      "mode": "managed",
      "type": "aws_launch_configuration",
      "name": "lc-1",
      "provider": "provider[\"registry.terraform.io/hashicorp/aws\"]",
      "instances": [
        {
          "schema_version": 0,
          "attributes": {
            "arn": "arn:aws:autoscaling:us-east-1:690049365056:launchConfiguration:b05ad12f-a725-46c6-8999-2abd2c2e85be:launchConfigurationName/terraform-20220316130302290100000002",
            "associate_public_ip_address": false,
            "ebs_block_device": [],
            "ebs_optimized": false,
            "enable_monitoring": true,
            "ephemeral_block_device": [],
            "iam_instance_profile": "",
            "id": "terraform-20220316130302290100000002",
            "image_id": "ami-07959acd277df99e7",
            "instance_type": "t3.medium",
            "key_name": "",
            "metadata_options": [],
            "name": "terraform-20220316130302290100000002",
            "name_prefix": "terraform-",
            "placement_tenancy": null,
            "root_block_device": [],
            "security_groups": [
              "sg-0e6c88005dc4d8217"
            ],
            "spot_price": "",
            "user_data": "632355caf77ac0128bc8431ec2abf34ef3d2b83c",
            "user_data_base64": null,
            "vpc_classic_link_id": "",
            "vpc_classic_link_security_groups": []
          },
          "sensitive_attributes": [],
          "private": "bnVsbA==",
          "dependencies": [
            "data.aws_ami.Amazon_Linux2",
            "module.alb.aws_security_group.sglb",
            "module.networking.aws_vpc.vpc"
          ],
          "create_before_destroy": true
        }
      ]
    },
    {
      "module": "module.alb",
      "mode": "managed",
      "type": "aws_launch_configuration",
      "name": "lc-2",
      "provider": "provider[\"registry.terraform.io/hashicorp/aws\"]",
      "instances": [
        {
          "schema_version": 0,
          "attributes": {
            "arn": "arn:aws:autoscaling:us-east-1:690049365056:launchConfiguration:38975e41-6e83-480f-a9bd-9c68d52c8a08:launchConfigurationName/terraform-20220316130302288900000001",
            "associate_public_ip_address": false,
            "ebs_block_device": [],
            "ebs_optimized": false,
            "enable_monitoring": true,
            "ephemeral_block_device": [],
            "iam_instance_profile": "",
            "id": "terraform-20220316130302288900000001",
            "image_id": "ami-07959acd277df99e7",
            "instance_type": "t3.medium",
            "key_name": "",
            "metadata_options": [],
            "name": "terraform-20220316130302288900000001",
            "name_prefix": "terraform-",
            "placement_tenancy": null,
            "root_block_device": [],
            "security_groups": [
              "sg-0e6c88005dc4d8217"
            ],
            "spot_price": "",
            "user_data": "6e9228778235e08515a5013b67e0a23297ba12f6",
            "user_data_base64": null,
            "vpc_classic_link_id": "",
            "vpc_classic_link_security_groups": []
          },
          "sensitive_attributes": [],
          "private": "bnVsbA==",
          "dependencies": [
            "data.aws_ami.Amazon_Linux2",
            "module.alb.aws_security_group.sglb",
            "module.networking.aws_vpc.vpc"
          ],
          "create_before_destroy": true
        }
      ]
    },
    {
      "module": "module.alb",
      "mode": "managed",
      "type": "aws_lb",
      "name": "appln-lb",
      "provider": "provider[\"registry.terraform.io/hashicorp/aws\"]",
      "instances": [
        {
          "schema_version": 0,
          "attributes": {
            "access_logs": [
              {
                "bucket": "",
                "enabled": false,
                "prefix": ""
              }
            ],
            "arn": "arn:aws:elasticloadbalancing:us-east-1:690049365056:loadbalancer/app/appln-lb/0ad6bfba8663d22e",
            "arn_suffix": "app/appln-lb/0ad6bfba8663d22e",
            "customer_owned_ipv4_pool": "",
            "desync_mitigation_mode": "defensive",
            "dns_name": "appln-lb-2055818244.us-east-1.elb.amazonaws.com",
            "drop_invalid_header_fields": false,
            "enable_cross_zone_load_balancing": null,
            "enable_deletion_protection": false,
            "enable_http2": true,
            "enable_waf_fail_open": false,
            "id": "arn:aws:elasticloadbalancing:us-east-1:690049365056:loadbalancer/app/appln-lb/0ad6bfba8663d22e",
            "idle_timeout": 60,
            "internal": false,
            "ip_address_type": "ipv4",
            "load_balancer_type": "application",
            "name": "appln-lb",
            "name_prefix": null,
            "security_groups": [
              "sg-0e6c88005dc4d8217"
            ],
            "subnet_mapping": [
              {
                "allocation_id": "",
                "ipv6_address": "",
                "outpost_id": "",
                "private_ipv4_address": "",
                "subnet_id": "subnet-06cf45baa50f8f1d7"
              },
              {
                "allocation_id": "",
                "ipv6_address": "",
                "outpost_id": "",
                "private_ipv4_address": "",
                "subnet_id": "subnet-0c8c8f334975c1243"
              }
            ],
            "subnets": [
              "subnet-06cf45baa50f8f1d7",
              "subnet-0c8c8f334975c1243"
            ],
            "tags": {
              "Name": "RDT_CDO_AWS_Gitlab-appln-lb"
            },
            "tags_all": {
              "Name": "RDT_CDO_AWS_Gitlab-appln-lb"
            },
            "timeouts": null,
            "vpc_id": "vpc-0b825c8b6dec4c6df",
            "zone_id": "Z35SXDOTRQ7X7K"
          },
          "sensitive_attributes": [],
          "private": "eyJlMmJmYjczMC1lY2FhLTExZTYtOGY4OC0zNDM2M2JjN2M0YzAiOnsiY3JlYXRlIjo2MDAwMDAwMDAwMDAsImRlbGV0ZSI6NjAwMDAwMDAwMDAwLCJ1cGRhdGUiOjYwMDAwMDAwMDAwMH19",
          "dependencies": [
            "data.aws_availability_zones.available",
            "module.alb.aws_lb_target_group.tg_1",
            "module.alb.aws_security_group.sglb",
            "module.networking.aws_subnet.public_subnet",
            "module.networking.aws_vpc.vpc"
          ]
        }
      ]
    },
    {
      "module": "module.alb",
      "mode": "managed",
      "type": "aws_lb_listener",
      "name": "listner",
      "provider": "provider[\"registry.terraform.io/hashicorp/aws\"]",
      "instances": [
        {
          "schema_version": 0,
          "attributes": {
            "alpn_policy": null,
            "arn": "arn:aws:elasticloadbalancing:us-east-1:690049365056:listener/app/appln-lb/0ad6bfba8663d22e/c0e36a59ec7e684d",
            "certificate_arn": null,
            "default_action": [
              {
                "authenticate_cognito": [],
                "authenticate_oidc": [],
                "fixed_response": [
                  {
                    "content_type": "text/plain",
                    "message_body": " Site Not Found",
                    "status_code": "200"
                  }
                ],
                "forward": [],
                "order": 1,
                "redirect": [],
                "target_group_arn": "",
                "type": "fixed-response"
              }
            ],
            "id": "arn:aws:elasticloadbalancing:us-east-1:690049365056:listener/app/appln-lb/0ad6bfba8663d22e/c0e36a59ec7e684d",
            "load_balancer_arn": "arn:aws:elasticloadbalancing:us-east-1:690049365056:loadbalancer/app/appln-lb/0ad6bfba8663d22e",
            "port": 80,
            "protocol": "HTTP",
            "ssl_policy": "",
            "tags": {},
            "tags_all": {},
            "timeouts": null
          },
          "sensitive_attributes": [],
          "private": "eyJlMmJmYjczMC1lY2FhLTExZTYtOGY4OC0zNDM2M2JjN2M0YzAiOnsicmVhZCI6NjAwMDAwMDAwMDAwfX0=",
          "dependencies": [
            "data.aws_availability_zones.available",
            "module.alb.aws_lb.appln-lb",
            "module.alb.aws_lb_target_group.tg_1",
            "module.alb.aws_security_group.sglb",
            "module.networking.aws_subnet.public_subnet",
            "module.networking.aws_vpc.vpc"
          ]
        }
      ]
    },
    {
      "module": "module.alb",
      "mode": "managed",
      "type": "aws_lb_target_group",
      "name": "tg_1",
      "provider": "provider[\"registry.terraform.io/hashicorp/aws\"]",
      "instances": [
        {
          "schema_version": 0,
          "attributes": {
            "arn": "arn:aws:elasticloadbalancing:us-east-1:690049365056:targetgroup/lb-tg-1/a78a63e4026c276a",
            "arn_suffix": "targetgroup/lb-tg-1/a78a63e4026c276a",
            "connection_termination": false,
            "deregistration_delay": "60",
            "health_check": [
              {
                "enabled": true,
                "healthy_threshold": 2,
                "interval": 30,
                "matcher": "200",
                "path": "/",
                "port": "traffic-port",
                "protocol": "HTTP",
                "timeout": 5,
                "unhealthy_threshold": 2
              }
            ],
            "id": "arn:aws:elasticloadbalancing:us-east-1:690049365056:targetgroup/lb-tg-1/a78a63e4026c276a",
            "lambda_multi_value_headers_enabled": false,
            "load_balancing_algorithm_type": "round_robin",
            "name": "lb-tg-1",
            "name_prefix": null,
            "port": 80,
            "preserve_client_ip": null,
            "protocol": "HTTP",
            "protocol_version": "HTTP1",
            "proxy_protocol_v2": false,
            "slow_start": 0,
            "stickiness": [
              {
                "cookie_duration": 60,
                "cookie_name": "",
                "enabled": false,
                "type": "lb_cookie"
              }
            ],
            "tags": null,
            "tags_all": {},
            "target_type": "instance",
            "vpc_id": "vpc-0b825c8b6dec4c6df"
          },
          "sensitive_attributes": [],
          "private": "bnVsbA==",
          "dependencies": [
            "module.networking.aws_vpc.vpc"
          ],
          "create_before_destroy": true
        }
      ]
    },
    {
      "module": "module.alb",
      "mode": "managed",
      "type": "aws_lb_target_group",
      "name": "tg_2",
      "provider": "provider[\"registry.terraform.io/hashicorp/aws\"]",
      "instances": [
        {
          "schema_version": 0,
          "attributes": {
            "arn": "arn:aws:elasticloadbalancing:us-east-1:690049365056:targetgroup/lb-tg-2/7d06dbd88d4b2629",
            "arn_suffix": "targetgroup/lb-tg-2/7d06dbd88d4b2629",
            "connection_termination": false,
            "deregistration_delay": "60",
            "health_check": [
              {
                "enabled": true,
                "healthy_threshold": 2,
                "interval": 30,
                "matcher": "200",
                "path": "/",
                "port": "traffic-port",
                "protocol": "HTTP",
                "timeout": 5,
                "unhealthy_threshold": 2
              }
            ],
            "id": "arn:aws:elasticloadbalancing:us-east-1:690049365056:targetgroup/lb-tg-2/7d06dbd88d4b2629",
            "lambda_multi_value_headers_enabled": false,
            "load_balancing_algorithm_type": "round_robin",
            "name": "lb-tg-2",
            "name_prefix": null,
            "port": 80,
            "preserve_client_ip": null,
            "protocol": "HTTP",
            "protocol_version": "HTTP1",
            "proxy_protocol_v2": false,
            "slow_start": 0,
            "stickiness": [
              {
                "cookie_duration": 60,
                "cookie_name": "",
                "enabled": false,
                "type": "lb_cookie"
              }
            ],
            "tags": null,
            "tags_all": {},
            "target_type": "instance",
            "vpc_id": "vpc-0b825c8b6dec4c6df"
          },
          "sensitive_attributes": [],
          "private": "bnVsbA==",
          "dependencies": [
            "module.networking.aws_vpc.vpc"
          ],
          "create_before_destroy": true
        }
      ]
    },
    {
      "module": "module.alb",
      "mode": "managed",
      "type": "aws_security_group",
      "name": "sglb",
      "provider": "provider[\"registry.terraform.io/hashicorp/aws\"]",
      "instances": [
        {
          "schema_version": 1,
          "attributes": {
            "arn": "arn:aws:ec2:us-east-1:690049365056:security-group/sg-0e6c88005dc4d8217",
            "description": "Allow 80,443,22",
            "egress": [
              {
                "cidr_blocks": [
                  "0.0.0.0/0"
                ],
                "description": "",
                "from_port": 0,
                "ipv6_cidr_blocks": [
                  "::/0"
                ],
                "prefix_list_ids": [],
                "protocol": "-1",
                "security_groups": [],
                "self": false,
                "to_port": 0
              }
            ],
            "id": "sg-0e6c88005dc4d8217",
            "ingress": [
              {
                "cidr_blocks": [
                  "0.0.0.0/0"
                ],
                "description": "HTTPS",
                "from_port": 443,
                "ipv6_cidr_blocks": [
                  "::/0"
                ],
                "prefix_list_ids": [],
                "protocol": "tcp",
                "security_groups": [],
                "self": false,
                "to_port": 443
              },
              {
                "cidr_blocks": [
                  "0.0.0.0/0"
                ],
                "description": "HTTPS",
                "from_port": 80,
                "ipv6_cidr_blocks": [
                  "::/0"
                ],
                "prefix_list_ids": [],
                "protocol": "tcp",
                "security_groups": [],
                "self": false,
                "to_port": 80
              },
              {
                "cidr_blocks": [
                  "0.0.0.0/0"
                ],
                "description": "SSH",
                "from_port": 22,
                "ipv6_cidr_blocks": [
                  "::/0"
                ],
                "prefix_list_ids": [],
                "protocol": "tcp",
                "security_groups": [],
                "self": false,
                "to_port": 22
              }
            ],
            "name": "sglb",
            "name_prefix": "",
            "owner_id": "690049365056",
            "revoke_rules_on_delete": false,
            "tags": {
              "Name": "sglb"
            },
            "tags_all": {
              "Name": "sglb"
            },
            "timeouts": null,
            "vpc_id": "vpc-0b825c8b6dec4c6df"
          },
          "sensitive_attributes": [],
          "private": "eyJlMmJmYjczMC1lY2FhLTExZTYtOGY4OC0zNDM2M2JjN2M0YzAiOnsiY3JlYXRlIjo2MDAwMDAwMDAwMDAsImRlbGV0ZSI6OTAwMDAwMDAwMDAwfSwic2NoZW1hX3ZlcnNpb24iOiIxIn0=",
          "dependencies": [
            "module.networking.aws_vpc.vpc"
          ],
          "create_before_destroy": true
        }
      ]
    },
    {
      "module": "module.networking",
      "mode": "managed",
      "type": "aws_eip",
      "name": "nat_eip",
      "provider": "provider[\"registry.terraform.io/hashicorp/aws\"]",
      "instances": [
        {
          "schema_version": 0,
          "attributes": {
            "address": null,
            "allocation_id": "eipalloc-087f60532bff64e46",
            "associate_with_private_ip": null,
            "association_id": "eipassoc-05c70dc848896c90c",
            "carrier_ip": "",
            "customer_owned_ip": "",
            "customer_owned_ipv4_pool": "",
            "domain": "vpc",
            "id": "eipalloc-087f60532bff64e46",
            "instance": "",
            "network_border_group": "us-east-1",
            "network_interface": "eni-0f66937a84b58e8f7",
            "private_dns": "ip-172-31-2-186.ec2.internal",
            "private_ip": "172.31.2.186",
            "public_dns": "ec2-3-232-111-76.compute-1.amazonaws.com",
            "public_ip": "3.232.111.76",
            "public_ipv4_pool": "amazon",
            "tags": {},
            "tags_all": {},
            "timeouts": null,
            "vpc": true
          },
          "sensitive_attributes": [],
          "private": "eyJlMmJmYjczMC1lY2FhLTExZTYtOGY4OC0zNDM2M2JjN2M0YzAiOnsiZGVsZXRlIjoxODAwMDAwMDAwMDAsInJlYWQiOjkwMDAwMDAwMDAwMCwidXBkYXRlIjozMDAwMDAwMDAwMDB9fQ==",
          "dependencies": [
            "module.networking.aws_internet_gateway.ig",
            "module.networking.aws_vpc.vpc"
          ]
        }
      ]
    },
    {
      "module": "module.networking",
      "mode": "managed",
      "type": "aws_internet_gateway",
      "name": "ig",
      "provider": "provider[\"registry.terraform.io/hashicorp/aws\"]",
      "instances": [
        {
          "schema_version": 0,
          "attributes": {
            "arn": "arn:aws:ec2:us-east-1:690049365056:internet-gateway/igw-01936186421587522",
            "id": "igw-01936186421587522",
            "owner_id": "690049365056",
            "tags": {
              "Name": "default",
              "Project": "RDT_CDO_AWS_Gitlab",
              "Terraform": "true"
            },
            "tags_all": {
              "Name": "default",
              "Project": "RDT_CDO_AWS_Gitlab",
              "Terraform": "true"
            },
            "vpc_id": "vpc-0b825c8b6dec4c6df"
          },
          "sensitive_attributes": [],
          "private": "bnVsbA==",
          "dependencies": [
            "module.networking.aws_vpc.vpc"
          ]
        }
      ]
    },
    {
      "module": "module.networking",
      "mode": "managed",
      "type": "aws_nat_gateway",
      "name": "nat",
      "provider": "provider[\"registry.terraform.io/hashicorp/aws\"]",
      "instances": [
        {
          "schema_version": 0,
          "attributes": {
            "allocation_id": "eipalloc-087f60532bff64e46",
            "connectivity_type": "public",
            "id": "nat-039caab9c94b60d85",
            "network_interface_id": "eni-0f66937a84b58e8f7",
            "private_ip": "172.31.2.186",
            "public_ip": "3.232.111.76",
            "subnet_id": "subnet-06cf45baa50f8f1d7",
            "tags": {
              "Name": "nat gateway",
              "Project": "RDT_CDO_AWS_Gitlab",
              "Terraform": "true"
            },
            "tags_all": {
              "Name": "nat gateway",
              "Project": "RDT_CDO_AWS_Gitlab",
              "Terraform": "true"
            }
          },
          "sensitive_attributes": [],
          "private": "bnVsbA==",
          "dependencies": [
            "data.aws_availability_zones.available",
            "module.networking.aws_eip.nat_eip",
            "module.networking.aws_internet_gateway.ig",
            "module.networking.aws_subnet.public_subnet",
            "module.networking.aws_vpc.vpc"
          ]
        }
      ]
    },
    {
      "module": "module.networking",
      "mode": "managed",
      "type": "aws_route",
      "name": "private_nat_gateway",
      "provider": "provider[\"registry.terraform.io/hashicorp/aws\"]",
      "instances": [
        {
          "schema_version": 0,
          "attributes": {
            "carrier_gateway_id": "",
            "destination_cidr_block": "0.0.0.0/0",
            "destination_ipv6_cidr_block": "",
            "destination_prefix_list_id": "",
            "egress_only_gateway_id": "",
            "gateway_id": "",
            "id": "r-rtb-0cde19f6e572030ad1080289494",
            "instance_id": "",
            "instance_owner_id": "",
            "local_gateway_id": "",
            "nat_gateway_id": "nat-039caab9c94b60d85",
            "network_interface_id": "",
            "origin": "CreateRoute",
            "route_table_id": "rtb-0cde19f6e572030ad",
            "state": "active",
            "timeouts": null,
            "transit_gateway_id": "",
            "vpc_endpoint_id": "",
            "vpc_peering_connection_id": ""
          },
          "sensitive_attributes": [],
          "private": "eyJlMmJmYjczMC1lY2FhLTExZTYtOGY4OC0zNDM2M2JjN2M0YzAiOnsiY3JlYXRlIjozMDAwMDAwMDAwMDAsImRlbGV0ZSI6MzAwMDAwMDAwMDAwLCJ1cGRhdGUiOjEyMDAwMDAwMDAwMH19",
          "dependencies": [
            "data.aws_availability_zones.available",
            "module.networking.aws_eip.nat_eip",
            "module.networking.aws_internet_gateway.ig",
            "module.networking.aws_nat_gateway.nat",
            "module.networking.aws_route_table.private",
            "module.networking.aws_subnet.public_subnet",
            "module.networking.aws_vpc.vpc"
          ]
        }
      ]
    },
    {
      "module": "module.networking",
      "mode": "managed",
      "type": "aws_route",
      "name": "public_internet_gateway",
      "provider": "provider[\"registry.terraform.io/hashicorp/aws\"]",
      "instances": [
        {
          "schema_version": 0,
          "attributes": {
            "carrier_gateway_id": "",
            "destination_cidr_block": "0.0.0.0/0",
            "destination_ipv6_cidr_block": "",
            "destination_prefix_list_id": "",
            "egress_only_gateway_id": "",
            "gateway_id": "igw-01936186421587522",
            "id": "r-rtb-02f3e2843db4171621080289494",
            "instance_id": "",
            "instance_owner_id": "",
            "local_gateway_id": "",
            "nat_gateway_id": "",
            "network_interface_id": "",
            "origin": "CreateRoute",
            "route_table_id": "rtb-02f3e2843db417162",
            "state": "active",
            "timeouts": null,
            "transit_gateway_id": "",
            "vpc_endpoint_id": "",
            "vpc_peering_connection_id": ""
          },
          "sensitive_attributes": [],
          "private": "eyJlMmJmYjczMC1lY2FhLTExZTYtOGY4OC0zNDM2M2JjN2M0YzAiOnsiY3JlYXRlIjozMDAwMDAwMDAwMDAsImRlbGV0ZSI6MzAwMDAwMDAwMDAwLCJ1cGRhdGUiOjEyMDAwMDAwMDAwMH19",
          "dependencies": [
            "module.networking.aws_internet_gateway.ig",
            "module.networking.aws_route_table.public",
            "module.networking.aws_vpc.vpc"
          ]
        }
      ]
    },
    {
      "module": "module.networking",
      "mode": "managed",
      "type": "aws_route_table",
      "name": "private",
      "provider": "provider[\"registry.terraform.io/hashicorp/aws\"]",
      "instances": [
        {
          "schema_version": 0,
          "attributes": {
            "arn": "arn:aws:ec2:us-east-1:690049365056:route-table/rtb-0cde19f6e572030ad",
            "id": "rtb-0cde19f6e572030ad",
            "owner_id": "690049365056",
            "propagating_vgws": [],
            "route": [
              {
                "carrier_gateway_id": "",
                "cidr_block": "0.0.0.0/0",
                "destination_prefix_list_id": "",
                "egress_only_gateway_id": "",
                "gateway_id": "",
                "instance_id": "",
                "ipv6_cidr_block": "",
                "local_gateway_id": "",
                "nat_gateway_id": "nat-039caab9c94b60d85",
                "network_interface_id": "",
                "transit_gateway_id": "",
                "vpc_endpoint_id": "",
                "vpc_peering_connection_id": ""
              }
            ],
            "tags": {
              "Name": "private-route-table",
              "Project": "RDT_CDO_AWS_Gitlab",
              "Terraform": "true"
            },
            "tags_all": {
              "Name": "private-route-table",
              "Project": "RDT_CDO_AWS_Gitlab",
              "Terraform": "true"
            },
            "timeouts": null,
            "vpc_id": "vpc-0b825c8b6dec4c6df"
          },
          "sensitive_attributes": [],
          "private": "eyJlMmJmYjczMC1lY2FhLTExZTYtOGY4OC0zNDM2M2JjN2M0YzAiOnsiY3JlYXRlIjozMDAwMDAwMDAwMDAsImRlbGV0ZSI6MzAwMDAwMDAwMDAwLCJ1cGRhdGUiOjEyMDAwMDAwMDAwMH19",
          "dependencies": [
            "module.networking.aws_vpc.vpc"
          ]
        }
      ]
    },
    {
      "module": "module.networking",
      "mode": "managed",
      "type": "aws_route_table",
      "name": "public",
      "provider": "provider[\"registry.terraform.io/hashicorp/aws\"]",
      "instances": [
        {
          "schema_version": 0,
          "attributes": {
            "arn": "arn:aws:ec2:us-east-1:690049365056:route-table/rtb-02f3e2843db417162",
            "id": "rtb-02f3e2843db417162",
            "owner_id": "690049365056",
            "propagating_vgws": [],
            "route": [
              {
                "carrier_gateway_id": "",
                "cidr_block": "0.0.0.0/0",
                "destination_prefix_list_id": "",
                "egress_only_gateway_id": "",
                "gateway_id": "igw-01936186421587522",
                "instance_id": "",
                "ipv6_cidr_block": "",
                "local_gateway_id": "",
                "nat_gateway_id": "",
                "network_interface_id": "",
                "transit_gateway_id": "",
                "vpc_endpoint_id": "",
                "vpc_peering_connection_id": ""
              }
            ],
            "tags": {
              "Name": "public-route-table",
              "Project": "RDT_CDO_AWS_Gitlab",
              "Terraform": "true"
            },
            "tags_all": {
              "Name": "public-route-table",
              "Project": "RDT_CDO_AWS_Gitlab",
              "Terraform": "true"
            },
            "timeouts": null,
            "vpc_id": "vpc-0b825c8b6dec4c6df"
          },
          "sensitive_attributes": [],
          "private": "eyJlMmJmYjczMC1lY2FhLTExZTYtOGY4OC0zNDM2M2JjN2M0YzAiOnsiY3JlYXRlIjozMDAwMDAwMDAwMDAsImRlbGV0ZSI6MzAwMDAwMDAwMDAwLCJ1cGRhdGUiOjEyMDAwMDAwMDAwMH19",
          "dependencies": [
            "module.networking.aws_vpc.vpc"
          ]
        }
      ]
    },
    {
      "module": "module.networking",
      "mode": "managed",
      "type": "aws_route_table_association",
      "name": "private",
      "provider": "provider[\"registry.terraform.io/hashicorp/aws\"]",
      "instances": [
        {
          "index_key": 0,
          "schema_version": 0,
          "attributes": {
            "gateway_id": "",
            "id": "rtbassoc-0a7a0a1ff8bc83d61",
            "route_table_id": "rtb-0cde19f6e572030ad",
            "subnet_id": "subnet-0551ee4a4c27e3385"
          },
          "sensitive_attributes": [],
          "private": "bnVsbA==",
          "dependencies": [
            "data.aws_availability_zones.available",
            "module.networking.aws_route_table.private",
            "module.networking.aws_subnet.private_subnet",
            "module.networking.aws_vpc.vpc"
          ]
        },
        {
          "index_key": 1,
          "schema_version": 0,
          "attributes": {
            "gateway_id": "",
            "id": "rtbassoc-0de43a5134018859d",
            "route_table_id": "rtb-0cde19f6e572030ad",
            "subnet_id": "subnet-093e4cdf9ac99ee3a"
          },
          "sensitive_attributes": [],
          "private": "bnVsbA==",
          "dependencies": [
            "data.aws_availability_zones.available",
            "module.networking.aws_route_table.private",
            "module.networking.aws_subnet.private_subnet",
            "module.networking.aws_vpc.vpc"
          ]
        }
      ]
    },
    {
      "module": "module.networking",
      "mode": "managed",
      "type": "aws_route_table_association",
      "name": "public",
      "provider": "provider[\"registry.terraform.io/hashicorp/aws\"]",
      "instances": [
        {
          "index_key": 0,
          "schema_version": 0,
          "attributes": {
            "gateway_id": "",
            "id": "rtbassoc-0d7ffb3d5b06e6405",
            "route_table_id": "rtb-02f3e2843db417162",
            "subnet_id": "subnet-06cf45baa50f8f1d7"
          },
          "sensitive_attributes": [],
          "private": "bnVsbA==",
          "dependencies": [
            "data.aws_availability_zones.available",
            "module.networking.aws_route_table.public",
            "module.networking.aws_subnet.public_subnet",
            "module.networking.aws_vpc.vpc"
          ]
        },
        {
          "index_key": 1,
          "schema_version": 0,
          "attributes": {
            "gateway_id": "",
            "id": "rtbassoc-0c400128760db7e51",
            "route_table_id": "rtb-02f3e2843db417162",
            "subnet_id": "subnet-0c8c8f334975c1243"
          },
          "sensitive_attributes": [],
          "private": "bnVsbA==",
          "dependencies": [
            "data.aws_availability_zones.available",
            "module.networking.aws_route_table.public",
            "module.networking.aws_subnet.public_subnet",
            "module.networking.aws_vpc.vpc"
          ]
        }
      ]
    },
    {
      "module": "module.networking",
      "mode": "managed",
      "type": "aws_security_group",
      "name": "default",
      "provider": "provider[\"registry.terraform.io/hashicorp/aws\"]",
      "instances": [
        {
          "schema_version": 1,
          "attributes": {
            "arn": "arn:aws:ec2:us-east-1:690049365056:security-group/sg-05a62fdcc7d8e04f9",
            "description": "Default security group to allow inbound/outbound from the VPC",
            "egress": [
              {
                "cidr_blocks": [],
                "description": "",
                "from_port": 0,
                "ipv6_cidr_blocks": [],
                "prefix_list_ids": [],
                "protocol": "-1",
                "security_groups": [],
                "self": true,
                "to_port": 0
              }
            ],
            "id": "sg-05a62fdcc7d8e04f9",
            "ingress": [
              {
                "cidr_blocks": [],
                "description": "",
                "from_port": 0,
                "ipv6_cidr_blocks": [],
                "prefix_list_ids": [],
                "protocol": "-1",
                "security_groups": [],
                "self": true,
                "to_port": 0
              }
            ],
            "name": "RDT_CDO_AWS_Gitlab-default-sg",
            "name_prefix": "",
            "owner_id": "690049365056",
            "revoke_rules_on_delete": false,
            "tags": {
              "Name": "default security group",
              "Project": "RDT_CDO_AWS_Gitlab",
              "Terraform": "true"
            },
            "tags_all": {
              "Name": "default security group",
              "Project": "RDT_CDO_AWS_Gitlab",
              "Terraform": "true"
            },
            "timeouts": null,
            "vpc_id": "vpc-0b825c8b6dec4c6df"
          },
          "sensitive_attributes": [],
          "private": "eyJlMmJmYjczMC1lY2FhLTExZTYtOGY4OC0zNDM2M2JjN2M0YzAiOnsiY3JlYXRlIjo2MDAwMDAwMDAwMDAsImRlbGV0ZSI6OTAwMDAwMDAwMDAwfSwic2NoZW1hX3ZlcnNpb24iOiIxIn0=",
          "dependencies": [
            "module.networking.aws_vpc.vpc"
          ]
        }
      ]
    },
    {
      "module": "module.networking",
      "mode": "managed",
      "type": "aws_subnet",
      "name": "private_subnet",
      "provider": "provider[\"registry.terraform.io/hashicorp/aws\"]",
      "instances": [
        {
          "index_key": 0,
          "schema_version": 1,
          "attributes": {
            "arn": "arn:aws:ec2:us-east-1:690049365056:subnet/subnet-0551ee4a4c27e3385",
            "assign_ipv6_address_on_creation": false,
            "availability_zone": "us-east-1a",
            "availability_zone_id": "use1-az4",
            "cidr_block": "172.31.32.0/20",
            "customer_owned_ipv4_pool": "",
            "enable_dns64": false,
            "enable_resource_name_dns_a_record_on_launch": false,
            "enable_resource_name_dns_aaaa_record_on_launch": false,
            "id": "subnet-0551ee4a4c27e3385",
            "ipv6_cidr_block": "",
            "ipv6_cidr_block_association_id": "",
            "ipv6_native": false,
            "map_customer_owned_ip_on_launch": false,
            "map_public_ip_on_launch": false,
            "outpost_arn": "",
            "owner_id": "690049365056",
            "private_dns_hostname_type_on_launch": "ip-name",
            "tags": {
              "Name": "private-subnet-us-east-1a",
              "Project": "RDT_CDO_AWS_Gitlab",
              "Terraform": "true"
            },
            "tags_all": {
              "Name": "private-subnet-us-east-1a",
              "Project": "RDT_CDO_AWS_Gitlab",
              "Terraform": "true"
            },
            "timeouts": null,
            "vpc_id": "vpc-0b825c8b6dec4c6df"
          },
          "sensitive_attributes": [],
          "private": "eyJlMmJmYjczMC1lY2FhLTExZTYtOGY4OC0zNDM2M2JjN2M0YzAiOnsiY3JlYXRlIjo2MDAwMDAwMDAwMDAsImRlbGV0ZSI6MTIwMDAwMDAwMDAwMH0sInNjaGVtYV92ZXJzaW9uIjoiMSJ9",
          "dependencies": [
            "data.aws_availability_zones.available",
            "module.networking.aws_vpc.vpc"
          ]
        },
        {
          "index_key": 1,
          "schema_version": 1,
          "attributes": {
            "arn": "arn:aws:ec2:us-east-1:690049365056:subnet/subnet-093e4cdf9ac99ee3a",
            "assign_ipv6_address_on_creation": false,
            "availability_zone": "us-east-1b",
            "availability_zone_id": "use1-az6",
            "cidr_block": "172.31.48.0/20",
            "customer_owned_ipv4_pool": "",
            "enable_dns64": false,
            "enable_resource_name_dns_a_record_on_launch": false,
            "enable_resource_name_dns_aaaa_record_on_launch": false,
            "id": "subnet-093e4cdf9ac99ee3a",
            "ipv6_cidr_block": "",
            "ipv6_cidr_block_association_id": "",
            "ipv6_native": false,
            "map_customer_owned_ip_on_launch": false,
            "map_public_ip_on_launch": false,
            "outpost_arn": "",
            "owner_id": "690049365056",
            "private_dns_hostname_type_on_launch": "ip-name",
            "tags": {
              "Name": "private-subnet-us-east-1b",
              "Project": "RDT_CDO_AWS_Gitlab",
              "Terraform": "true"
            },
            "tags_all": {
              "Name": "private-subnet-us-east-1b",
              "Project": "RDT_CDO_AWS_Gitlab",
              "Terraform": "true"
            },
            "timeouts": null,
            "vpc_id": "vpc-0b825c8b6dec4c6df"
          },
          "sensitive_attributes": [],
          "private": "eyJlMmJmYjczMC1lY2FhLTExZTYtOGY4OC0zNDM2M2JjN2M0YzAiOnsiY3JlYXRlIjo2MDAwMDAwMDAwMDAsImRlbGV0ZSI6MTIwMDAwMDAwMDAwMH0sInNjaGVtYV92ZXJzaW9uIjoiMSJ9",
          "dependencies": [
            "data.aws_availability_zones.available",
            "module.networking.aws_vpc.vpc"
          ]
        }
      ]
    },
    {
      "module": "module.networking",
      "mode": "managed",
      "type": "aws_subnet",
      "name": "public_subnet",
      "provider": "provider[\"registry.terraform.io/hashicorp/aws\"]",
      "instances": [
        {
          "index_key": 0,
          "schema_version": 1,
          "attributes": {
            "arn": "arn:aws:ec2:us-east-1:690049365056:subnet/subnet-06cf45baa50f8f1d7",
            "assign_ipv6_address_on_creation": false,
            "availability_zone": "us-east-1a",
            "availability_zone_id": "use1-az4",
            "cidr_block": "172.31.0.0/20",
            "customer_owned_ipv4_pool": "",
            "enable_dns64": false,
            "enable_resource_name_dns_a_record_on_launch": false,
            "enable_resource_name_dns_aaaa_record_on_launch": false,
            "id": "subnet-06cf45baa50f8f1d7",
            "ipv6_cidr_block": "",
            "ipv6_cidr_block_association_id": "",
            "ipv6_native": false,
            "map_customer_owned_ip_on_launch": false,
            "map_public_ip_on_launch": true,
            "outpost_arn": "",
            "owner_id": "690049365056",
            "private_dns_hostname_type_on_launch": "ip-name",
            "tags": {
              "Name": "public-subnet-us-east-1a",
              "Project": "RDT_CDO_AWS_Gitlab",
              "Terraform": "true"
            },
            "tags_all": {
              "Name": "public-subnet-us-east-1a",
              "Project": "RDT_CDO_AWS_Gitlab",
              "Terraform": "true"
            },
            "timeouts": null,
            "vpc_id": "vpc-0b825c8b6dec4c6df"
          },
          "sensitive_attributes": [],
          "private": "eyJlMmJmYjczMC1lY2FhLTExZTYtOGY4OC0zNDM2M2JjN2M0YzAiOnsiY3JlYXRlIjo2MDAwMDAwMDAwMDAsImRlbGV0ZSI6MTIwMDAwMDAwMDAwMH0sInNjaGVtYV92ZXJzaW9uIjoiMSJ9",
          "dependencies": [
            "data.aws_availability_zones.available",
            "module.networking.aws_vpc.vpc"
          ],
          "create_before_destroy": true
        },
        {
          "index_key": 1,
          "schema_version": 1,
          "attributes": {
            "arn": "arn:aws:ec2:us-east-1:690049365056:subnet/subnet-0c8c8f334975c1243",
            "assign_ipv6_address_on_creation": false,
            "availability_zone": "us-east-1b",
            "availability_zone_id": "use1-az6",
            "cidr_block": "172.31.16.0/20",
            "customer_owned_ipv4_pool": "",
            "enable_dns64": false,
            "enable_resource_name_dns_a_record_on_launch": false,
            "enable_resource_name_dns_aaaa_record_on_launch": false,
            "id": "subnet-0c8c8f334975c1243",
            "ipv6_cidr_block": "",
            "ipv6_cidr_block_association_id": "",
            "ipv6_native": false,
            "map_customer_owned_ip_on_launch": false,
            "map_public_ip_on_launch": true,
            "outpost_arn": "",
            "owner_id": "690049365056",
            "private_dns_hostname_type_on_launch": "ip-name",
            "tags": {
              "Name": "public-subnet-us-east-1b",
              "Project": "RDT_CDO_AWS_Gitlab",
              "Terraform": "true"
            },
            "tags_all": {
              "Name": "public-subnet-us-east-1b",
              "Project": "RDT_CDO_AWS_Gitlab",
              "Terraform": "true"
            },
            "timeouts": null,
            "vpc_id": "vpc-0b825c8b6dec4c6df"
          },
          "sensitive_attributes": [],
          "private": "eyJlMmJmYjczMC1lY2FhLTExZTYtOGY4OC0zNDM2M2JjN2M0YzAiOnsiY3JlYXRlIjo2MDAwMDAwMDAwMDAsImRlbGV0ZSI6MTIwMDAwMDAwMDAwMH0sInNjaGVtYV92ZXJzaW9uIjoiMSJ9",
          "dependencies": [
            "data.aws_availability_zones.available",
            "module.networking.aws_vpc.vpc"
          ],
          "create_before_destroy": true
        }
      ]
    },
    {
      "module": "module.networking",
      "mode": "managed",
      "type": "aws_vpc",
      "name": "vpc",
      "provider": "provider[\"registry.terraform.io/hashicorp/aws\"]",
      "instances": [
        {
          "schema_version": 1,
          "attributes": {
            "arn": "arn:aws:ec2:us-east-1:690049365056:vpc/vpc-0b825c8b6dec4c6df",
            "assign_generated_ipv6_cidr_block": false,
            "cidr_block": "172.31.0.0/16",
            "default_network_acl_id": "acl-0e3ecbd68cfb3da72",
            "default_route_table_id": "rtb-0c0640ccc67ef43ba",
            "default_security_group_id": "sg-091ebc6c633a86c44",
            "dhcp_options_id": "dopt-057f3fcc5ca5c6199",
            "enable_classiclink": false,
            "enable_classiclink_dns_support": false,
            "enable_dns_hostnames": false,
            "enable_dns_support": true,
            "id": "vpc-0b825c8b6dec4c6df",
            "instance_tenancy": "default",
            "ipv4_ipam_pool_id": null,
            "ipv4_netmask_length": null,
            "ipv6_association_id": "",
            "ipv6_cidr_block": "",
            "ipv6_cidr_block_network_border_group": "",
            "ipv6_ipam_pool_id": "",
            "ipv6_netmask_length": 0,
            "main_route_table_id": "rtb-0c0640ccc67ef43ba",
            "owner_id": "690049365056",
            "tags": {
              "Name": "RDT_CDO_AWS_Gitlab-vpc",
              "Project": "RDT_CDO_AWS_Gitlab",
              "Terraform": "true"
            },
            "tags_all": {
              "Name": "RDT_CDO_AWS_Gitlab-vpc",
              "Project": "RDT_CDO_AWS_Gitlab",
              "Terraform": "true"
            }
          },
          "sensitive_attributes": [],
          "private": "eyJzY2hlbWFfdmVyc2lvbiI6IjEifQ==",
          "create_before_destroy": true
        }
      ]
    }
  ]
}
