{
  "version": 4,
  "terraform_version": "1.1.7",
  "serial": 438,
  "lineage": "531c9c97-4148-fec8-a86b-3aed35b43b5b",
  "outputs": {
    "aws-ec2-instance_server": {
      "value": [
        "gitlab-base-for-ami    ansible_ssh_host=34.235.113.36  server_host_name=gitlab.dev.sgssnrl.network"
      ],
      "type": [
        "tuple",
        [
          "string"
        ]
      ]
    },
    "aws-gitlab-public-ip": {
      "value": [
        "54.226.6.172",
        "35.153.100.65"
      ],
      "type": [
        "tuple",
        [
          "string",
          "string"
        ]
      ]
    },
    "aws-public-key-file": {
      "value": "~/.ssh/sgss_alx_key_pair_default.pem",
      "type": "string"
    },
    "main-endpoint": {
      "value": "Gitlab-ALB-694693839.us-east-1.elb.amazonaws.com",
      "type": "string"
    }
  },
  "resources": [
    {
      "mode": "data",
      "type": "aws_ami",
      "name": "Amazon_Linux2",
      "provider": "provider[\"registry.terraform.io/hashicorp/aws\"]",
      "instances": [
        {
          "schema_version": 0,
          "attributes": {
            "architecture": "x86_64",
            "arn": "arn:aws:ec2:us-east-1::image/ami-07959acd277df99e7",
            "block_device_mappings": [
              {
                "device_name": "/dev/xvda",
                "ebs": {
                  "delete_on_termination": "true",
                  "encrypted": "false",
                  "iops": "0",
                  "snapshot_id": "snap-05f6d2a16262e4254",
                  "throughput": "0",
                  "volume_size": "8",
                  "volume_type": "gp2"
                },
                "no_device": "",
                "virtual_name": ""
              }
            ],
            "creation_date": "2022-03-16T01:22:52.000Z",
            "description": "Amazon Linux AMI 2018.03.0.20220315.0 x86_64 HVM gp2",
            "ena_support": true,
            "executable_users": null,
            "filter": [
              {
                "name": "architecture",
                "values": [
                  "x86_64"
                ]
              },
              {
                "name": "owner-alias",
                "values": [
                  "amazon"
                ]
              }
            ],
            "hypervisor": "xen",
            "id": "ami-07959acd277df99e7",
            "image_id": "ami-07959acd277df99e7",
            "image_location": "amazon/amzn-ami-hvm-2018.03.0.20220315.0-x86_64-gp2",
            "image_owner_alias": "amazon",
            "image_type": "machine",
            "kernel_id": null,
            "most_recent": true,
            "name": "amzn-ami-hvm-2018.03.0.20220315.0-x86_64-gp2",
            "name_regex": "^amzn-ami-hvm*",
            "owner_id": "137112412989",
            "owners": [
              "137112412989"
            ],
            "platform": null,
            "platform_details": "Linux/UNIX",
            "product_codes": [],
            "public": true,
            "ramdisk_id": null,
            "root_device_name": "/dev/xvda",
            "root_device_type": "ebs",
            "root_snapshot_id": "snap-05f6d2a16262e4254",
            "sriov_net_support": "simple",
            "state": "available",
            "state_reason": {
              "code": "UNSET",
              "message": "UNSET"
            },
            "tags": {},
            "usage_operation": "RunInstances",
            "virtualization_type": "hvm"
          },
          "sensitive_attributes": []
        }
      ]
    },
    {
      "mode": "data",
      "type": "aws_ami",
      "name": "gitlab_base",
      "provider": "provider[\"registry.terraform.io/hashicorp/aws\"]",
      "instances": [
        {
          "schema_version": 0,
          "attributes": {
            "architecture": "x86_64",
            "arn": "arn:aws:ec2:us-east-1::image/ami-07959acd277df99e7",
            "block_device_mappings": [
              {
                "device_name": "/dev/xvda",
                "ebs": {
                  "delete_on_termination": "true",
                  "encrypted": "false",
                  "iops": "0",
                  "snapshot_id": "snap-05f6d2a16262e4254",
                  "throughput": "0",
                  "volume_size": "8",
                  "volume_type": "gp2"
                },
                "no_device": "",
                "virtual_name": ""
              }
            ],
            "creation_date": "2022-03-16T01:22:52.000Z",
            "description": "Amazon Linux AMI 2018.03.0.20220315.0 x86_64 HVM gp2",
            "ena_support": true,
            "executable_users": null,
            "filter": null,
            "hypervisor": "xen",
            "id": "ami-07959acd277df99e7",
            "image_id": "ami-07959acd277df99e7",
            "image_location": "amazon/amzn-ami-hvm-2018.03.0.20220315.0-x86_64-gp2",
            "image_owner_alias": "amazon",
            "image_type": "machine",
            "kernel_id": null,
            "most_recent": true,
            "name": "amzn-ami-hvm-2018.03.0.20220315.0-x86_64-gp2",
            "name_regex": "gitlab-ami*|^amzn-ami-hvm*",
            "owner_id": "137112412989",
            "owners": [
              "812769740018",
              "137112412989"
            ],
            "platform": null,
            "platform_details": "Linux/UNIX",
            "product_codes": [],
            "public": true,
            "ramdisk_id": null,
            "root_device_name": "/dev/xvda",
            "root_device_type": "ebs",
            "root_snapshot_id": "snap-05f6d2a16262e4254",
            "sriov_net_support": "simple",
            "state": "available",
            "state_reason": {
              "code": "UNSET",
              "message": "UNSET"
            },
            "tags": {},
            "usage_operation": "RunInstances",
            "virtualization_type": "hvm"
          },
          "sensitive_attributes": []
        }
      ]
    },
    {
      "mode": "data",
      "type": "aws_availability_zones",
      "name": "available",
      "provider": "provider[\"registry.terraform.io/hashicorp/aws\"]",
      "instances": [
        {
          "schema_version": 0,
          "attributes": {
            "all_availability_zones": null,
            "exclude_names": null,
            "exclude_zone_ids": null,
            "filter": null,
            "group_names": [
              "us-east-1"
            ],
            "id": "us-east-1",
            "names": [
              "us-east-1a",
              "us-east-1b",
              "us-east-1c",
              "us-east-1d",
              "us-east-1e",
              "us-east-1f"
            ],
            "state": "available",
            "zone_ids": [
              "use1-az4",
              "use1-az6",
              "use1-az1",
              "use1-az2",
              "use1-az3",
              "use1-az5"
            ]
          },
          "sensitive_attributes": []
        }
      ]
    },
    {
      "mode": "data",
      "type": "template_file",
      "name": "aws_ec2_hostname",
      "provider": "provider[\"registry.terraform.io/hashicorp/template\"]",
      "instances": [
        {
          "schema_version": 0,
          "attributes": {
            "filename": null,
            "id": "577ee7901c6e2dab9dc188f1552075d9dde8e7f3953bdcdb4e202dc419e49e7b",
            "rendered": "gitlab.dev.sgssnrl.network",
            "template": "gitlab.dev.sgssnrl.network",
            "vars": null
          },
          "sensitive_attributes": []
        }
      ]
    },
    {
      "mode": "data",
      "type": "template_file",
      "name": "aws_ec2_names",
      "provider": "provider[\"registry.terraform.io/hashicorp/template\"]",
      "instances": [
        {
          "schema_version": 0,
          "attributes": {
            "filename": null,
            "id": "fbf711fbe81e4920eb5b487fccd094bd2d5c7816c285dd09a9b48394c7a73dc5",
            "rendered": "gitlab-base-for-ami",
            "template": "gitlab-base-for-ami",
            "vars": null
          },
          "sensitive_attributes": []
        }
      ]
    },
    {
      "mode": "data",
      "type": "template_file",
      "name": "aws_ec2_servers",
      "provider": "provider[\"registry.terraform.io/hashicorp/template\"]",
      "instances": [
        {
          "schema_version": 0,
          "attributes": {
            "filename": null,
            "id": "f7ae43f3aadc6d81a647ea1b69c11c552229ca7eef23a48734c3d57168564114",
            "rendered": "gitlab-base-for-ami    ansible_ssh_host=34.235.113.36  server_host_name=gitlab.dev.sgssnrl.network",
            "template": "gitlab-base-for-ami    ansible_ssh_host=34.235.113.36  server_host_name=gitlab.dev.sgssnrl.network",
            "vars": null
          },
          "sensitive_attributes": []
        }
      ]
    },
    {
      "mode": "managed",
      "type": "aws_ami_from_instance",
      "name": "gitlab_ami_base",
      "provider": "provider[\"registry.terraform.io/hashicorp/aws\"]",
      "instances": [
        {
          "schema_version": 0,
          "attributes": {
            "architecture": "x86_64",
            "arn": "arn:aws:ec2:us-east-1::image/ami-031469430b9c453c3",
            "description": "",
            "ebs_block_device": [
              {
                "delete_on_termination": true,
                "device_name": "/dev/xvda",
                "encrypted": false,
                "iops": 0,
                "snapshot_id": "snap-0b6d5da7060d23dc5",
                "throughput": 0,
                "volume_size": 8,
                "volume_type": "gp2"
              }
            ],
            "ena_support": true,
            "ephemeral_block_device": [],
            "hypervisor": "xen",
            "id": "ami-031469430b9c453c3",
            "image_location": "690049365056/gitlab-ami",
            "image_owner_alias": "",
            "image_type": "machine",
            "kernel_id": "",
            "manage_ebs_snapshots": true,
            "name": "gitlab-ami",
            "owner_id": "690049365056",
            "platform": "",
            "platform_details": "Linux/UNIX",
            "public": false,
            "ramdisk_id": "",
            "root_device_name": "/dev/xvda",
            "root_snapshot_id": "snap-0b6d5da7060d23dc5",
            "snapshot_without_reboot": null,
            "source_instance_id": "i-0f6ee0db29e066d34",
            "sriov_net_support": "simple",
            "tags": {
              "Name": "gitlab-ami",
              "Project": "RDT_CDO_AWS_Gitlab"
            },
            "tags_all": {
              "Name": "gitlab-ami",
              "Project": "RDT_CDO_AWS_Gitlab"
            },
            "timeouts": null,
            "usage_operation": "RunInstances",
            "virtualization_type": "hvm"
          },
          "sensitive_attributes": [],
          "private": "eyJlMmJmYjczMC1lY2FhLTExZTYtOGY4OC0zNDM2M2JjN2M0YzAiOnsiY3JlYXRlIjoyNDAwMDAwMDAwMDAwLCJkZWxldGUiOjU0MDAwMDAwMDAwMDAsInVwZGF0ZSI6MjQwMDAwMDAwMDAwMH19",
          "dependencies": [
            "aws_instance.gitlab",
            "aws_key_pair.generated_key",
            "aws_network_interface.gitlab",
            "aws_security_group.RemoteAccess",
            "aws_security_group.remote_ssh",
            "aws_vpc.rdt_vpc",
            "data.aws_ami.Amazon_Linux2",
            "data.aws_availability_zones.available",
            "module.networking.aws_subnet.public_subnet",
            "tls_private_key.ssh"
          ],
          "create_before_destroy": true
        }
      ]
    },
    {
      "mode": "managed",
      "type": "aws_instance",
      "name": "gitlab",
      "provider": "provider[\"registry.terraform.io/hashicorp/aws\"]",
      "instances": [
        {
          "schema_version": 1,
          "attributes": {
            "ami": "ami-07959acd277df99e7",
            "arn": "arn:aws:ec2:us-east-1:690049365056:instance/i-0f6ee0db29e066d34",
            "associate_public_ip_address": true,
            "availability_zone": "us-east-1b",
            "capacity_reservation_specification": [
              {
                "capacity_reservation_preference": "open",
                "capacity_reservation_target": []
              }
            ],
            "cpu_core_count": 1,
            "cpu_threads_per_core": 2,
            "credit_specification": [
              {
                "cpu_credits": "unlimited"
              }
            ],
            "disable_api_termination": false,
            "ebs_block_device": [],
            "ebs_optimized": false,
            "enclave_options": [
              {
                "enabled": false
              }
            ],
            "ephemeral_block_device": [],
            "get_password_data": false,
            "hibernation": false,
            "host_id": null,
            "iam_instance_profile": "",
            "id": "i-0f6ee0db29e066d34",
            "instance_initiated_shutdown_behavior": "stop",
            "instance_state": "running",
            "instance_type": "t3.medium",
            "ipv6_address_count": 0,
            "ipv6_addresses": [],
            "key_name": "sgss_alx_key_pair_default",
            "launch_template": [],
            "metadata_options": [
              {
                "http_endpoint": "enabled",
                "http_put_response_hop_limit": 1,
                "http_tokens": "optional",
                "instance_metadata_tags": "disabled"
              }
            ],
            "monitoring": false,
            "network_interface": [
              {
                "delete_on_termination": false,
                "device_index": 0,
                "network_interface_id": "eni-043eadf74ac3946b5"
              }
            ],
            "outpost_arn": "",
            "password_data": "",
            "placement_group": "",
            "placement_partition_number": null,
            "primary_network_interface_id": "eni-043eadf74ac3946b5",
            "private_dns": "ip-10-4-11-252.ec2.internal",
            "private_ip": "10.4.11.252",
            "public_dns": "",
            "public_ip": "34.235.113.36",
            "root_block_device": [
              {
                "delete_on_termination": true,
                "device_name": "/dev/xvda",
                "encrypted": false,
                "iops": 100,
                "kms_key_id": "",
                "tags": {},
                "throughput": 0,
                "volume_id": "vol-08eb4f5729b0edab4",
                "volume_size": 8,
                "volume_type": "gp2"
              }
            ],
            "secondary_private_ips": [],
            "security_groups": [],
            "source_dest_check": true,
            "subnet_id": "subnet-0e03d91ce404a738f",
            "tags": {
              "HostName": "gitlab.dev.sgssnrl.network",
              "Name": "gitlab-base-for-ami",
              "Project": "RDT_CDO_AWS_Gitlab"
            },
            "tags_all": {
              "HostName": "gitlab.dev.sgssnrl.network",
              "Name": "gitlab-base-for-ami",
              "Project": "RDT_CDO_AWS_Gitlab"
            },
            "tenancy": "default",
            "timeouts": null,
            "user_data": "a3d7d1bb383ead03a12785eecebc861231cb2f45",
            "user_data_base64": null,
            "volume_tags": null,
            "vpc_security_group_ids": [
              "sg-03e833868929021eb",
              "sg-0afd050d888463c57"
            ]
          },
          "sensitive_attributes": [],
          "private": "eyJlMmJmYjczMC1lY2FhLTExZTYtOGY4OC0zNDM2M2JjN2M0YzAiOnsiY3JlYXRlIjo2MDAwMDAwMDAwMDAsImRlbGV0ZSI6MTIwMDAwMDAwMDAwMCwidXBkYXRlIjo2MDAwMDAwMDAwMDB9LCJzY2hlbWFfdmVyc2lvbiI6IjEifQ==",
          "dependencies": [
            "aws_key_pair.generated_key",
            "aws_network_interface.gitlab",
            "aws_security_group.RemoteAccess",
            "aws_security_group.remote_ssh",
            "aws_vpc.rdt_vpc",
            "data.aws_ami.Amazon_Linux2",
            "data.aws_availability_zones.available",
            "module.networking.aws_subnet.public_subnet",
            "tls_private_key.ssh"
          ],
          "create_before_destroy": true
        }
      ]
    },
    {
      "mode": "managed",
      "type": "aws_instance",
      "name": "publichost",
      "provider": "provider[\"registry.terraform.io/hashicorp/aws\"]",
      "instances": [
        {
          "index_key": 0,
          "schema_version": 1,
          "attributes": {
            "ami": "ami-07959acd277df99e7",
            "arn": "arn:aws:ec2:us-east-1:690049365056:instance/i-01d3c3483a020895b",
            "associate_public_ip_address": true,
            "availability_zone": "us-east-1a",
            "capacity_reservation_specification": [
              {
                "capacity_reservation_preference": "open",
                "capacity_reservation_target": []
              }
            ],
            "cpu_core_count": 1,
            "cpu_threads_per_core": 2,
            "credit_specification": [
              {
                "cpu_credits": "unlimited"
              }
            ],
            "disable_api_termination": false,
            "ebs_block_device": [],
            "ebs_optimized": false,
            "enclave_options": [
              {
                "enabled": false
              }
            ],
            "ephemeral_block_device": [],
            "get_password_data": false,
            "hibernation": false,
            "host_id": null,
            "iam_instance_profile": "",
            "id": "i-01d3c3483a020895b",
            "instance_initiated_shutdown_behavior": "stop",
            "instance_state": "running",
            "instance_type": "t3.medium",
            "ipv6_address_count": 0,
            "ipv6_addresses": [],
            "key_name": "sgss_alx_key_pair_default",
            "launch_template": [],
            "metadata_options": [
              {
                "http_endpoint": "enabled",
                "http_put_response_hop_limit": 1,
                "http_tokens": "optional",
                "instance_metadata_tags": "disabled"
              }
            ],
            "monitoring": false,
            "network_interface": [
              {
                "delete_on_termination": false,
                "device_index": 0,
                "network_interface_id": "eni-0f8233eb6530724a7"
              }
            ],
            "outpost_arn": "",
            "password_data": "",
            "placement_group": "",
            "placement_partition_number": null,
            "primary_network_interface_id": "eni-0f8233eb6530724a7",
            "private_dns": "ip-10-4-10-59.ec2.internal",
            "private_ip": "10.4.10.59",
            "public_dns": "",
            "public_ip": "54.226.6.172",
            "root_block_device": [
              {
                "delete_on_termination": true,
                "device_name": "/dev/xvda",
                "encrypted": false,
                "iops": 100,
                "kms_key_id": "",
                "tags": {},
                "throughput": 0,
                "volume_id": "vol-0fa55f7546a111916",
                "volume_size": 8,
                "volume_type": "gp2"
              }
            ],
            "secondary_private_ips": [],
            "security_groups": [],
            "source_dest_check": true,
            "subnet_id": "subnet-01ef6325666d27e16",
            "tags": {
              "HostName": "bastion.gitlab.dev.sgssnrl.network",
              "Name": "AWS-Bastion-1",
              "Project": "RDT_CDO_AWS_Gitlab"
            },
            "tags_all": {
              "HostName": "bastion.gitlab.dev.sgssnrl.network",
              "Name": "AWS-Bastion-1",
              "Project": "RDT_CDO_AWS_Gitlab"
            },
            "tenancy": "default",
            "timeouts": null,
            "user_data": "8f9489e13511b0d1cc6a561fd961b84898d7b5f6",
            "user_data_base64": null,
            "volume_tags": null,
            "vpc_security_group_ids": [
              "sg-03e833868929021eb",
              "sg-0afd050d888463c57"
            ]
          },
          "sensitive_attributes": [],
          "private": "eyJlMmJmYjczMC1lY2FhLTExZTYtOGY4OC0zNDM2M2JjN2M0YzAiOnsiY3JlYXRlIjo2MDAwMDAwMDAwMDAsImRlbGV0ZSI6MTIwMDAwMDAwMDAwMCwidXBkYXRlIjo2MDAwMDAwMDAwMDB9LCJzY2hlbWFfdmVyc2lvbiI6IjEifQ==",
          "dependencies": [
            "aws_key_pair.generated_key",
            "aws_network_interface.public",
            "aws_security_group.RemoteAccess",
            "aws_security_group.remote_ssh",
            "aws_vpc.rdt_vpc",
            "data.aws_ami.Amazon_Linux2",
            "data.aws_availability_zones.available",
            "module.networking.aws_subnet.public_subnet",
            "tls_private_key.ssh"
          ]
        },
        {
          "index_key": 1,
          "schema_version": 1,
          "attributes": {
            "ami": "ami-07959acd277df99e7",
            "arn": "arn:aws:ec2:us-east-1:690049365056:instance/i-020ee1968867d4362",
            "associate_public_ip_address": true,
            "availability_zone": "us-east-1b",
            "capacity_reservation_specification": [
              {
                "capacity_reservation_preference": "open",
                "capacity_reservation_target": []
              }
            ],
            "cpu_core_count": 1,
            "cpu_threads_per_core": 2,
            "credit_specification": [
              {
                "cpu_credits": "unlimited"
              }
            ],
            "disable_api_termination": false,
            "ebs_block_device": [],
            "ebs_optimized": false,
            "enclave_options": [
              {
                "enabled": false
              }
            ],
            "ephemeral_block_device": [],
            "get_password_data": false,
            "hibernation": false,
            "host_id": null,
            "iam_instance_profile": "",
            "id": "i-020ee1968867d4362",
            "instance_initiated_shutdown_behavior": "stop",
            "instance_state": "running",
            "instance_type": "t3.medium",
            "ipv6_address_count": 0,
            "ipv6_addresses": [],
            "key_name": "sgss_alx_key_pair_default",
            "launch_template": [],
            "metadata_options": [
              {
                "http_endpoint": "enabled",
                "http_put_response_hop_limit": 1,
                "http_tokens": "optional",
                "instance_metadata_tags": "disabled"
              }
            ],
            "monitoring": false,
            "network_interface": [
              {
                "delete_on_termination": false,
                "device_index": 0,
                "network_interface_id": "eni-043de1f954b52c66c"
              }
            ],
            "outpost_arn": "",
            "password_data": "",
            "placement_group": "",
            "placement_partition_number": null,
            "primary_network_interface_id": "eni-043de1f954b52c66c",
            "private_dns": "ip-10-4-11-41.ec2.internal",
            "private_ip": "10.4.11.41",
            "public_dns": "",
            "public_ip": "35.153.100.65",
            "root_block_device": [
              {
                "delete_on_termination": true,
                "device_name": "/dev/xvda",
                "encrypted": false,
                "iops": 100,
                "kms_key_id": "",
                "tags": {},
                "throughput": 0,
                "volume_id": "vol-02e786fecb2b49a6f",
                "volume_size": 8,
                "volume_type": "gp2"
              }
            ],
            "secondary_private_ips": [],
            "security_groups": [],
            "source_dest_check": true,
            "subnet_id": "subnet-0e03d91ce404a738f",
            "tags": {
              "HostName": "bastion.gitlab.dev.sgssnrl.network",
              "Name": "AWS-Bastion-2",
              "Project": "RDT_CDO_AWS_Gitlab"
            },
            "tags_all": {
              "HostName": "bastion.gitlab.dev.sgssnrl.network",
              "Name": "AWS-Bastion-2",
              "Project": "RDT_CDO_AWS_Gitlab"
            },
            "tenancy": "default",
            "timeouts": null,
            "user_data": "8f9489e13511b0d1cc6a561fd961b84898d7b5f6",
            "user_data_base64": null,
            "volume_tags": null,
            "vpc_security_group_ids": [
              "sg-03e833868929021eb",
              "sg-0afd050d888463c57"
            ]
          },
          "sensitive_attributes": [],
          "private": "eyJlMmJmYjczMC1lY2FhLTExZTYtOGY4OC0zNDM2M2JjN2M0YzAiOnsiY3JlYXRlIjo2MDAwMDAwMDAwMDAsImRlbGV0ZSI6MTIwMDAwMDAwMDAwMCwidXBkYXRlIjo2MDAwMDAwMDAwMDB9LCJzY2hlbWFfdmVyc2lvbiI6IjEifQ==",
          "dependencies": [
            "aws_key_pair.generated_key",
            "aws_network_interface.public",
            "aws_security_group.RemoteAccess",
            "aws_security_group.remote_ssh",
            "aws_vpc.rdt_vpc",
            "data.aws_ami.Amazon_Linux2",
            "data.aws_availability_zones.available",
            "module.networking.aws_subnet.public_subnet",
            "tls_private_key.ssh"
          ]
        }
      ]
    },
    {
      "mode": "managed",
      "type": "aws_key_pair",
      "name": "generated_key",
      "provider": "provider[\"registry.terraform.io/hashicorp/aws\"]",
      "instances": [
        {
          "schema_version": 1,
          "attributes": {
            "arn": "arn:aws:ec2:us-east-1:690049365056:key-pair/sgss_alx_key_pair_default",
            "fingerprint": "16:90:11:cb:e6:71:d6:8a:f4:2c:63:5e:57:ba:99:7e",
            "id": "sgss_alx_key_pair_default",
            "key_name": "sgss_alx_key_pair_default",
            "key_name_prefix": "",
            "key_pair_id": "key-0cf8162fcd73b3b5b",
            "public_key": "ssh-rsa AAAAB3NzaC1yc2EAAAADAQABAAABAQC11YMH2dBlveiHa+L7+3cZo7tWdM8ZJhqDtz4d56YNWgDrlmuNe2g+CELRsblpZtDi8Sxe3yQwUPGA5SwwhlooT3T0O1uJ16j1xQHpCIItWkcDKQyPxjoypfp63V1G4CxvT0+ojZIdeRiRH3C0FrSWKBEe0m2sGGaGcWiqQ+AEmQiWo0qWhXKbDJUU/pV3oVhTxOLBqeVO+xSBfnD0HQte/uLzJYz+Lq2j0MrYwm7ARz7y/vEKtU0I/Rrgt0mEhMqPOyFOh/Rm1l5dd2rEeJTOXrUVhFj3/xD6QrEAjaIsyaq5thOmx56WsMXURqEnDnexMYtyZmXfl7PUqjMmh19Z",
            "tags": {},
            "tags_all": {}
          },
          "sensitive_attributes": [],
          "private": "eyJzY2hlbWFfdmVyc2lvbiI6IjEifQ==",
          "dependencies": [
            "tls_private_key.ssh"
          ],
          "create_before_destroy": true
        }
      ]
    },
    {
      "mode": "managed",
      "type": "aws_network_interface",
      "name": "gitlab",
      "provider": "provider[\"registry.terraform.io/hashicorp/aws\"]",
      "instances": [
        {
          "schema_version": 0,
          "attributes": {
            "arn": "arn:aws:ec2:us-east-1:690049365056:network-interface/eni-043eadf74ac3946b5",
            "attachment": [
              {
                "attachment_id": "eni-attach-01b6a014b9d11692e",
                "device_index": 0,
                "instance": "i-0f6ee0db29e066d34"
              }
            ],
            "description": "",
            "id": "eni-043eadf74ac3946b5",
            "interface_type": "interface",
            "ipv4_prefix_count": 0,
            "ipv4_prefixes": [],
            "ipv6_address_count": 0,
            "ipv6_address_list": [],
            "ipv6_address_list_enabled": false,
            "ipv6_addresses": [],
            "ipv6_prefix_count": 0,
            "ipv6_prefixes": [],
            "mac_address": "0e:30:1c:ed:d8:e9",
            "outpost_arn": "",
            "owner_id": "690049365056",
            "private_dns_name": "",
            "private_ip": "10.4.11.252",
            "private_ip_list": [
              "10.4.11.252"
            ],
            "private_ip_list_enabled": false,
            "private_ips": [
              "10.4.11.252"
            ],
            "private_ips_count": 0,
            "security_groups": [
              "sg-03e833868929021eb",
              "sg-0afd050d888463c57"
            ],
            "source_dest_check": true,
            "subnet_id": "subnet-0e03d91ce404a738f",
            "tags": {
              "Name": "Public NetWork Interface Gitlab-ami",
              "Project": "RDT_CDO_AWS_Gitlab",
              "Terraform": "true"
            },
            "tags_all": {
              "Name": "Public NetWork Interface Gitlab-ami",
              "Project": "RDT_CDO_AWS_Gitlab",
              "Terraform": "true"
            }
          },
          "sensitive_attributes": [],
          "private": "bnVsbA==",
          "dependencies": [
            "aws_security_group.RemoteAccess",
            "aws_security_group.remote_ssh",
            "aws_vpc.rdt_vpc",
            "data.aws_availability_zones.available",
            "module.networking.aws_subnet.public_subnet"
          ],
          "create_before_destroy": true
        }
      ]
    },
    {
      "mode": "managed",
      "type": "aws_network_interface",
      "name": "public",
      "provider": "provider[\"registry.terraform.io/hashicorp/aws\"]",
      "instances": [
        {
          "index_key": 0,
          "schema_version": 0,
          "attributes": {
            "arn": "arn:aws:ec2:us-east-1:690049365056:network-interface/eni-0f8233eb6530724a7",
            "attachment": [
              {
                "attachment_id": "eni-attach-08dd2bf02a04a78ca",
                "device_index": 0,
                "instance": "i-01d3c3483a020895b"
              }
            ],
            "description": "",
            "id": "eni-0f8233eb6530724a7",
            "interface_type": "interface",
            "ipv4_prefix_count": 0,
            "ipv4_prefixes": [],
            "ipv6_address_count": 0,
            "ipv6_address_list": [],
            "ipv6_address_list_enabled": false,
            "ipv6_addresses": [],
            "ipv6_prefix_count": 0,
            "ipv6_prefixes": [],
            "mac_address": "0a:dd:54:04:9b:cf",
            "outpost_arn": "",
            "owner_id": "690049365056",
            "private_dns_name": "",
            "private_ip": "10.4.10.59",
            "private_ip_list": [
              "10.4.10.59"
            ],
            "private_ip_list_enabled": false,
            "private_ips": [
              "10.4.10.59"
            ],
            "private_ips_count": 0,
            "security_groups": [
              "sg-03e833868929021eb",
              "sg-0afd050d888463c57"
            ],
            "source_dest_check": true,
            "subnet_id": "subnet-01ef6325666d27e16",
            "tags": {
              "Name": "Public NetWork Interface 1",
              "Project": "RDT_CDO_AWS_Gitlab",
              "Terraform": "true"
            },
            "tags_all": {
              "Name": "Public NetWork Interface 1",
              "Project": "RDT_CDO_AWS_Gitlab",
              "Terraform": "true"
            }
          },
          "sensitive_attributes": [],
          "private": "bnVsbA==",
          "dependencies": [
            "aws_security_group.RemoteAccess",
            "aws_security_group.remote_ssh",
            "aws_vpc.rdt_vpc",
            "data.aws_availability_zones.available",
            "module.networking.aws_subnet.public_subnet"
          ]
        },
        {
          "index_key": 1,
          "schema_version": 0,
          "attributes": {
            "arn": "arn:aws:ec2:us-east-1:690049365056:network-interface/eni-043de1f954b52c66c",
            "attachment": [
              {
                "attachment_id": "eni-attach-0123b1222d00233f9",
                "device_index": 0,
                "instance": "i-020ee1968867d4362"
              }
            ],
            "description": "",
            "id": "eni-043de1f954b52c66c",
            "interface_type": "interface",
            "ipv4_prefix_count": 0,
            "ipv4_prefixes": [],
            "ipv6_address_count": 0,
            "ipv6_address_list": [],
            "ipv6_address_list_enabled": false,
            "ipv6_addresses": [],
            "ipv6_prefix_count": 0,
            "ipv6_prefixes": [],
            "mac_address": "0e:2a:3e:1a:97:53",
            "outpost_arn": "",
            "owner_id": "690049365056",
            "private_dns_name": "",
            "private_ip": "10.4.11.41",
            "private_ip_list": [
              "10.4.11.41"
            ],
            "private_ip_list_enabled": false,
            "private_ips": [
              "10.4.11.41"
            ],
            "private_ips_count": 0,
            "security_groups": [
              "sg-03e833868929021eb",
              "sg-0afd050d888463c57"
            ],
            "source_dest_check": true,
            "subnet_id": "subnet-0e03d91ce404a738f",
            "tags": {
              "Name": "Public NetWork Interface 2",
              "Project": "RDT_CDO_AWS_Gitlab",
              "Terraform": "true"
            },
            "tags_all": {
              "Name": "Public NetWork Interface 2",
              "Project": "RDT_CDO_AWS_Gitlab",
              "Terraform": "true"
            }
          },
          "sensitive_attributes": [],
          "private": "bnVsbA==",
          "dependencies": [
            "aws_security_group.RemoteAccess",
            "aws_security_group.remote_ssh",
            "aws_vpc.rdt_vpc",
            "data.aws_availability_zones.available",
            "module.networking.aws_subnet.public_subnet"
          ]
        }
      ]
    },
    {
      "mode": "managed",
      "type": "aws_security_group",
      "name": "RemoteAccess",
      "provider": "provider[\"registry.terraform.io/hashicorp/aws\"]",
      "instances": [
        {
          "schema_version": 1,
          "attributes": {
            "arn": "arn:aws:ec2:us-east-1:690049365056:security-group/sg-0afd050d888463c57",
            "description": "Allow http web sites",
            "egress": [
              {
                "cidr_blocks": [
                  "0.0.0.0/0"
                ],
                "description": "",
                "from_port": 0,
                "ipv6_cidr_blocks": [
                  "::/0"
                ],
                "prefix_list_ids": [],
                "protocol": "-1",
                "security_groups": [],
                "self": false,
                "to_port": 0
              }
            ],
            "id": "sg-0afd050d888463c57",
            "ingress": [
              {
                "cidr_blocks": [
                  "0.0.0.0/0"
                ],
                "description": "allow http",
                "from_port": 80,
                "ipv6_cidr_blocks": [],
                "prefix_list_ids": [],
                "protocol": "tcp",
                "security_groups": [],
                "self": false,
                "to_port": 80
              },
              {
                "cidr_blocks": [
                  "0.0.0.0/0"
                ],
                "description": "allow https",
                "from_port": 443,
                "ipv6_cidr_blocks": [],
                "prefix_list_ids": [],
                "protocol": "tcp",
                "security_groups": [],
                "self": false,
                "to_port": 443
              }
            ],
            "name": "RemoteAccess",
            "name_prefix": "",
            "owner_id": "690049365056",
            "revoke_rules_on_delete": false,
            "tags": {
              "Name": "RemoteAccess",
              "Project": "RDT_CDO_AWS_Gitlab",
              "Terraform": "true"
            },
            "tags_all": {
              "Name": "RemoteAccess",
              "Project": "RDT_CDO_AWS_Gitlab",
              "Terraform": "true"
            },
            "timeouts": null,
            "vpc_id": "vpc-01215ec8629b1f5a5"
          },
          "sensitive_attributes": [],
          "private": "eyJlMmJmYjczMC1lY2FhLTExZTYtOGY4OC0zNDM2M2JjN2M0YzAiOnsiY3JlYXRlIjo2MDAwMDAwMDAwMDAsImRlbGV0ZSI6OTAwMDAwMDAwMDAwfSwic2NoZW1hX3ZlcnNpb24iOiIxIn0=",
          "dependencies": [
            "aws_vpc.rdt_vpc"
          ],
          "create_before_destroy": true
        }
      ]
    },
    {
      "mode": "managed",
      "type": "aws_security_group",
      "name": "open_ssh",
      "provider": "provider[\"registry.terraform.io/hashicorp/aws\"]",
      "instances": [
        {
          "schema_version": 1,
          "attributes": {
            "arn": "arn:aws:ec2:us-east-1:690049365056:security-group/sg-093daac6a33342235",
            "description": "Allow ssh from/to anywhere",
            "egress": [
              {
                "cidr_blocks": [
                  "0.0.0.0/0"
                ],
                "description": "",
                "from_port": 0,
                "ipv6_cidr_blocks": [
                  "::/0"
                ],
                "prefix_list_ids": [],
                "protocol": "-1",
                "security_groups": [],
                "self": false,
                "to_port": 0
              }
            ],
            "id": "sg-093daac6a33342235",
            "ingress": [
              {
                "cidr_blocks": [
                  "0.0.0.0/0"
                ],
                "description": "allow http",
                "from_port": 22,
                "ipv6_cidr_blocks": [],
                "prefix_list_ids": [],
                "protocol": "tcp",
                "security_groups": [],
                "self": false,
                "to_port": 22
              }
            ],
            "name": "all_ssh",
            "name_prefix": "",
            "owner_id": "690049365056",
            "revoke_rules_on_delete": false,
            "tags": {
              "Name": "sg-all_ssh",
              "Project": "RDT_CDO_AWS_Gitlab",
              "Terraform": "true"
            },
            "tags_all": {
              "Name": "sg-all_ssh",
              "Project": "RDT_CDO_AWS_Gitlab",
              "Terraform": "true"
            },
            "timeouts": null,
            "vpc_id": "vpc-01215ec8629b1f5a5"
          },
          "sensitive_attributes": [],
          "private": "eyJlMmJmYjczMC1lY2FhLTExZTYtOGY4OC0zNDM2M2JjN2M0YzAiOnsiY3JlYXRlIjo2MDAwMDAwMDAwMDAsImRlbGV0ZSI6OTAwMDAwMDAwMDAwfSwic2NoZW1hX3ZlcnNpb24iOiIxIn0=",
          "dependencies": [
            "aws_vpc.rdt_vpc"
          ],
          "create_before_destroy": true
        }
      ]
    },
    {
      "mode": "managed",
      "type": "aws_security_group",
      "name": "remote_ssh",
      "provider": "provider[\"registry.terraform.io/hashicorp/aws\"]",
      "instances": [
        {
          "schema_version": 1,
          "attributes": {
            "arn": "arn:aws:ec2:us-east-1:690049365056:security-group/sg-03e833868929021eb",
            "description": "Allow http web sites",
            "egress": [],
            "id": "sg-03e833868929021eb",
            "ingress": [
              {
                "cidr_blocks": [
                  "96.255.55.4/32",
                  "70.168.178.194/32",
                  "172.58.228.37/32"
                ],
                "description": "Allow remote SSH access",
                "from_port": 22,
                "ipv6_cidr_blocks": [],
                "prefix_list_ids": [],
                "protocol": "tcp",
                "security_groups": [],
                "self": false,
                "to_port": 22
              }
            ],
            "name": "RemoteSSH",
            "name_prefix": "",
            "owner_id": "690049365056",
            "revoke_rules_on_delete": false,
            "tags": {
              "Name": "RemoteSSH",
              "Project": "RDT_CDO_AWS_Gitlab",
              "Terraform": "true"
            },
            "tags_all": {
              "Name": "RemoteSSH",
              "Project": "RDT_CDO_AWS_Gitlab",
              "Terraform": "true"
            },
            "timeouts": null,
            "vpc_id": "vpc-01215ec8629b1f5a5"
          },
          "sensitive_attributes": [],
          "private": "eyJlMmJmYjczMC1lY2FhLTExZTYtOGY4OC0zNDM2M2JjN2M0YzAiOnsiY3JlYXRlIjo2MDAwMDAwMDAwMDAsImRlbGV0ZSI6OTAwMDAwMDAwMDAwfSwic2NoZW1hX3ZlcnNpb24iOiIxIn0=",
          "dependencies": [
            "aws_vpc.rdt_vpc"
          ],
          "create_before_destroy": true
        }
      ]
    },
    {
      "mode": "managed",
      "type": "aws_security_group_rule",
      "name": "sgr_remote_ssh",
      "provider": "provider[\"registry.terraform.io/hashicorp/aws\"]",
      "instances": [
        {
          "schema_version": 2,
          "attributes": {
            "cidr_blocks": [
              "96.255.55.4/32",
              "70.168.178.194/32",
              "172.58.228.37/32"
            ],
            "description": "Allow remote SSH access",
            "from_port": 22,
            "id": "sgrule-1349034003",
            "ipv6_cidr_blocks": [],
            "prefix_list_ids": [],
            "protocol": "tcp",
            "security_group_id": "sg-03e833868929021eb",
            "self": false,
            "source_security_group_id": null,
            "to_port": 22,
            "type": "ingress"
          },
          "sensitive_attributes": [],
          "private": "eyJzY2hlbWFfdmVyc2lvbiI6IjIifQ==",
          "dependencies": [
            "aws_security_group.remote_ssh",
            "aws_vpc.rdt_vpc"
          ]
        }
      ]
    },
    {
      "mode": "managed",
      "type": "aws_vpc",
      "name": "rdt_vpc",
      "provider": "provider[\"registry.terraform.io/hashicorp/aws\"]",
      "instances": [
        {
          "schema_version": 1,
          "attributes": {
            "arn": "arn:aws:ec2:us-east-1:690049365056:vpc/vpc-01215ec8629b1f5a5",
            "assign_generated_ipv6_cidr_block": false,
            "cidr_block": "10.4.0.0/16",
            "default_network_acl_id": "acl-0ecd8da49794d1b69",
            "default_route_table_id": "rtb-083cab73e04e87c31",
            "default_security_group_id": "sg-0b679a3cb46976016",
            "dhcp_options_id": "dopt-057f3fcc5ca5c6199",
            "enable_classiclink": false,
            "enable_classiclink_dns_support": false,
            "enable_dns_hostnames": false,
            "enable_dns_support": true,
            "id": "vpc-01215ec8629b1f5a5",
            "instance_tenancy": "default",
            "ipv4_ipam_pool_id": null,
            "ipv4_netmask_length": null,
            "ipv6_association_id": "",
            "ipv6_cidr_block": "",
            "ipv6_cidr_block_network_border_group": "",
            "ipv6_ipam_pool_id": "",
            "ipv6_netmask_length": 0,
            "main_route_table_id": "rtb-083cab73e04e87c31",
            "owner_id": "690049365056",
            "tags": {
              "Environment": "PROD",
              "Managed_By": "RDT-gov",
              "Name": "RDT-vpc",
              "ResponsibleParty": "AntennaServices"
            },
            "tags_all": {
              "Environment": "PROD",
              "Managed_By": "RDT-gov",
              "Name": "RDT-vpc",
              "ResponsibleParty": "AntennaServices"
            }
          },
          "sensitive_attributes": [],
          "private": "eyJzY2hlbWFfdmVyc2lvbiI6IjEifQ==",
          "create_before_destroy": true
        }
      ]
    },
    {
      "mode": "managed",
      "type": "local_file",
      "name": "inventory",
      "provider": "provider[\"registry.terraform.io/hashicorp/local\"]",
      "instances": [
        {
          "schema_version": 0,
          "attributes": {
            "content": "[aws]\n\n    gitlab-base-for-ami    ansible_ssh_host=34.235.113.36  server_host_name=gitlab.dev.sgssnrl.network\n\n[aws:vars]\nansible_user = ec2-user\n; ansible_python_interpreter = /usr/bin/python3\nansible_python_interpreter = /usr/bin/python2.7\nhost_key_checking = false\nansible_become = true\nansible_ssh_private_key_file=~/.ssh/sgss_alx_key_pair_default.pem\n",
            "content_base64": null,
            "directory_permission": "0700",
            "file_permission": "0600",
            "filename": "inventory.ini",
            "id": "a08dd05774d308aef453c61c9d5abc494be2efb0",
            "sensitive_content": null,
            "source": null
          },
          "sensitive_attributes": [],
          "private": "bnVsbA==",
          "dependencies": [
            "aws_instance.gitlab",
            "aws_key_pair.generated_key",
            "aws_network_interface.gitlab",
            "aws_security_group.RemoteAccess",
            "aws_security_group.remote_ssh",
            "aws_vpc.rdt_vpc",
            "data.aws_ami.Amazon_Linux2",
            "data.aws_availability_zones.available",
            "data.template_file.aws_ec2_servers",
            "module.networking.aws_subnet.public_subnet",
            "tls_private_key.ssh"
          ]
        }
      ]
    },
    {
      "mode": "managed",
      "type": "local_file",
      "name": "ssh_key_file",
      "provider": "provider[\"registry.terraform.io/hashicorp/local\"]",
      "instances": [
        {
          "schema_version": 0,
          "attributes": {
            "content": "-----BEGIN RSA PRIVATE KEY-----\nMIIEowIBAAKCAQEAtdWDB9nQZb3oh2vi+/t3GaO7VnTPGSYag7c+HeemDVoA65Zr\njXtoPghC0bG5aWbQ4vEsXt8kMFDxgOUsMIZaKE909Dtbideo9cUB6QiCLVpHAykM\nj8Y6MqX6et1dRuAsb09PqI2SHXkYkR9wtBa0ligRHtJtrBhmhnFoqkPgBJkIlqNK\nloVymwyVFP6Vd6FYU8TiwanlTvsUgX5w9B0LXv7i8yWM/i6to9DK2MJuwEc+8v7x\nCrVNCP0a4LdJhITKjzshTof0ZtZeXXdqxHiUzl61FYRY9/8Q+kKxAI2iLMmqubYT\npseelrDF1EahJw53sTGLcmZl35ez1KozJodfWQIDAQABAoIBAQCfaQrRpCwmNiKY\nLoY1YRTd/oPrXMZ/Br+x/8DOWNpj1CcAYsPxqmIOGBH0YnnpJME2ZDcBCWFhlmTT\nGpbuB6scseQXhb5PjyjKJifxk4sElaOx6pffp+o3ovmAI3d1/mwWPZLZcxvJCPP3\nrneQ+mLhTUkNG3AYst+XN++Jba4EeGaH/gXle2X/9tjBA+WK2ywlKtup5GZiTzc5\nBVyEL+W61S2MSNE0Xei6KQQqNQ/Kyc0TyWAxwAsZYDAmmfb7/1NYJgR9aQ2v1Ugd\nkwPVCZ8VeG7Ziy4rmDSRyZrRFXV4XJO5kGzwtCjCDQGsD1MBuVXBnMtaihf7DGU2\ncRSOKD4BAoGBAOPpBwqtUOHtb9AvaTj7XIB0XfOs7+O3FsbKtcVo4uzbKOPtfJaM\ngllZcfHY5JDiU4nccnIeh4+smtyKqLJHsSgx7Pzt904/wf27/gWURMv3gbCD2FHe\n5nSqBMlioOnWIA8h+PjbwvoyGykp8mILYbP2NYvtWE6MrtafDE5ot7LBAoGBAMw+\nspPUwcolSsgh2i5RJNMqfSaM9BI3/Ek4vVGyjQRjYHjTD1VxPrKCdaHon/tkEJJd\n8Jno8n92AcoaLmo6CBf6e0VI6XaaM13nj6iMehy1MtLTfanUJKK9EOwS7dqSeaD7\nw134cE6DeNxfQXPGF+zvxKQh9Yrk6BZwTQzOQgqZAoGAOlN0neLlBCzDpL+9afvK\nHIWrVaU4b0p35cAS7MZ+7KbZvBsW+2BSK5OceYxMUlfZkTp9f38Yqkg+CZriuV1n\nlSXRxJkR5VCj0M+/nqXnRVu+MPJM9gbZa5nnR7KaA73sznKfSPDU4TrZgJtfkH/h\nLTEhWwIOy2ttgzeI6rgZ6wECgYALhYnrXvgjoCDs00QMktVB+EahExh9opzfwIyl\nfC4KTlTV3AokZsQDq+pY3NeRhd6NczEsbYCogg6tyPZPVcC5IY8spGVPJHm7VWG8\nP1hwICSi0f1nxCjg6Ut4FcVHLDYiR7GIrogfVblOrSzzC/yzh/8Oxz+juzAAfAtM\nqqH9GQKBgEQPojmVTFi9PkQ10NsIDg6NobL//uh2KbPhevlnLdqvGOp0mXzFWeDm\nRZlypM3FGBauSbcFkiEX9JtNNzJ6Yr7qULCYd3G/nEI1PD5JD/5q4FVWygmRT6qN\nNXvIMiLIEvRSn76kIbvJYDeQXklo6K8HakivJnwg/absFDa7Em18\n-----END RSA PRIVATE KEY-----\n",
            "content_base64": null,
            "directory_permission": "700",
            "file_permission": "600",
            "filename": "C:\\Users\\Admin\\.ssh\\sgss_alx_key_pair_default.pem",
            "id": "88a8b0b284555bbaab8ed78a11d91be88b627d3e",
            "sensitive_content": null,
            "source": null
          },
          "sensitive_attributes": [
            [
              {
                "type": "get_attr",
                "value": "content"
              }
            ]
          ],
          "private": "bnVsbA==",
          "dependencies": [
            "tls_private_key.ssh"
          ]
        }
      ]
    },
    {
      "mode": "managed",
      "type": "tls_private_key",
      "name": "ssh",
      "provider": "provider[\"registry.terraform.io/hashicorp/tls\"]",
      "instances": [
        {
          "schema_version": 0,
          "attributes": {
            "algorithm": "RSA",
            "ecdsa_curve": "P224",
            "id": "2ab44ddfc00475e17df8458f4520c1574af1dc9a",
            "private_key_pem": "-----BEGIN RSA PRIVATE KEY-----\nMIIEowIBAAKCAQEAtdWDB9nQZb3oh2vi+/t3GaO7VnTPGSYag7c+HeemDVoA65Zr\njXtoPghC0bG5aWbQ4vEsXt8kMFDxgOUsMIZaKE909Dtbideo9cUB6QiCLVpHAykM\nj8Y6MqX6et1dRuAsb09PqI2SHXkYkR9wtBa0ligRHtJtrBhmhnFoqkPgBJkIlqNK\nloVymwyVFP6Vd6FYU8TiwanlTvsUgX5w9B0LXv7i8yWM/i6to9DK2MJuwEc+8v7x\nCrVNCP0a4LdJhITKjzshTof0ZtZeXXdqxHiUzl61FYRY9/8Q+kKxAI2iLMmqubYT\npseelrDF1EahJw53sTGLcmZl35ez1KozJodfWQIDAQABAoIBAQCfaQrRpCwmNiKY\nLoY1YRTd/oPrXMZ/Br+x/8DOWNpj1CcAYsPxqmIOGBH0YnnpJME2ZDcBCWFhlmTT\nGpbuB6scseQXhb5PjyjKJifxk4sElaOx6pffp+o3ovmAI3d1/mwWPZLZcxvJCPP3\nrneQ+mLhTUkNG3AYst+XN++Jba4EeGaH/gXle2X/9tjBA+WK2ywlKtup5GZiTzc5\nBVyEL+W61S2MSNE0Xei6KQQqNQ/Kyc0TyWAxwAsZYDAmmfb7/1NYJgR9aQ2v1Ugd\nkwPVCZ8VeG7Ziy4rmDSRyZrRFXV4XJO5kGzwtCjCDQGsD1MBuVXBnMtaihf7DGU2\ncRSOKD4BAoGBAOPpBwqtUOHtb9AvaTj7XIB0XfOs7+O3FsbKtcVo4uzbKOPtfJaM\ngllZcfHY5JDiU4nccnIeh4+smtyKqLJHsSgx7Pzt904/wf27/gWURMv3gbCD2FHe\n5nSqBMlioOnWIA8h+PjbwvoyGykp8mILYbP2NYvtWE6MrtafDE5ot7LBAoGBAMw+\nspPUwcolSsgh2i5RJNMqfSaM9BI3/Ek4vVGyjQRjYHjTD1VxPrKCdaHon/tkEJJd\n8Jno8n92AcoaLmo6CBf6e0VI6XaaM13nj6iMehy1MtLTfanUJKK9EOwS7dqSeaD7\nw134cE6DeNxfQXPGF+zvxKQh9Yrk6BZwTQzOQgqZAoGAOlN0neLlBCzDpL+9afvK\nHIWrVaU4b0p35cAS7MZ+7KbZvBsW+2BSK5OceYxMUlfZkTp9f38Yqkg+CZriuV1n\nlSXRxJkR5VCj0M+/nqXnRVu+MPJM9gbZa5nnR7KaA73sznKfSPDU4TrZgJtfkH/h\nLTEhWwIOy2ttgzeI6rgZ6wECgYALhYnrXvgjoCDs00QMktVB+EahExh9opzfwIyl\nfC4KTlTV3AokZsQDq+pY3NeRhd6NczEsbYCogg6tyPZPVcC5IY8spGVPJHm7VWG8\nP1hwICSi0f1nxCjg6Ut4FcVHLDYiR7GIrogfVblOrSzzC/yzh/8Oxz+juzAAfAtM\nqqH9GQKBgEQPojmVTFi9PkQ10NsIDg6NobL//uh2KbPhevlnLdqvGOp0mXzFWeDm\nRZlypM3FGBauSbcFkiEX9JtNNzJ6Yr7qULCYd3G/nEI1PD5JD/5q4FVWygmRT6qN\nNXvIMiLIEvRSn76kIbvJYDeQXklo6K8HakivJnwg/absFDa7Em18\n-----END RSA PRIVATE KEY-----\n",
            "public_key_fingerprint_md5": "93:a1:ae:d2:af:06:d0:a8:76:d5:51:3f:21:a0:e4:61",
            "public_key_openssh": "ssh-rsa AAAAB3NzaC1yc2EAAAADAQABAAABAQC11YMH2dBlveiHa+L7+3cZo7tWdM8ZJhqDtz4d56YNWgDrlmuNe2g+CELRsblpZtDi8Sxe3yQwUPGA5SwwhlooT3T0O1uJ16j1xQHpCIItWkcDKQyPxjoypfp63V1G4CxvT0+ojZIdeRiRH3C0FrSWKBEe0m2sGGaGcWiqQ+AEmQiWo0qWhXKbDJUU/pV3oVhTxOLBqeVO+xSBfnD0HQte/uLzJYz+Lq2j0MrYwm7ARz7y/vEKtU0I/Rrgt0mEhMqPOyFOh/Rm1l5dd2rEeJTOXrUVhFj3/xD6QrEAjaIsyaq5thOmx56WsMXURqEnDnexMYtyZmXfl7PUqjMmh19Z\n",
            "public_key_pem": "-----BEGIN PUBLIC KEY-----\nMIIBIjANBgkqhkiG9w0BAQEFAAOCAQ8AMIIBCgKCAQEAtdWDB9nQZb3oh2vi+/t3\nGaO7VnTPGSYag7c+HeemDVoA65ZrjXtoPghC0bG5aWbQ4vEsXt8kMFDxgOUsMIZa\nKE909Dtbideo9cUB6QiCLVpHAykMj8Y6MqX6et1dRuAsb09PqI2SHXkYkR9wtBa0\nligRHtJtrBhmhnFoqkPgBJkIlqNKloVymwyVFP6Vd6FYU8TiwanlTvsUgX5w9B0L\nXv7i8yWM/i6to9DK2MJuwEc+8v7xCrVNCP0a4LdJhITKjzshTof0ZtZeXXdqxHiU\nzl61FYRY9/8Q+kKxAI2iLMmqubYTpseelrDF1EahJw53sTGLcmZl35ez1KozJodf\nWQIDAQAB\n-----END PUBLIC KEY-----\n",
            "rsa_bits": 2048
          },
          "sensitive_attributes": [],
          "private": "bnVsbA==",
          "create_before_destroy": true
        }
      ]
    },
    {
      "module": "module.alb",
      "mode": "managed",
      "type": "aws_alb",
      "name": "alb",
      "provider": "provider[\"registry.terraform.io/hashicorp/aws\"]",
      "instances": [
        {
          "schema_version": 0,
          "attributes": {
            "access_logs": [
              {
                "bucket": "",
                "enabled": false,
                "prefix": ""
              }
            ],
            "arn": "arn:aws:elasticloadbalancing:us-east-1:690049365056:loadbalancer/app/Gitlab-ALB/98630dbb975e8498",
            "arn_suffix": "app/Gitlab-ALB/98630dbb975e8498",
            "customer_owned_ipv4_pool": "",
            "desync_mitigation_mode": "defensive",
            "dns_name": "Gitlab-ALB-694693839.us-east-1.elb.amazonaws.com",
            "drop_invalid_header_fields": false,
            "enable_cross_zone_load_balancing": null,
            "enable_deletion_protection": false,
            "enable_http2": true,
            "enable_waf_fail_open": false,
            "id": "arn:aws:elasticloadbalancing:us-east-1:690049365056:loadbalancer/app/Gitlab-ALB/98630dbb975e8498",
            "idle_timeout": 60,
            "internal": false,
            "ip_address_type": "ipv4",
            "load_balancer_type": "application",
            "name": "Gitlab-ALB",
            "name_prefix": null,
            "security_groups": [
              "sg-0e782ba434f3fe206"
            ],
            "subnet_mapping": [
              {
                "allocation_id": "",
                "ipv6_address": "",
                "outpost_id": "",
                "private_ipv4_address": "",
                "subnet_id": "subnet-01ef6325666d27e16"
              },
              {
                "allocation_id": "",
                "ipv6_address": "",
                "outpost_id": "",
                "private_ipv4_address": "",
                "subnet_id": "subnet-0e03d91ce404a738f"
              }
            ],
            "subnets": [
              "subnet-01ef6325666d27e16",
              "subnet-0e03d91ce404a738f"
            ],
            "tags": {
              "Name": "GitLab ALB",
              "Project": "RDT_CDO_AWS_Gitlab",
              "Terraform": "true"
            },
            "tags_all": {
              "Name": "GitLab ALB",
              "Project": "RDT_CDO_AWS_Gitlab",
              "Terraform": "true"
            },
            "timeouts": null,
            "vpc_id": "vpc-01215ec8629b1f5a5",
            "zone_id": "Z35SXDOTRQ7X7K"
          },
          "sensitive_attributes": [],
          "private": "eyJlMmJmYjczMC1lY2FhLTExZTYtOGY4OC0zNDM2M2JjN2M0YzAiOnsiY3JlYXRlIjo2MDAwMDAwMDAwMDAsImRlbGV0ZSI6NjAwMDAwMDAwMDAwLCJ1cGRhdGUiOjYwMDAwMDAwMDAwMH19",
          "dependencies": [
            "aws_vpc.rdt_vpc",
            "data.aws_availability_zones.available",
            "module.alb.aws_security_group.alb",
            "module.networking.aws_subnet.public_subnet"
          ]
        }
      ]
    },
    {
      "module": "module.alb",
      "mode": "managed",
      "type": "aws_alb_listener",
      "name": "http",
      "provider": "provider[\"registry.terraform.io/hashicorp/aws\"]",
      "instances": [
        {
          "schema_version": 0,
          "attributes": {
            "alpn_policy": null,
            "arn": "arn:aws:elasticloadbalancing:us-east-1:690049365056:listener/app/Gitlab-ALB/98630dbb975e8498/e141ab24b6279221",
            "certificate_arn": null,
            "default_action": [
              {
                "authenticate_cognito": [],
                "authenticate_oidc": [],
                "fixed_response": [
                  {
                    "content_type": "text/plain",
                    "message_body": " Site Not Found",
                    "status_code": "200"
                  }
                ],
                "forward": [],
                "order": 1,
                "redirect": [],
                "target_group_arn": "",
                "type": "fixed-response"
              }
            ],
            "id": "arn:aws:elasticloadbalancing:us-east-1:690049365056:listener/app/Gitlab-ALB/98630dbb975e8498/e141ab24b6279221",
            "load_balancer_arn": "arn:aws:elasticloadbalancing:us-east-1:690049365056:loadbalancer/app/Gitlab-ALB/98630dbb975e8498",
            "port": 80,
            "protocol": "HTTP",
            "ssl_policy": "",
            "tags": {},
            "tags_all": {},
            "timeouts": null
          },
          "sensitive_attributes": [],
          "private": "eyJlMmJmYjczMC1lY2FhLTExZTYtOGY4OC0zNDM2M2JjN2M0YzAiOnsicmVhZCI6NjAwMDAwMDAwMDAwfX0=",
          "dependencies": [
            "aws_vpc.rdt_vpc",
            "data.aws_availability_zones.available",
            "module.alb.aws_alb.alb",
            "module.alb.aws_security_group.alb",
            "module.networking.aws_subnet.public_subnet"
          ]
        }
      ]
    },
    {
      "module": "module.alb",
      "mode": "managed",
      "type": "aws_alb_listener_rule",
      "name": "high",
      "provider": "provider[\"registry.terraform.io/hashicorp/aws\"]",
      "instances": [
        {
          "schema_version": 0,
          "attributes": {
            "action": [
              {
                "authenticate_cognito": [],
                "authenticate_oidc": [],
                "fixed_response": [],
                "forward": [],
                "order": 1,
                "redirect": [],
                "target_group_arn": "arn:aws:elasticloadbalancing:us-east-1:690049365056:targetgroup/DevSecOpsHigh/bc254efc87368dde",
                "type": "forward"
              }
            ],
            "arn": "arn:aws:elasticloadbalancing:us-east-1:690049365056:listener-rule/app/Gitlab-ALB/98630dbb975e8498/e141ab24b6279221/a87926710b66a9ea",
            "condition": [
              {
                "host_header": [
                  {
                    "values": [
                      "myprivate.high.private"
                    ]
                  }
                ],
                "http_header": [],
                "http_request_method": [],
                "path_pattern": [],
                "query_string": [],
                "source_ip": []
              }
            ],
            "id": "arn:aws:elasticloadbalancing:us-east-1:690049365056:listener-rule/app/Gitlab-ALB/98630dbb975e8498/e141ab24b6279221/a87926710b66a9ea",
            "listener_arn": "arn:aws:elasticloadbalancing:us-east-1:690049365056:listener/app/Gitlab-ALB/98630dbb975e8498/e141ab24b6279221",
            "priority": 100,
            "tags": {},
            "tags_all": {}
          },
          "sensitive_attributes": [],
          "private": "bnVsbA==",
          "dependencies": [
            "aws_vpc.rdt_vpc",
            "data.aws_availability_zones.available",
            "module.alb.aws_alb.alb",
            "module.alb.aws_alb_listener.http",
            "module.alb.aws_alb_target_group.high",
            "module.alb.aws_security_group.alb",
            "module.networking.aws_subnet.public_subnet"
          ]
        }
      ]
    },
    {
      "module": "module.alb",
      "mode": "managed",
      "type": "aws_alb_listener_rule",
      "name": "low",
      "provider": "provider[\"registry.terraform.io/hashicorp/aws\"]",
      "instances": [
        {
          "schema_version": 0,
          "attributes": {
            "action": [
              {
                "authenticate_cognito": [],
                "authenticate_oidc": [],
                "fixed_response": [],
                "forward": [],
                "order": 1,
                "redirect": [],
                "target_group_arn": "arn:aws:elasticloadbalancing:us-east-1:690049365056:targetgroup/DevSecOpsLow/75f4cfe6bc4baa51",
                "type": "forward"
              }
            ],
            "arn": "arn:aws:elasticloadbalancing:us-east-1:690049365056:listener-rule/app/Gitlab-ALB/98630dbb975e8498/e141ab24b6279221/889e53d493db802f",
            "condition": [
              {
                "host_header": [
                  {
                    "values": [
                      "myprivate.low.private"
                    ]
                  }
                ],
                "http_header": [],
                "http_request_method": [],
                "path_pattern": [],
                "query_string": [],
                "source_ip": []
              }
            ],
            "id": "arn:aws:elasticloadbalancing:us-east-1:690049365056:listener-rule/app/Gitlab-ALB/98630dbb975e8498/e141ab24b6279221/889e53d493db802f",
            "listener_arn": "arn:aws:elasticloadbalancing:us-east-1:690049365056:listener/app/Gitlab-ALB/98630dbb975e8498/e141ab24b6279221",
            "priority": 200,
            "tags": {},
            "tags_all": {}
          },
          "sensitive_attributes": [],
          "private": "bnVsbA==",
          "dependencies": [
            "aws_vpc.rdt_vpc",
            "data.aws_availability_zones.available",
            "module.alb.aws_alb.alb",
            "module.alb.aws_alb_listener.http",
            "module.alb.aws_alb_target_group.low",
            "module.alb.aws_security_group.alb",
            "module.networking.aws_subnet.public_subnet"
          ]
        }
      ]
    },
    {
      "module": "module.alb",
      "mode": "managed",
      "type": "aws_alb_target_group",
      "name": "high",
      "provider": "provider[\"registry.terraform.io/hashicorp/aws\"]",
      "instances": [
        {
          "schema_version": 0,
          "attributes": {
            "arn": "arn:aws:elasticloadbalancing:us-east-1:690049365056:targetgroup/DevSecOpsHigh/bc254efc87368dde",
            "arn_suffix": "targetgroup/DevSecOpsHigh/bc254efc87368dde",
            "connection_termination": false,
            "deregistration_delay": "60",
            "health_check": [
              {
                "enabled": true,
                "healthy_threshold": 3,
                "interval": 30,
                "matcher": "200",
                "path": "/login",
                "port": "80",
                "protocol": "HTTP",
                "timeout": 5,
                "unhealthy_threshold": 3
              }
            ],
            "id": "arn:aws:elasticloadbalancing:us-east-1:690049365056:targetgroup/DevSecOpsHigh/bc254efc87368dde",
            "lambda_multi_value_headers_enabled": false,
            "load_balancing_algorithm_type": "round_robin",
            "name": "DevSecOpsHigh",
            "name_prefix": null,
            "port": 80,
            "preserve_client_ip": null,
            "protocol": "HTTP",
            "protocol_version": "HTTP1",
            "proxy_protocol_v2": false,
            "slow_start": 0,
            "stickiness": [
              {
                "cookie_duration": 60,
                "cookie_name": "",
                "enabled": false,
                "type": "lb_cookie"
              }
            ],
            "tags": {},
            "tags_all": {},
            "target_type": "instance",
            "vpc_id": "vpc-01215ec8629b1f5a5"
          },
          "sensitive_attributes": [],
          "private": "bnVsbA==",
          "dependencies": [
            "aws_vpc.rdt_vpc"
          ],
          "create_before_destroy": true
        }
      ]
    },
    {
      "module": "module.alb",
      "mode": "managed",
      "type": "aws_alb_target_group",
      "name": "low",
      "provider": "provider[\"registry.terraform.io/hashicorp/aws\"]",
      "instances": [
        {
          "schema_version": 0,
          "attributes": {
            "arn": "arn:aws:elasticloadbalancing:us-east-1:690049365056:targetgroup/DevSecOpsLow/75f4cfe6bc4baa51",
            "arn_suffix": "targetgroup/DevSecOpsLow/75f4cfe6bc4baa51",
            "connection_termination": false,
            "deregistration_delay": "60",
            "health_check": [
              {
                "enabled": true,
                "healthy_threshold": 3,
                "interval": 30,
                "matcher": "200",
                "path": "/login",
                "port": "80",
                "protocol": "HTTP",
                "timeout": 5,
                "unhealthy_threshold": 3
              }
            ],
            "id": "arn:aws:elasticloadbalancing:us-east-1:690049365056:targetgroup/DevSecOpsLow/75f4cfe6bc4baa51",
            "lambda_multi_value_headers_enabled": false,
            "load_balancing_algorithm_type": "round_robin",
            "name": "DevSecOpsLow",
            "name_prefix": null,
            "port": 80,
            "preserve_client_ip": null,
            "protocol": "HTTP",
            "protocol_version": "HTTP1",
            "proxy_protocol_v2": false,
            "slow_start": 0,
            "stickiness": [
              {
                "cookie_duration": 60,
                "cookie_name": "",
                "enabled": false,
                "type": "lb_cookie"
              }
            ],
            "tags": {},
            "tags_all": {},
            "target_type": "instance",
            "vpc_id": "vpc-01215ec8629b1f5a5"
          },
          "sensitive_attributes": [],
          "private": "bnVsbA==",
          "dependencies": [
            "aws_vpc.rdt_vpc"
          ],
          "create_before_destroy": true
        }
      ]
    },
    {
      "module": "module.alb",
      "mode": "managed",
      "type": "aws_autoscaling_group",
      "name": "high",
      "provider": "provider[\"registry.terraform.io/hashicorp/aws\"]",
      "instances": [
        {
          "schema_version": 0,
          "attributes": {
            "arn": "arn:aws:autoscaling:us-east-1:690049365056:autoScalingGroup:6a2c8baf-7b5c-48ad-9002-532e87e2c0b1:autoScalingGroupName/DevSecOpsHigh20220407232518853800000003",
            "availability_zones": [
              "us-east-1a"
            ],
            "capacity_rebalance": false,
            "default_cooldown": 300,
            "desired_capacity": 1,
            "enabled_metrics": [],
            "force_delete": false,
            "force_delete_warm_pool": false,
            "health_check_grace_period": 300,
            "health_check_type": "EC2",
            "id": "DevSecOpsHigh20220407232518853800000003",
            "initial_lifecycle_hook": [],
            "instance_refresh": [],
            "launch_configuration": "AWS-Gitlab-20220408043936592600000002",
            "launch_template": [],
            "load_balancers": [],
            "max_instance_lifetime": 0,
            "max_size": 1,
            "metrics_granularity": "1Minute",
            "min_elb_capacity": null,
            "min_size": 1,
            "mixed_instances_policy": [],
            "name": "DevSecOpsHigh20220407232518853800000003",
            "name_prefix": "DevSecOpsHigh",
            "placement_group": "",
            "protect_from_scale_in": false,
            "service_linked_role_arn": "arn:aws:iam::690049365056:role/aws-service-role/autoscaling.amazonaws.com/AWSServiceRoleForAutoScaling",
            "suspended_processes": [],
            "tag": [
              {
                "key": "Name",
                "propagate_at_launch": true,
                "value": "launchInstance-high"
              },
              {
                "key": "Project",
                "propagate_at_launch": true,
                "value": "RDT_CDO_AWS_Gitlab"
              }
            ],
            "tags": null,
            "target_group_arns": [
              "arn:aws:elasticloadbalancing:us-east-1:690049365056:targetgroup/DevSecOpsHigh/bc254efc87368dde"
            ],
            "termination_policies": [],
            "timeouts": null,
            "vpc_zone_identifier": [
              "subnet-0c5091b2e49aa3da9"
            ],
            "wait_for_capacity_timeout": "10m",
            "wait_for_elb_capacity": null,
            "warm_pool": []
          },
          "sensitive_attributes": [],
          "private": "eyJlMmJmYjczMC1lY2FhLTExZTYtOGY4OC0zNDM2M2JjN2M0YzAiOnsiZGVsZXRlIjo2MDAwMDAwMDAwMDB9fQ==",
          "dependencies": [
            "aws_ami_from_instance.gitlab_ami_base",
            "aws_instance.gitlab",
            "aws_key_pair.generated_key",
            "aws_network_interface.gitlab",
            "aws_security_group.RemoteAccess",
            "aws_security_group.open_ssh",
            "aws_security_group.remote_ssh",
            "aws_vpc.rdt_vpc",
            "data.aws_ami.Amazon_Linux2",
            "data.aws_availability_zones.available",
            "module.alb.aws_alb_target_group.high",
            "module.alb.aws_launch_configuration.high",
            "module.networking.aws_subnet.private_subnet",
            "module.networking.aws_subnet.public_subnet",
            "tls_private_key.ssh"
          ]
        }
      ]
    },
    {
      "module": "module.alb",
      "mode": "managed",
      "type": "aws_autoscaling_group",
      "name": "low",
      "provider": "provider[\"registry.terraform.io/hashicorp/aws\"]",
      "instances": [
        {
          "schema_version": 0,
          "attributes": {
            "arn": "arn:aws:autoscaling:us-east-1:690049365056:autoScalingGroup:cfdee717-5333-4c22-9475-d9c0347f3318:autoScalingGroupName/Gitlab-low20220407232518872200000004",
            "availability_zones": [
              "us-east-1b"
            ],
            "capacity_rebalance": false,
            "default_cooldown": 300,
            "desired_capacity": 1,
            "enabled_metrics": [],
            "force_delete": false,
            "force_delete_warm_pool": false,
            "health_check_grace_period": 300,
            "health_check_type": "EC2",
            "id": "Gitlab-low20220407232518872200000004",
            "initial_lifecycle_hook": [],
            "instance_refresh": [],
            "launch_configuration": "AWS-Gitlab-20220408043936592600000001",
            "launch_template": [],
            "load_balancers": [],
            "max_instance_lifetime": 0,
            "max_size": 1,
            "metrics_granularity": "1Minute",
            "min_elb_capacity": null,
            "min_size": 1,
            "mixed_instances_policy": [],
            "name": "Gitlab-low20220407232518872200000004",
            "name_prefix": "Gitlab-low",
            "placement_group": "",
            "protect_from_scale_in": false,
            "service_linked_role_arn": "arn:aws:iam::690049365056:role/aws-service-role/autoscaling.amazonaws.com/AWSServiceRoleForAutoScaling",
            "suspended_processes": [],
            "tag": [
              {
                "key": "Name",
                "propagate_at_launch": true,
                "value": "launchInstance-low"
              },
              {
                "key": "Project",
                "propagate_at_launch": true,
                "value": "RDT_CDO_AWS_Gitlab"
              }
            ],
            "tags": null,
            "target_group_arns": [
              "arn:aws:elasticloadbalancing:us-east-1:690049365056:targetgroup/DevSecOpsLow/75f4cfe6bc4baa51"
            ],
            "termination_policies": [],
            "timeouts": null,
            "vpc_zone_identifier": [
              "subnet-0b8fcc0540f5eb43a"
            ],
            "wait_for_capacity_timeout": "10m",
            "wait_for_elb_capacity": null,
            "warm_pool": []
          },
          "sensitive_attributes": [],
          "private": "eyJlMmJmYjczMC1lY2FhLTExZTYtOGY4OC0zNDM2M2JjN2M0YzAiOnsiZGVsZXRlIjo2MDAwMDAwMDAwMDB9fQ==",
          "dependencies": [
            "aws_ami_from_instance.gitlab_ami_base",
            "aws_instance.gitlab",
            "aws_key_pair.generated_key",
            "aws_network_interface.gitlab",
            "aws_security_group.RemoteAccess",
            "aws_security_group.open_ssh",
            "aws_security_group.remote_ssh",
            "aws_vpc.rdt_vpc",
            "data.aws_ami.Amazon_Linux2",
            "data.aws_availability_zones.available",
            "module.alb.aws_alb_target_group.low",
            "module.alb.aws_launch_configuration.low",
            "module.networking.aws_subnet.private_subnet",
            "module.networking.aws_subnet.public_subnet",
            "tls_private_key.ssh"
          ]
        }
      ]
    },
    {
      "module": "module.alb",
      "mode": "managed",
      "type": "aws_launch_configuration",
      "name": "high",
      "provider": "provider[\"registry.terraform.io/hashicorp/aws\"]",
      "instances": [
        {
          "schema_version": 0,
          "attributes": {
            "arn": "arn:aws:autoscaling:us-east-1:690049365056:launchConfiguration:22c93bc1-b0b3-4a90-8f1a-09848286d2d9:launchConfigurationName/AWS-Gitlab-20220408043936592600000002",
            "associate_public_ip_address": false,
            "ebs_block_device": [],
            "ebs_optimized": false,
            "enable_monitoring": true,
            "ephemeral_block_device": [],
            "iam_instance_profile": "",
            "id": "AWS-Gitlab-20220408043936592600000002",
            "image_id": "ami-031469430b9c453c3",
            "instance_type": "t3.medium",
            "key_name": "sgss_alx_key_pair_default",
            "metadata_options": [],
            "name": "AWS-Gitlab-20220408043936592600000002",
            "name_prefix": "AWS-Gitlab-",
            "placement_tenancy": null,
            "root_block_device": [],
            "security_groups": [
              "sg-093daac6a33342235",
              "sg-0afd050d888463c57"
            ],
            "spot_price": "",
            "user_data": null,
            "user_data_base64": null,
            "vpc_classic_link_id": "",
            "vpc_classic_link_security_groups": []
          },
          "sensitive_attributes": [],
          "private": "bnVsbA==",
          "dependencies": [
            "aws_ami_from_instance.gitlab_ami_base",
            "aws_instance.gitlab",
            "aws_key_pair.generated_key",
            "aws_network_interface.gitlab",
            "aws_security_group.RemoteAccess",
            "aws_security_group.open_ssh",
            "aws_security_group.remote_ssh",
            "aws_vpc.rdt_vpc",
            "data.aws_ami.Amazon_Linux2",
            "data.aws_availability_zones.available",
            "module.networking.aws_subnet.public_subnet",
            "tls_private_key.ssh"
          ],
          "create_before_destroy": true
        }
      ]
    },
    {
      "module": "module.alb",
      "mode": "managed",
      "type": "aws_launch_configuration",
      "name": "low",
      "provider": "provider[\"registry.terraform.io/hashicorp/aws\"]",
      "instances": [
        {
          "schema_version": 0,
          "attributes": {
            "arn": "arn:aws:autoscaling:us-east-1:690049365056:launchConfiguration:5373a9f9-8d2a-47d7-a2df-6f44db8d126e:launchConfigurationName/AWS-Gitlab-20220408043936592600000001",
            "associate_public_ip_address": false,
            "ebs_block_device": [],
            "ebs_optimized": false,
            "enable_monitoring": true,
            "ephemeral_block_device": [],
            "iam_instance_profile": "",
            "id": "AWS-Gitlab-20220408043936592600000001",
            "image_id": "ami-031469430b9c453c3",
            "instance_type": "t3.medium",
            "key_name": "sgss_alx_key_pair_default",
            "metadata_options": [],
            "name": "AWS-Gitlab-20220408043936592600000001",
            "name_prefix": "AWS-Gitlab-",
            "placement_tenancy": null,
            "root_block_device": [],
            "security_groups": [
              "sg-093daac6a33342235",
              "sg-0afd050d888463c57"
            ],
            "spot_price": "",
            "user_data": null,
            "user_data_base64": null,
            "vpc_classic_link_id": "",
            "vpc_classic_link_security_groups": []
          },
          "sensitive_attributes": [],
          "private": "bnVsbA==",
          "dependencies": [
            "aws_ami_from_instance.gitlab_ami_base",
            "aws_instance.gitlab",
            "aws_key_pair.generated_key",
            "aws_network_interface.gitlab",
            "aws_security_group.RemoteAccess",
            "aws_security_group.open_ssh",
            "aws_security_group.remote_ssh",
            "aws_vpc.rdt_vpc",
            "data.aws_ami.Amazon_Linux2",
            "data.aws_availability_zones.available",
            "module.networking.aws_subnet.public_subnet",
            "tls_private_key.ssh"
          ],
          "create_before_destroy": true
        }
      ]
    },
    {
      "module": "module.alb",
      "mode": "managed",
      "type": "aws_security_group",
      "name": "alb",
      "provider": "provider[\"registry.terraform.io/hashicorp/aws\"]",
      "instances": [
        {
          "schema_version": 1,
          "attributes": {
            "arn": "arn:aws:ec2:us-east-1:690049365056:security-group/sg-0e782ba434f3fe206",
            "description": "Gitlab Load Balancer Security Group",
            "egress": [
              {
                "cidr_blocks": [
                  "0.0.0.0/0"
                ],
                "description": "",
                "from_port": 0,
                "ipv6_cidr_blocks": [],
                "prefix_list_ids": [],
                "protocol": "-1",
                "security_groups": [],
                "self": false,
                "to_port": 0
              }
            ],
            "id": "sg-0e782ba434f3fe206",
            "ingress": [
              {
                "cidr_blocks": [
                  "0.0.0.0/0"
                ],
                "description": "",
                "from_port": 443,
                "ipv6_cidr_blocks": [],
                "prefix_list_ids": [],
                "protocol": "tcp",
                "security_groups": [],
                "self": false,
                "to_port": 443
              },
              {
                "cidr_blocks": [
                  "0.0.0.0/0"
                ],
                "description": "",
                "from_port": 80,
                "ipv6_cidr_blocks": [],
                "prefix_list_ids": [],
                "protocol": "tcp",
                "security_groups": [],
                "self": false,
                "to_port": 80
              }
            ],
            "name": "gitlab_alb_security_group",
            "name_prefix": "",
            "owner_id": "690049365056",
            "revoke_rules_on_delete": false,
            "tags": {
              "Name": "sg-all",
              "Project": "RDT_CDO_AWS_Gitlab",
              "Terraform": "true"
            },
            "tags_all": {
              "Name": "sg-all",
              "Project": "RDT_CDO_AWS_Gitlab",
              "Terraform": "true"
            },
            "timeouts": null,
            "vpc_id": "vpc-01215ec8629b1f5a5"
          },
          "sensitive_attributes": [],
          "private": "eyJlMmJmYjczMC1lY2FhLTExZTYtOGY4OC0zNDM2M2JjN2M0YzAiOnsiY3JlYXRlIjo2MDAwMDAwMDAwMDAsImRlbGV0ZSI6OTAwMDAwMDAwMDAwfSwic2NoZW1hX3ZlcnNpb24iOiIxIn0=",
          "dependencies": [
            "aws_vpc.rdt_vpc"
          ]
        }
      ]
    },
    {
      "module": "module.alb",
      "mode": "managed",
      "type": "aws_security_group",
      "name": "high",
      "provider": "provider[\"registry.terraform.io/hashicorp/aws\"]",
      "instances": [
        {
          "schema_version": 1,
          "attributes": {
            "arn": "arn:aws:ec2:us-east-1:690049365056:security-group/sg-0304f587d81c1bb25",
            "description": "Allow Access only devsecops from high area",
            "egress": [
              {
                "cidr_blocks": [
                  "0.0.0.0/0"
                ],
                "description": "",
                "from_port": 0,
                "ipv6_cidr_blocks": [
                  "::/0"
                ],
                "prefix_list_ids": [],
                "protocol": "-1",
                "security_groups": [],
                "self": false,
                "to_port": 0
              }
            ],
            "id": "sg-0304f587d81c1bb25",
            "ingress": [
              {
                "cidr_blocks": [
                  "10.4.10.0/24"
                ],
                "description": "allow ssh",
                "from_port": 22,
                "ipv6_cidr_blocks": [],
                "prefix_list_ids": [],
                "protocol": "tcp",
                "security_groups": [],
                "self": false,
                "to_port": 22
              }
            ],
            "name": "DevSecOpsHigh",
            "name_prefix": "",
            "owner_id": "690049365056",
            "revoke_rules_on_delete": false,
            "tags": {
              "Name": "DevSecOpsHigh",
              "Project": "RDT_CDO_AWS_Gitlab",
              "Terraform": "true"
            },
            "tags_all": {
              "Name": "DevSecOpsHigh",
              "Project": "RDT_CDO_AWS_Gitlab",
              "Terraform": "true"
            },
            "timeouts": null,
            "vpc_id": "vpc-01215ec8629b1f5a5"
          },
          "sensitive_attributes": [],
          "private": "eyJlMmJmYjczMC1lY2FhLTExZTYtOGY4OC0zNDM2M2JjN2M0YzAiOnsiY3JlYXRlIjo2MDAwMDAwMDAwMDAsImRlbGV0ZSI6OTAwMDAwMDAwMDAwfSwic2NoZW1hX3ZlcnNpb24iOiIxIn0=",
          "dependencies": [
            "aws_vpc.rdt_vpc",
            "data.aws_availability_zones.available",
            "module.networking.aws_subnet.public_subnet"
          ]
        }
      ]
    },
    {
      "module": "module.alb",
      "mode": "managed",
      "type": "aws_security_group",
      "name": "low",
      "provider": "provider[\"registry.terraform.io/hashicorp/aws\"]",
      "instances": [
        {
          "schema_version": 1,
          "attributes": {
            "arn": "arn:aws:ec2:us-east-1:690049365056:security-group/sg-0e0eeef676860405f",
            "description": "Allow Access only from low Area",
            "egress": [
              {
                "cidr_blocks": [
                  "0.0.0.0/0"
                ],
                "description": "",
                "from_port": 0,
                "ipv6_cidr_blocks": [
                  "::/0"
                ],
                "prefix_list_ids": [],
                "protocol": "-1",
                "security_groups": [],
                "self": false,
                "to_port": 0
              }
            ],
            "id": "sg-0e0eeef676860405f",
            "ingress": [
              {
                "cidr_blocks": [
                  "10.4.11.0/24"
                ],
                "description": "allow ssh",
                "from_port": 22,
                "ipv6_cidr_blocks": [],
                "prefix_list_ids": [],
                "protocol": "tcp",
                "security_groups": [],
                "self": false,
                "to_port": 22
              }
            ],
            "name": "DevSecOpsLow",
            "name_prefix": "",
            "owner_id": "690049365056",
            "revoke_rules_on_delete": false,
            "tags": {
              "Name": "DevSecOpsLow",
              "Project": "RDT_CDO_AWS_Gitlab",
              "Terraform": "true"
            },
            "tags_all": {
              "Name": "DevSecOpsLow",
              "Project": "RDT_CDO_AWS_Gitlab",
              "Terraform": "true"
            },
            "timeouts": null,
            "vpc_id": "vpc-01215ec8629b1f5a5"
          },
          "sensitive_attributes": [],
          "private": "eyJlMmJmYjczMC1lY2FhLTExZTYtOGY4OC0zNDM2M2JjN2M0YzAiOnsiY3JlYXRlIjo2MDAwMDAwMDAwMDAsImRlbGV0ZSI6OTAwMDAwMDAwMDAwfSwic2NoZW1hX3ZlcnNpb24iOiIxIn0=",
          "dependencies": [
            "aws_vpc.rdt_vpc",
            "data.aws_availability_zones.available",
            "module.networking.aws_subnet.public_subnet"
          ],
          "create_before_destroy": true
        }
      ]
    },
    {
      "module": "module.networking",
      "mode": "managed",
      "type": "aws_eip",
      "name": "nat_eip",
      "provider": "provider[\"registry.terraform.io/hashicorp/aws\"]",
      "instances": [
        {
          "index_key": 0,
          "schema_version": 0,
          "attributes": {
            "address": null,
            "allocation_id": "eipalloc-024c5f06e3bd6652c",
            "associate_with_private_ip": null,
            "association_id": "eipassoc-0cb73e6871d7718f0",
            "carrier_ip": "",
            "customer_owned_ip": "",
            "customer_owned_ipv4_pool": "",
            "domain": "vpc",
            "id": "eipalloc-024c5f06e3bd6652c",
            "instance": "",
            "network_border_group": "us-east-1",
            "network_interface": "eni-0bff53a57931bce70",
            "private_dns": "ip-10-4-10-100.ec2.internal",
            "private_ip": "10.4.10.100",
            "public_dns": "ec2-3-229-233-182.compute-1.amazonaws.com",
            "public_ip": "3.229.233.182",
            "public_ipv4_pool": "amazon",
            "tags": {},
            "tags_all": {},
            "timeouts": null,
            "vpc": true
          },
          "sensitive_attributes": [],
          "private": "eyJlMmJmYjczMC1lY2FhLTExZTYtOGY4OC0zNDM2M2JjN2M0YzAiOnsiZGVsZXRlIjoxODAwMDAwMDAwMDAsInJlYWQiOjkwMDAwMDAwMDAwMCwidXBkYXRlIjozMDAwMDAwMDAwMDB9fQ==",
          "dependencies": [
            "aws_vpc.rdt_vpc",
            "module.networking.aws_internet_gateway.ig"
          ]
        },
        {
          "index_key": 1,
          "schema_version": 0,
          "attributes": {
            "address": null,
            "allocation_id": "eipalloc-0d053da7cb92e8da2",
            "associate_with_private_ip": null,
            "association_id": "eipassoc-0efd9f7aad6342963",
            "carrier_ip": "",
            "customer_owned_ip": "",
            "customer_owned_ipv4_pool": "",
            "domain": "vpc",
            "id": "eipalloc-0d053da7cb92e8da2",
            "instance": "",
            "network_border_group": "us-east-1",
            "network_interface": "eni-0bd39b81ff05f25b3",
            "private_dns": "ip-10-4-11-246.ec2.internal",
            "private_ip": "10.4.11.246",
            "public_dns": "ec2-54-175-211-94.compute-1.amazonaws.com",
            "public_ip": "54.175.211.94",
            "public_ipv4_pool": "amazon",
            "tags": {},
            "tags_all": {},
            "timeouts": null,
            "vpc": true
          },
          "sensitive_attributes": [],
          "private": "eyJlMmJmYjczMC1lY2FhLTExZTYtOGY4OC0zNDM2M2JjN2M0YzAiOnsiZGVsZXRlIjoxODAwMDAwMDAwMDAsInJlYWQiOjkwMDAwMDAwMDAwMCwidXBkYXRlIjozMDAwMDAwMDAwMDB9fQ==",
          "dependencies": [
            "aws_vpc.rdt_vpc",
            "module.networking.aws_internet_gateway.ig"
          ]
        }
      ]
    },
    {
      "module": "module.networking",
      "mode": "managed",
      "type": "aws_internet_gateway",
      "name": "ig",
      "provider": "provider[\"registry.terraform.io/hashicorp/aws\"]",
      "instances": [
        {
          "schema_version": 0,
          "attributes": {
            "arn": "arn:aws:ec2:us-east-1:690049365056:internet-gateway/igw-0f215ecc4254bffc8",
            "id": "igw-0f215ecc4254bffc8",
            "owner_id": "690049365056",
            "tags": {
              "Environment": "PROD",
              "Managed_By": "rdt-gov",
              "Name": "rdt-igw",
              "ResponsibleParty": "AntennaServices"
            },
            "tags_all": {
              "Environment": "PROD",
              "Managed_By": "rdt-gov",
              "Name": "rdt-igw",
              "ResponsibleParty": "AntennaServices"
            },
            "vpc_id": "vpc-01215ec8629b1f5a5"
          },
          "sensitive_attributes": [],
          "private": "bnVsbA==",
          "dependencies": [
            "aws_vpc.rdt_vpc"
          ]
        }
      ]
    },
    {
      "module": "module.networking",
      "mode": "managed",
      "type": "aws_nat_gateway",
      "name": "public_nat",
      "provider": "provider[\"registry.terraform.io/hashicorp/aws\"]",
      "instances": [
        {
          "index_key": 0,
          "schema_version": 0,
          "attributes": {
            "allocation_id": "eipalloc-024c5f06e3bd6652c",
            "connectivity_type": "public",
            "id": "nat-0f0571dd39afd8e55",
            "network_interface_id": "eni-0bff53a57931bce70",
            "private_ip": "10.4.10.100",
            "public_ip": "3.229.233.182",
            "subnet_id": "subnet-01ef6325666d27e16",
            "tags": {
              "Name": "GitLab NAT Gateway Public 0",
              "Project": "RDT_CDO_AWS_Gitlab",
              "Terraform": "true"
            },
            "tags_all": {
              "Name": "GitLab NAT Gateway Public 0",
              "Project": "RDT_CDO_AWS_Gitlab",
              "Terraform": "true"
            }
          },
          "sensitive_attributes": [],
          "private": "bnVsbA==",
          "dependencies": [
            "aws_vpc.rdt_vpc",
            "data.aws_availability_zones.available",
            "module.networking.aws_eip.nat_eip",
            "module.networking.aws_internet_gateway.ig",
            "module.networking.aws_subnet.public_subnet"
          ]
        },
        {
          "index_key": 1,
          "schema_version": 0,
          "attributes": {
            "allocation_id": "eipalloc-0d053da7cb92e8da2",
            "connectivity_type": "public",
            "id": "nat-0d6407ccd2baebad2",
            "network_interface_id": "eni-0bd39b81ff05f25b3",
            "private_ip": "10.4.11.246",
            "public_ip": "54.175.211.94",
            "subnet_id": "subnet-0e03d91ce404a738f",
            "tags": {
              "Name": "GitLab NAT Gateway Public 1",
              "Project": "RDT_CDO_AWS_Gitlab",
              "Terraform": "true"
            },
            "tags_all": {
              "Name": "GitLab NAT Gateway Public 1",
              "Project": "RDT_CDO_AWS_Gitlab",
              "Terraform": "true"
            }
          },
          "sensitive_attributes": [],
          "private": "bnVsbA==",
          "dependencies": [
            "aws_vpc.rdt_vpc",
            "data.aws_availability_zones.available",
            "module.networking.aws_eip.nat_eip",
            "module.networking.aws_internet_gateway.ig",
            "module.networking.aws_subnet.public_subnet"
          ]
        }
      ]
    },
    {
      "module": "module.networking",
      "mode": "managed",
      "type": "aws_route",
      "name": "private_nat_gateway",
      "provider": "provider[\"registry.terraform.io/hashicorp/aws\"]",
      "instances": [
        {
          "index_key": 0,
          "schema_version": 0,
          "attributes": {
            "carrier_gateway_id": "",
            "destination_cidr_block": "0.0.0.0/0",
            "destination_ipv6_cidr_block": "",
            "destination_prefix_list_id": "",
            "egress_only_gateway_id": "",
            "gateway_id": "",
            "id": "r-rtb-036ecc236dbe427bd1080289494",
            "instance_id": "",
            "instance_owner_id": "",
            "local_gateway_id": "",
            "nat_gateway_id": "nat-0f0571dd39afd8e55",
            "network_interface_id": "",
            "origin": "CreateRoute",
            "route_table_id": "rtb-036ecc236dbe427bd",
            "state": "active",
            "timeouts": null,
            "transit_gateway_id": "",
            "vpc_endpoint_id": "",
            "vpc_peering_connection_id": ""
          },
          "sensitive_attributes": [],
          "private": "eyJlMmJmYjczMC1lY2FhLTExZTYtOGY4OC0zNDM2M2JjN2M0YzAiOnsiY3JlYXRlIjozMDAwMDAwMDAwMDAsImRlbGV0ZSI6MzAwMDAwMDAwMDAwLCJ1cGRhdGUiOjEyMDAwMDAwMDAwMH19",
          "dependencies": [
            "aws_vpc.rdt_vpc",
            "data.aws_availability_zones.available",
            "module.networking.aws_eip.nat_eip",
            "module.networking.aws_internet_gateway.ig",
            "module.networking.aws_nat_gateway.public_nat",
            "module.networking.aws_route_table.private",
            "module.networking.aws_subnet.public_subnet"
          ]
        },
        {
          "index_key": 1,
          "schema_version": 0,
          "attributes": {
            "carrier_gateway_id": "",
            "destination_cidr_block": "0.0.0.0/0",
            "destination_ipv6_cidr_block": "",
            "destination_prefix_list_id": "",
            "egress_only_gateway_id": "",
            "gateway_id": "",
            "id": "r-rtb-0754845518c0c37061080289494",
            "instance_id": "",
            "instance_owner_id": "",
            "local_gateway_id": "",
            "nat_gateway_id": "nat-0d6407ccd2baebad2",
            "network_interface_id": "",
            "origin": "CreateRoute",
            "route_table_id": "rtb-0754845518c0c3706",
            "state": "active",
            "timeouts": null,
            "transit_gateway_id": "",
            "vpc_endpoint_id": "",
            "vpc_peering_connection_id": ""
          },
          "sensitive_attributes": [],
          "private": "eyJlMmJmYjczMC1lY2FhLTExZTYtOGY4OC0zNDM2M2JjN2M0YzAiOnsiY3JlYXRlIjozMDAwMDAwMDAwMDAsImRlbGV0ZSI6MzAwMDAwMDAwMDAwLCJ1cGRhdGUiOjEyMDAwMDAwMDAwMH19",
          "dependencies": [
            "aws_vpc.rdt_vpc",
            "data.aws_availability_zones.available",
            "module.networking.aws_eip.nat_eip",
            "module.networking.aws_internet_gateway.ig",
            "module.networking.aws_nat_gateway.public_nat",
            "module.networking.aws_route_table.private",
            "module.networking.aws_subnet.public_subnet"
          ]
        }
      ]
    },
    {
      "module": "module.networking",
      "mode": "managed",
      "type": "aws_route",
      "name": "public_internet_gateway",
      "provider": "provider[\"registry.terraform.io/hashicorp/aws\"]",
      "instances": [
        {
          "index_key": 0,
          "schema_version": 0,
          "attributes": {
            "carrier_gateway_id": "",
            "destination_cidr_block": "0.0.0.0/0",
            "destination_ipv6_cidr_block": "",
            "destination_prefix_list_id": "",
            "egress_only_gateway_id": "",
            "gateway_id": "igw-0f215ecc4254bffc8",
            "id": "r-rtb-0bf254ee686c0f06e1080289494",
            "instance_id": "",
            "instance_owner_id": "",
            "local_gateway_id": "",
            "nat_gateway_id": "",
            "network_interface_id": "",
            "origin": "CreateRoute",
            "route_table_id": "rtb-0bf254ee686c0f06e",
            "state": "active",
            "timeouts": null,
            "transit_gateway_id": "",
            "vpc_endpoint_id": "",
            "vpc_peering_connection_id": ""
          },
          "sensitive_attributes": [],
          "private": "eyJlMmJmYjczMC1lY2FhLTExZTYtOGY4OC0zNDM2M2JjN2M0YzAiOnsiY3JlYXRlIjozMDAwMDAwMDAwMDAsImRlbGV0ZSI6MzAwMDAwMDAwMDAwLCJ1cGRhdGUiOjEyMDAwMDAwMDAwMH19",
          "dependencies": [
            "aws_vpc.rdt_vpc",
            "module.networking.aws_internet_gateway.ig",
            "module.networking.aws_route_table.public"
          ]
        },
        {
          "index_key": 1,
          "schema_version": 0,
          "attributes": {
            "carrier_gateway_id": "",
            "destination_cidr_block": "0.0.0.0/0",
            "destination_ipv6_cidr_block": "",
            "destination_prefix_list_id": "",
            "egress_only_gateway_id": "",
            "gateway_id": "igw-0f215ecc4254bffc8",
            "id": "r-rtb-09212ea0825c19a251080289494",
            "instance_id": "",
            "instance_owner_id": "",
            "local_gateway_id": "",
            "nat_gateway_id": "",
            "network_interface_id": "",
            "origin": "CreateRoute",
            "route_table_id": "rtb-09212ea0825c19a25",
            "state": "active",
            "timeouts": null,
            "transit_gateway_id": "",
            "vpc_endpoint_id": "",
            "vpc_peering_connection_id": ""
          },
          "sensitive_attributes": [],
          "private": "eyJlMmJmYjczMC1lY2FhLTExZTYtOGY4OC0zNDM2M2JjN2M0YzAiOnsiY3JlYXRlIjozMDAwMDAwMDAwMDAsImRlbGV0ZSI6MzAwMDAwMDAwMDAwLCJ1cGRhdGUiOjEyMDAwMDAwMDAwMH19",
          "dependencies": [
            "aws_vpc.rdt_vpc",
            "module.networking.aws_internet_gateway.ig",
            "module.networking.aws_route_table.public"
          ]
        }
      ]
    },
    {
      "module": "module.networking",
      "mode": "managed",
      "type": "aws_route_table",
      "name": "private",
      "provider": "provider[\"registry.terraform.io/hashicorp/aws\"]",
      "instances": [
        {
          "index_key": 0,
          "schema_version": 0,
          "attributes": {
            "arn": "arn:aws:ec2:us-east-1:690049365056:route-table/rtb-036ecc236dbe427bd",
            "id": "rtb-036ecc236dbe427bd",
            "owner_id": "690049365056",
            "propagating_vgws": [],
            "route": [
              {
                "carrier_gateway_id": "",
                "cidr_block": "0.0.0.0/0",
                "destination_prefix_list_id": "",
                "egress_only_gateway_id": "",
                "gateway_id": "",
                "instance_id": "",
                "ipv6_cidr_block": "",
                "local_gateway_id": "",
                "nat_gateway_id": "nat-0f0571dd39afd8e55",
                "network_interface_id": "",
                "transit_gateway_id": "",
                "vpc_endpoint_id": "",
                "vpc_peering_connection_id": ""
              }
            ],
            "tags": {
              "Name": "GitLab Private Route Table 0",
              "Project": "RDT_CDO_AWS_Gitlab",
              "Terraform": "true"
            },
            "tags_all": {
              "Name": "GitLab Private Route Table 0",
              "Project": "RDT_CDO_AWS_Gitlab",
              "Terraform": "true"
            },
            "timeouts": null,
            "vpc_id": "vpc-01215ec8629b1f5a5"
          },
          "sensitive_attributes": [],
          "private": "eyJlMmJmYjczMC1lY2FhLTExZTYtOGY4OC0zNDM2M2JjN2M0YzAiOnsiY3JlYXRlIjozMDAwMDAwMDAwMDAsImRlbGV0ZSI6MzAwMDAwMDAwMDAwLCJ1cGRhdGUiOjEyMDAwMDAwMDAwMH19",
          "dependencies": [
            "aws_vpc.rdt_vpc"
          ]
        },
        {
          "index_key": 1,
          "schema_version": 0,
          "attributes": {
            "arn": "arn:aws:ec2:us-east-1:690049365056:route-table/rtb-0754845518c0c3706",
            "id": "rtb-0754845518c0c3706",
            "owner_id": "690049365056",
            "propagating_vgws": [],
            "route": [
              {
                "carrier_gateway_id": "",
                "cidr_block": "0.0.0.0/0",
                "destination_prefix_list_id": "",
                "egress_only_gateway_id": "",
                "gateway_id": "",
                "instance_id": "",
                "ipv6_cidr_block": "",
                "local_gateway_id": "",
                "nat_gateway_id": "nat-0d6407ccd2baebad2",
                "network_interface_id": "",
                "transit_gateway_id": "",
                "vpc_endpoint_id": "",
                "vpc_peering_connection_id": ""
              }
            ],
            "tags": {
              "Name": "GitLab Private Route Table 1",
              "Project": "RDT_CDO_AWS_Gitlab",
              "Terraform": "true"
            },
            "tags_all": {
              "Name": "GitLab Private Route Table 1",
              "Project": "RDT_CDO_AWS_Gitlab",
              "Terraform": "true"
            },
            "timeouts": null,
            "vpc_id": "vpc-01215ec8629b1f5a5"
          },
          "sensitive_attributes": [],
          "private": "eyJlMmJmYjczMC1lY2FhLTExZTYtOGY4OC0zNDM2M2JjN2M0YzAiOnsiY3JlYXRlIjozMDAwMDAwMDAwMDAsImRlbGV0ZSI6MzAwMDAwMDAwMDAwLCJ1cGRhdGUiOjEyMDAwMDAwMDAwMH19",
          "dependencies": [
            "aws_vpc.rdt_vpc"
          ]
        }
      ]
    },
    {
      "module": "module.networking",
      "mode": "managed",
      "type": "aws_route_table",
      "name": "public",
      "provider": "provider[\"registry.terraform.io/hashicorp/aws\"]",
      "instances": [
        {
          "index_key": 0,
          "schema_version": 0,
          "attributes": {
            "arn": "arn:aws:ec2:us-east-1:690049365056:route-table/rtb-0bf254ee686c0f06e",
            "id": "rtb-0bf254ee686c0f06e",
            "owner_id": "690049365056",
            "propagating_vgws": [],
            "route": [
              {
                "carrier_gateway_id": "",
                "cidr_block": "0.0.0.0/0",
                "destination_prefix_list_id": "",
                "egress_only_gateway_id": "",
                "gateway_id": "igw-0f215ecc4254bffc8",
                "instance_id": "",
                "ipv6_cidr_block": "",
                "local_gateway_id": "",
                "nat_gateway_id": "",
                "network_interface_id": "",
                "transit_gateway_id": "",
                "vpc_endpoint_id": "",
                "vpc_peering_connection_id": ""
              }
            ],
            "tags": {
              "Name": "GitLab Public Route Table 0",
              "Project": "RDT_CDO_AWS_Gitlab",
              "Terraform": "true"
            },
            "tags_all": {
              "Name": "GitLab Public Route Table 0",
              "Project": "RDT_CDO_AWS_Gitlab",
              "Terraform": "true"
            },
            "timeouts": null,
            "vpc_id": "vpc-01215ec8629b1f5a5"
          },
          "sensitive_attributes": [],
          "private": "eyJlMmJmYjczMC1lY2FhLTExZTYtOGY4OC0zNDM2M2JjN2M0YzAiOnsiY3JlYXRlIjozMDAwMDAwMDAwMDAsImRlbGV0ZSI6MzAwMDAwMDAwMDAwLCJ1cGRhdGUiOjEyMDAwMDAwMDAwMH19",
          "dependencies": [
            "aws_vpc.rdt_vpc"
          ]
        },
        {
          "index_key": 1,
          "schema_version": 0,
          "attributes": {
            "arn": "arn:aws:ec2:us-east-1:690049365056:route-table/rtb-09212ea0825c19a25",
            "id": "rtb-09212ea0825c19a25",
            "owner_id": "690049365056",
            "propagating_vgws": [],
            "route": [
              {
                "carrier_gateway_id": "",
                "cidr_block": "0.0.0.0/0",
                "destination_prefix_list_id": "",
                "egress_only_gateway_id": "",
                "gateway_id": "igw-0f215ecc4254bffc8",
                "instance_id": "",
                "ipv6_cidr_block": "",
                "local_gateway_id": "",
                "nat_gateway_id": "",
                "network_interface_id": "",
                "transit_gateway_id": "",
                "vpc_endpoint_id": "",
                "vpc_peering_connection_id": ""
              }
            ],
            "tags": {
              "Name": "GitLab Public Route Table 1",
              "Project": "RDT_CDO_AWS_Gitlab",
              "Terraform": "true"
            },
            "tags_all": {
              "Name": "GitLab Public Route Table 1",
              "Project": "RDT_CDO_AWS_Gitlab",
              "Terraform": "true"
            },
            "timeouts": null,
            "vpc_id": "vpc-01215ec8629b1f5a5"
          },
          "sensitive_attributes": [],
          "private": "eyJlMmJmYjczMC1lY2FhLTExZTYtOGY4OC0zNDM2M2JjN2M0YzAiOnsiY3JlYXRlIjozMDAwMDAwMDAwMDAsImRlbGV0ZSI6MzAwMDAwMDAwMDAwLCJ1cGRhdGUiOjEyMDAwMDAwMDAwMH19",
          "dependencies": [
            "aws_vpc.rdt_vpc"
          ]
        }
      ]
    },
    {
      "module": "module.networking",
      "mode": "managed",
      "type": "aws_route_table_association",
      "name": "private",
      "provider": "provider[\"registry.terraform.io/hashicorp/aws\"]",
      "instances": [
        {
          "index_key": 0,
          "schema_version": 0,
          "attributes": {
            "gateway_id": "",
            "id": "rtbassoc-0ea48e93cb6693a96",
            "route_table_id": "rtb-036ecc236dbe427bd",
            "subnet_id": "subnet-0c5091b2e49aa3da9"
          },
          "sensitive_attributes": [],
          "private": "bnVsbA==",
          "dependencies": [
            "aws_vpc.rdt_vpc",
            "data.aws_availability_zones.available",
            "module.networking.aws_route_table.private",
            "module.networking.aws_subnet.private_subnet"
          ]
        },
        {
          "index_key": 1,
          "schema_version": 0,
          "attributes": {
            "gateway_id": "",
            "id": "rtbassoc-0caf82947809e1d96",
            "route_table_id": "rtb-0754845518c0c3706",
            "subnet_id": "subnet-0b8fcc0540f5eb43a"
          },
          "sensitive_attributes": [],
          "private": "bnVsbA==",
          "dependencies": [
            "aws_vpc.rdt_vpc",
            "data.aws_availability_zones.available",
            "module.networking.aws_route_table.private",
            "module.networking.aws_subnet.private_subnet"
          ]
        }
      ]
    },
    {
      "module": "module.networking",
      "mode": "managed",
      "type": "aws_route_table_association",
      "name": "public",
      "provider": "provider[\"registry.terraform.io/hashicorp/aws\"]",
      "instances": [
        {
          "index_key": 0,
          "schema_version": 0,
          "attributes": {
            "gateway_id": "",
            "id": "rtbassoc-0c4091a9465b6300f",
            "route_table_id": "rtb-0bf254ee686c0f06e",
            "subnet_id": "subnet-01ef6325666d27e16"
          },
          "sensitive_attributes": [],
          "private": "bnVsbA==",
          "dependencies": [
            "aws_vpc.rdt_vpc",
            "data.aws_availability_zones.available",
            "module.networking.aws_route_table.public",
            "module.networking.aws_subnet.public_subnet"
          ]
        },
        {
          "index_key": 1,
          "schema_version": 0,
          "attributes": {
            "gateway_id": "",
            "id": "rtbassoc-09f82c63aeaf196bd",
            "route_table_id": "rtb-09212ea0825c19a25",
            "subnet_id": "subnet-0e03d91ce404a738f"
          },
          "sensitive_attributes": [],
          "private": "bnVsbA==",
          "dependencies": [
            "aws_vpc.rdt_vpc",
            "data.aws_availability_zones.available",
            "module.networking.aws_route_table.public",
            "module.networking.aws_subnet.public_subnet"
          ]
        }
      ]
    },
    {
      "module": "module.networking",
      "mode": "managed",
      "type": "aws_security_group",
      "name": "default",
      "provider": "provider[\"registry.terraform.io/hashicorp/aws\"]",
      "instances": [
        {
          "schema_version": 1,
          "attributes": {
            "arn": "arn:aws:ec2:us-east-1:690049365056:security-group/sg-0e1c0c68f75d8e6f3",
            "description": "Default security group to allow inbound/outbound from the VPC",
            "egress": [
              {
                "cidr_blocks": [],
                "description": "",
                "from_port": 0,
                "ipv6_cidr_blocks": [],
                "prefix_list_ids": [],
                "protocol": "-1",
                "security_groups": [],
                "self": true,
                "to_port": 0
              }
            ],
            "id": "sg-0e1c0c68f75d8e6f3",
            "ingress": [
              {
                "cidr_blocks": [],
                "description": "",
                "from_port": 0,
                "ipv6_cidr_blocks": [],
                "prefix_list_ids": [],
                "protocol": "-1",
                "security_groups": [],
                "self": true,
                "to_port": 0
              }
            ],
            "name": "RDT_CDO_AWS_Gitlab-default-sg",
            "name_prefix": "",
            "owner_id": "690049365056",
            "revoke_rules_on_delete": false,
            "tags": {
              "Name": "GitLab Default Security Group",
              "Project": "RDT_CDO_AWS_Gitlab",
              "Terraform": "true"
            },
            "tags_all": {
              "Name": "GitLab Default Security Group",
              "Project": "RDT_CDO_AWS_Gitlab",
              "Terraform": "true"
            },
            "timeouts": null,
            "vpc_id": "vpc-01215ec8629b1f5a5"
          },
          "sensitive_attributes": [],
          "private": "eyJlMmJmYjczMC1lY2FhLTExZTYtOGY4OC0zNDM2M2JjN2M0YzAiOnsiY3JlYXRlIjo2MDAwMDAwMDAwMDAsImRlbGV0ZSI6OTAwMDAwMDAwMDAwfSwic2NoZW1hX3ZlcnNpb24iOiIxIn0=",
          "dependencies": [
            "aws_vpc.rdt_vpc"
          ]
        }
      ]
    },
    {
      "module": "module.networking",
      "mode": "managed",
      "type": "aws_subnet",
      "name": "private_subnet",
      "provider": "provider[\"registry.terraform.io/hashicorp/aws\"]",
      "instances": [
        {
          "index_key": 0,
          "schema_version": 1,
          "attributes": {
            "arn": "arn:aws:ec2:us-east-1:690049365056:subnet/subnet-0c5091b2e49aa3da9",
            "assign_ipv6_address_on_creation": false,
            "availability_zone": "us-east-1a",
            "availability_zone_id": "use1-az4",
            "cidr_block": "10.4.12.0/24",
            "customer_owned_ipv4_pool": "",
            "enable_dns64": false,
            "enable_resource_name_dns_a_record_on_launch": false,
            "enable_resource_name_dns_aaaa_record_on_launch": false,
            "id": "subnet-0c5091b2e49aa3da9",
            "ipv6_cidr_block": "",
            "ipv6_cidr_block_association_id": "",
            "ipv6_native": false,
            "map_customer_owned_ip_on_launch": false,
            "map_public_ip_on_launch": false,
            "outpost_arn": "",
            "owner_id": "690049365056",
            "private_dns_hostname_type_on_launch": "ip-name",
            "tags": {
              "Name": "GitLab Private Subnet-us-east-1a",
              "Project": "RDT_CDO_AWS_Gitlab",
              "Terraform": "true"
            },
            "tags_all": {
              "Name": "GitLab Private Subnet-us-east-1a",
              "Project": "RDT_CDO_AWS_Gitlab",
              "Terraform": "true"
            },
            "timeouts": null,
            "vpc_id": "vpc-01215ec8629b1f5a5"
          },
          "sensitive_attributes": [],
          "private": "eyJlMmJmYjczMC1lY2FhLTExZTYtOGY4OC0zNDM2M2JjN2M0YzAiOnsiY3JlYXRlIjo2MDAwMDAwMDAwMDAsImRlbGV0ZSI6MTIwMDAwMDAwMDAwMH0sInNjaGVtYV92ZXJzaW9uIjoiMSJ9",
          "dependencies": [
            "aws_vpc.rdt_vpc",
            "data.aws_availability_zones.available"
          ]
        },
        {
          "index_key": 1,
          "schema_version": 1,
          "attributes": {
            "arn": "arn:aws:ec2:us-east-1:690049365056:subnet/subnet-0b8fcc0540f5eb43a",
            "assign_ipv6_address_on_creation": false,
            "availability_zone": "us-east-1b",
            "availability_zone_id": "use1-az6",
            "cidr_block": "10.4.13.0/24",
            "customer_owned_ipv4_pool": "",
            "enable_dns64": false,
            "enable_resource_name_dns_a_record_on_launch": false,
            "enable_resource_name_dns_aaaa_record_on_launch": false,
            "id": "subnet-0b8fcc0540f5eb43a",
            "ipv6_cidr_block": "",
            "ipv6_cidr_block_association_id": "",
            "ipv6_native": false,
            "map_customer_owned_ip_on_launch": false,
            "map_public_ip_on_launch": false,
            "outpost_arn": "",
            "owner_id": "690049365056",
            "private_dns_hostname_type_on_launch": "ip-name",
            "tags": {
              "Name": "GitLab Private Subnet-us-east-1b",
              "Project": "RDT_CDO_AWS_Gitlab",
              "Terraform": "true"
            },
            "tags_all": {
              "Name": "GitLab Private Subnet-us-east-1b",
              "Project": "RDT_CDO_AWS_Gitlab",
              "Terraform": "true"
            },
            "timeouts": null,
            "vpc_id": "vpc-01215ec8629b1f5a5"
          },
          "sensitive_attributes": [],
          "private": "eyJlMmJmYjczMC1lY2FhLTExZTYtOGY4OC0zNDM2M2JjN2M0YzAiOnsiY3JlYXRlIjo2MDAwMDAwMDAwMDAsImRlbGV0ZSI6MTIwMDAwMDAwMDAwMH0sInNjaGVtYV92ZXJzaW9uIjoiMSJ9",
          "dependencies": [
            "aws_vpc.rdt_vpc",
            "data.aws_availability_zones.available"
          ]
        }
      ]
    },
    {
      "module": "module.networking",
      "mode": "managed",
      "type": "aws_subnet",
      "name": "public_subnet",
      "provider": "provider[\"registry.terraform.io/hashicorp/aws\"]",
      "instances": [
        {
          "index_key": 0,
          "schema_version": 1,
          "attributes": {
            "arn": "arn:aws:ec2:us-east-1:690049365056:subnet/subnet-01ef6325666d27e16",
            "assign_ipv6_address_on_creation": false,
            "availability_zone": "us-east-1a",
            "availability_zone_id": "use1-az4",
            "cidr_block": "10.4.10.0/24",
            "customer_owned_ipv4_pool": "",
            "enable_dns64": false,
            "enable_resource_name_dns_a_record_on_launch": false,
            "enable_resource_name_dns_aaaa_record_on_launch": false,
            "id": "subnet-01ef6325666d27e16",
            "ipv6_cidr_block": "",
            "ipv6_cidr_block_association_id": "",
            "ipv6_native": false,
            "map_customer_owned_ip_on_launch": false,
            "map_public_ip_on_launch": true,
            "outpost_arn": "",
            "owner_id": "690049365056",
            "private_dns_hostname_type_on_launch": "ip-name",
            "tags": {
              "Name": "GitLab Public Subnet-us-east-1a",
              "Project": "RDT_CDO_AWS_Gitlab",
              "Terraform": "true"
            },
            "tags_all": {
              "Name": "GitLab Public Subnet-us-east-1a",
              "Project": "RDT_CDO_AWS_Gitlab",
              "Terraform": "true"
            },
            "timeouts": null,
            "vpc_id": "vpc-01215ec8629b1f5a5"
          },
          "sensitive_attributes": [],
          "private": "eyJlMmJmYjczMC1lY2FhLTExZTYtOGY4OC0zNDM2M2JjN2M0YzAiOnsiY3JlYXRlIjo2MDAwMDAwMDAwMDAsImRlbGV0ZSI6MTIwMDAwMDAwMDAwMH0sInNjaGVtYV92ZXJzaW9uIjoiMSJ9",
          "dependencies": [
            "aws_vpc.rdt_vpc",
            "data.aws_availability_zones.available"
          ],
          "create_before_destroy": true
        },
        {
          "index_key": 1,
          "schema_version": 1,
          "attributes": {
            "arn": "arn:aws:ec2:us-east-1:690049365056:subnet/subnet-0e03d91ce404a738f",
            "assign_ipv6_address_on_creation": false,
            "availability_zone": "us-east-1b",
            "availability_zone_id": "use1-az6",
            "cidr_block": "10.4.11.0/24",
            "customer_owned_ipv4_pool": "",
            "enable_dns64": false,
            "enable_resource_name_dns_a_record_on_launch": false,
            "enable_resource_name_dns_aaaa_record_on_launch": false,
            "id": "subnet-0e03d91ce404a738f",
            "ipv6_cidr_block": "",
            "ipv6_cidr_block_association_id": "",
            "ipv6_native": false,
            "map_customer_owned_ip_on_launch": false,
            "map_public_ip_on_launch": true,
            "outpost_arn": "",
            "owner_id": "690049365056",
            "private_dns_hostname_type_on_launch": "ip-name",
            "tags": {
              "Name": "GitLab Public Subnet-us-east-1b",
              "Project": "RDT_CDO_AWS_Gitlab",
              "Terraform": "true"
            },
            "tags_all": {
              "Name": "GitLab Public Subnet-us-east-1b",
              "Project": "RDT_CDO_AWS_Gitlab",
              "Terraform": "true"
            },
            "timeouts": null,
            "vpc_id": "vpc-01215ec8629b1f5a5"
          },
          "sensitive_attributes": [],
          "private": "eyJlMmJmYjczMC1lY2FhLTExZTYtOGY4OC0zNDM2M2JjN2M0YzAiOnsiY3JlYXRlIjo2MDAwMDAwMDAwMDAsImRlbGV0ZSI6MTIwMDAwMDAwMDAwMH0sInNjaGVtYV92ZXJzaW9uIjoiMSJ9",
          "dependencies": [
            "aws_vpc.rdt_vpc",
            "data.aws_availability_zones.available"
          ],
          "create_before_destroy": true
        }
      ]
    }
  ]
}
